// !$*UTF8*$!
{
	archiveVersion = 1;
	classes = {
	};
	objectVersion = 46;
	objects = {

/* Begin PBXBuildFile section */
		0087D25512CD809F002CD69F /* CoreText.framework in Frameworks */ = {isa = PBXBuildFile; fileRef = 0087D25412CD809F002CD69F /* CoreText.framework */; };
		00CFDF6B1138442D0091E310 /* CoreGraphics.framework in Frameworks */ = {isa = PBXBuildFile; fileRef = 00CFDF6A1138442D0091E310 /* CoreGraphics.framework */; };
		C725E001121DAC8FFFFA18FF /* ImageIO.framework in Frameworks */ = {isa = PBXBuildFile; fileRef = 00CFDF6A1138442D0091FFFF /* ImageIO.framework */; };
		DDDDE001121DAC8FFFFADDDD /* MobileCoreServices.framework in Frameworks */ = {isa = PBXBuildFile; fileRef = DDDDDF6A1138442D0091DDDD /* MobileCoreServices.framework */; };
		1D60589F0D05DD5A006BFB54 /* Foundation.framework in Frameworks */ = {isa = PBXBuildFile; fileRef = 1D30AB110D05D00D00671497 /* Foundation.framework */; };
		1DF5F4E00D08C38300B7A737 /* UIKit.framework in Frameworks */ = {isa = PBXBuildFile; fileRef = 1DF5F4DF0D08C38300B7A737 /* UIKit.framework */; };
		28FD15000DC6FC520079059D /* OpenGLES.framework in Frameworks */ = {isa = PBXBuildFile; fileRef = 28FD14FF0DC6FC520079059D /* OpenGLES.framework */; };
		28FD15080DC6FC5B0079059D /* QuartzCore.framework in Frameworks */ = {isa = PBXBuildFile; fileRef = 28FD15070DC6FC5B0079059D /* QuartzCore.framework */; };
		C725DFFE121DAC7F00FA186B /* CoreMedia.framework in Frameworks */ = {isa = PBXBuildFile; fileRef = C727C02B121B400300192073 /* CoreMedia.framework */; settings = {
	ATTRIBUTES = (
		Weak,
	);
}; };
		C725E001121DAC8F00FA186B /* AVFoundation.framework in Frameworks */ = {isa = PBXBuildFile; fileRef = C725E000121DAC8F00FA186B /* AVFoundation.framework */; settings = {
	ATTRIBUTES = (
		Weak,
	);
}; };
		C727C02E121B400300192073 /* CoreVideo.framework in Frameworks */ = {isa = PBXBuildFile; fileRef = C727C02D121B400300192073 /* CoreVideo.framework */; settings = {
	ATTRIBUTES = (
		Weak,
	);
}; };
		C7FB19D6124BC0D70045AFD2 /* AudioToolbox.framework in Frameworks */ = {isa = PBXBuildFile; fileRef = C7FB19D5124BC0D70045AFD2 /* AudioToolbox.framework */; };
		00748058165D41390024B57A /* assets in Resources */ = {isa = PBXBuildFile; fileRef = 00748057165D41390024B57A /* assets */; };
		B1E6B84C40BB438983E5C159 /* Sandbox.cpp in Sources */ = {isa = PBXBuildFile; fileRef = E701A391832049F39877152D /* Sandbox.cpp */; };
		4EE84844A2BF444CBF302C82 /* Box2DRenderer.cpp in Sources */ = {isa = PBXBuildFile; fileRef = 73322124393548329329FF1D /* Box2DRenderer.cpp */; };
		938DD6BA597940FDA3CE942F /* Box2DMouseJointer.cpp in Sources */ = {isa = PBXBuildFile; fileRef = F0C4003A1B214695BAFCEC39 /* Box2DMouseJointer.cpp */; };
		ADC4B4007C31454DB6B85FF6 /* sansumbrella.h in Headers */ = {isa = PBXBuildFile; fileRef = 4F4DFEE227C0418C8028F851 /* sansumbrella.h */; };
		1ABA2D43110B48C7ACA0C11B /* Sandbox.h in Headers */ = {isa = PBXBuildFile; fileRef = 21F44300B0764CDB8FDF2B5E /* Sandbox.h */; };
		8F5DD41A00F24DE48C44587E /* Box2DRenderer.h in Headers */ = {isa = PBXBuildFile; fileRef = 04AA92043D47418583909804 /* Box2DRenderer.h */; };
		F8C0DDA0D7F0414EB13DAA3B /* Box2DMouseJointer.h in Headers */ = {isa = PBXBuildFile; fileRef = 47561624376B41F790E4E37F /* Box2DMouseJointer.h */; };
		6E49DC71AF434F0FB2A3A67C /* Box2d.h in Headers */ = {isa = PBXBuildFile; fileRef = 068BE642DAF04B50868D96C0 /* Box2d.h */; };
		35A0C60604534167B75CA3AB /* b2Rope.h in Headers */ = {isa = PBXBuildFile; fileRef = 452A4C8FD06E4420A3474A44 /* b2Rope.h */; };
		E2B90C696A9E45CBAE6753B3 /* b2Rope.cpp in Sources */ = {isa = PBXBuildFile; fileRef = 9A755F2C314B4784ACB618CC /* b2Rope.cpp */; };
		2B4A7468FF7B486D8952C521 /* b2WheelJoint.h in Headers */ = {isa = PBXBuildFile; fileRef = 0F1B707B40924BAA9FD0BA7F /* b2WheelJoint.h */; };
		B5A19A5BEAC3409DB2A6C32E /* b2WeldJoint.h in Headers */ = {isa = PBXBuildFile; fileRef = 3B16A7E9466947FF96B405EB /* b2WeldJoint.h */; };
		81C6AE33E85C464A9A57F148 /* b2RopeJoint.h in Headers */ = {isa = PBXBuildFile; fileRef = 229AE8563E0A429AA20A18AA /* b2RopeJoint.h */; };
		91AFAAA92BF44B7AB59572E7 /* b2RevoluteJoint.h in Headers */ = {isa = PBXBuildFile; fileRef = 8EA0D2FE8B804080A2F6641D /* b2RevoluteJoint.h */; };
		CB52271B90874D3898113839 /* b2PulleyJoint.h in Headers */ = {isa = PBXBuildFile; fileRef = AEE4F67F6C1F41F4A1748337 /* b2PulleyJoint.h */; };
		1F91C90AF5304BF2A7529175 /* b2PrismaticJoint.h in Headers */ = {isa = PBXBuildFile; fileRef = 7F2580C0B7DF4E76ADAC2666 /* b2PrismaticJoint.h */; };
		98B2174AA014466E8AA4833D /* b2MouseJoint.h in Headers */ = {isa = PBXBuildFile; fileRef = 2A164251B975446383BB7A92 /* b2MouseJoint.h */; };
		A397CCB3F50241AB86C211B0 /* b2Joint.h in Headers */ = {isa = PBXBuildFile; fileRef = B4CCED141CBC40ED8E113DF2 /* b2Joint.h */; };
		E5A6C1DE75874B40B1A10B26 /* b2GearJoint.h in Headers */ = {isa = PBXBuildFile; fileRef = 6A7BF727D8524055A658CA02 /* b2GearJoint.h */; };
		9FC673701A274BF2BB573E60 /* b2FrictionJoint.h in Headers */ = {isa = PBXBuildFile; fileRef = 1493188E02AD4ADFB875F0DF /* b2FrictionJoint.h */; };
		9452E386529A4FE5956C2402 /* b2DistanceJoint.h in Headers */ = {isa = PBXBuildFile; fileRef = 20E0A7EB6484401188F0ED33 /* b2DistanceJoint.h */; };
		F439EF2C54384976A96EEB28 /* b2WheelJoint.cpp in Sources */ = {isa = PBXBuildFile; fileRef = 32C2ECD266F246BEB28EFBA5 /* b2WheelJoint.cpp */; };
		AA22A9A04F874626A87B0205 /* b2WeldJoint.cpp in Sources */ = {isa = PBXBuildFile; fileRef = 6777BFD7EDD44CB78C751F1C /* b2WeldJoint.cpp */; };
		E52319F3712E47B7B7B3BA6E /* b2RopeJoint.cpp in Sources */ = {isa = PBXBuildFile; fileRef = B8E8EC0B64A64CBFA1E724EF /* b2RopeJoint.cpp */; };
		70C5F58710A04E008533AE9C /* b2RevoluteJoint.cpp in Sources */ = {isa = PBXBuildFile; fileRef = B2D4BEAF4F7E40F1AA745D10 /* b2RevoluteJoint.cpp */; };
		5D1FCC1AF2214735AC5CDA37 /* b2PulleyJoint.cpp in Sources */ = {isa = PBXBuildFile; fileRef = 910C243606224B22A39FF0F0 /* b2PulleyJoint.cpp */; };
		8ECCAF0F2877430197D1BDF6 /* b2PrismaticJoint.cpp in Sources */ = {isa = PBXBuildFile; fileRef = 0B20AFA86B114129BC44B2E8 /* b2PrismaticJoint.cpp */; };
		A5FCA1692F224CB4B58F2649 /* b2MouseJoint.cpp in Sources */ = {isa = PBXBuildFile; fileRef = 5DC3C2CA11D84FAAA6A2C60C /* b2MouseJoint.cpp */; };
		5A21E98FA8E647E7ABB8299E /* b2Joint.cpp in Sources */ = {isa = PBXBuildFile; fileRef = DE5EE07CE3A041398A5AA3A0 /* b2Joint.cpp */; };
		5E0AA4C050004EED9D099F1F /* b2GearJoint.cpp in Sources */ = {isa = PBXBuildFile; fileRef = EDDADAB3B1BF49C98F1646D9 /* b2GearJoint.cpp */; };
		A28A10E214414BE98646A578 /* b2FrictionJoint.cpp in Sources */ = {isa = PBXBuildFile; fileRef = B3B4F310F430496793095083 /* b2FrictionJoint.cpp */; };
		221D5394BE0A4865B805C87F /* b2DistanceJoint.cpp in Sources */ = {isa = PBXBuildFile; fileRef = 7938E2E344AD460E8F644E56 /* b2DistanceJoint.cpp */; };
		F3FB8C0AAD8A40018002BB06 /* b2PolygonContact.h in Headers */ = {isa = PBXBuildFile; fileRef = 7F4D059AC7D24C02965078BE /* b2PolygonContact.h */; };
		76B56C108C3E4B818E12A937 /* b2PolygonAndCircleContact.h in Headers */ = {isa = PBXBuildFile; fileRef = 5B7A44E40254441A88E051E6 /* b2PolygonAndCircleContact.h */; };
		A57ACD48864A48B6A6BF616C /* b2EdgeAndPolygonContact.h in Headers */ = {isa = PBXBuildFile; fileRef = 2981CA7827894CAAA51BFA4F /* b2EdgeAndPolygonContact.h */; };
		B7415AE1C5FD4F088F87E081 /* b2EdgeAndCircleContact.h in Headers */ = {isa = PBXBuildFile; fileRef = 43175F2EAB574531B92289C4 /* b2EdgeAndCircleContact.h */; };
		EF0AF04BD3C04DA2B10E9BBC /* b2ContactSolver.h in Headers */ = {isa = PBXBuildFile; fileRef = 3FF53B0D652845E99D96F023 /* b2ContactSolver.h */; };
		EDAE733EED924B53A3049C7E /* b2Contact.h in Headers */ = {isa = PBXBuildFile; fileRef = 6E7896F5BD1C4094B18B0C93 /* b2Contact.h */; };
		AAB010516C0348389F820B58 /* b2CircleContact.h in Headers */ = {isa = PBXBuildFile; fileRef = 5178EE298AC34EE9B39266A6 /* b2CircleContact.h */; };
		4C592764AE634A96BB2F7027 /* b2ChainAndPolygonContact.h in Headers */ = {isa = PBXBuildFile; fileRef = ECF3B0EE01704D968B2EF209 /* b2ChainAndPolygonContact.h */; };
		29B1A5027905454589A37AA8 /* b2ChainAndCircleContact.h in Headers */ = {isa = PBXBuildFile; fileRef = FCABE67D5D7D4E56B737CF71 /* b2ChainAndCircleContact.h */; };
		69E39BCCDD3B4479BB61B0FA /* b2PolygonContact.cpp in Sources */ = {isa = PBXBuildFile; fileRef = DBA0D006A63E4788A51B44D1 /* b2PolygonContact.cpp */; };
		77349CC2FC0840898730A04A /* b2PolygonAndCircleContact.cpp in Sources */ = {isa = PBXBuildFile; fileRef = 12AA8EB659884B2A80A50827 /* b2PolygonAndCircleContact.cpp */; };
		192E8F47311D48BE873A32EB /* b2EdgeAndPolygonContact.cpp in Sources */ = {isa = PBXBuildFile; fileRef = 4C9AB0A09F79413EB92E35AE /* b2EdgeAndPolygonContact.cpp */; };
		F02DCFE2642F4D79A0BE1036 /* b2EdgeAndCircleContact.cpp in Sources */ = {isa = PBXBuildFile; fileRef = 3B99E05667E14FAF880C29C2 /* b2EdgeAndCircleContact.cpp */; };
		09F2E1F0306743BF8F8AFA64 /* b2ContactSolver.cpp in Sources */ = {isa = PBXBuildFile; fileRef = BDDD8B3AD2A44757A6F69F2F /* b2ContactSolver.cpp */; };
		939D8D14D26F47449788E9B1 /* b2Contact.cpp in Sources */ = {isa = PBXBuildFile; fileRef = 8051A1381D95426EB81940F9 /* b2Contact.cpp */; };
		14148197BAB24727A7F678AB /* b2CircleContact.cpp in Sources */ = {isa = PBXBuildFile; fileRef = 98D536DE7C3C44D1BCD91B11 /* b2CircleContact.cpp */; };
		C2611AAE7B65496AB1CE5273 /* b2ChainAndPolygonContact.cpp in Sources */ = {isa = PBXBuildFile; fileRef = 0D9379FFCD424B8FA2D99A82 /* b2ChainAndPolygonContact.cpp */; };
		89DCC32F86204D47B12F4E4B /* b2ChainAndCircleContact.cpp in Sources */ = {isa = PBXBuildFile; fileRef = D15CE93C3E984A9F8EBB24C8 /* b2ChainAndCircleContact.cpp */; };
		A80FBBE6E02E4B54AE617A6B /* b2WorldCallbacks.h in Headers */ = {isa = PBXBuildFile; fileRef = 40C38852EC9A47A09A688BE1 /* b2WorldCallbacks.h */; };
		641625F3F03C4BD6BCF49AA6 /* b2World.h in Headers */ = {isa = PBXBuildFile; fileRef = 0FA551A2ED964FD192E2BE47 /* b2World.h */; };
		BC016E28CD3E49258C849ADE /* b2TimeStep.h in Headers */ = {isa = PBXBuildFile; fileRef = B77A52CE12734680B9E4D7B8 /* b2TimeStep.h */; };
		84875495E42A48FCBB8B3E34 /* b2Island.h in Headers */ = {isa = PBXBuildFile; fileRef = A68B6CA90AAE49AC9359BD05 /* b2Island.h */; };
		32AD23DF9D1C4C1C9DBE3628 /* b2Fixture.h in Headers */ = {isa = PBXBuildFile; fileRef = 0CDBA775F9504503A6C27AA5 /* b2Fixture.h */; };
		079B64F73FB547BF86320070 /* b2ContactManager.h in Headers */ = {isa = PBXBuildFile; fileRef = 587E20E4BA13472D935DC1AC /* b2ContactManager.h */; };
		B8CD96E2F9E04647A863F6B9 /* b2Body.h in Headers */ = {isa = PBXBuildFile; fileRef = 9588850D1DD1495D9A45887C /* b2Body.h */; };
		0ED80B13DCCB4BB7809F0B8B /* b2WorldCallbacks.cpp in Sources */ = {isa = PBXBuildFile; fileRef = D7033669AA08459BB4EE203A /* b2WorldCallbacks.cpp */; };
		EBC6D12F1C934A0FA59D78F5 /* b2World.cpp in Sources */ = {isa = PBXBuildFile; fileRef = 1460329F03774455B3E1B77D /* b2World.cpp */; };
		9438DC773CCC435F9CCC4D5F /* b2Island.cpp in Sources */ = {isa = PBXBuildFile; fileRef = F697A4CACE1C49F789024310 /* b2Island.cpp */; };
		931F62AE837F414297552668 /* b2Fixture.cpp in Sources */ = {isa = PBXBuildFile; fileRef = C3EDEB563A144617920575EE /* b2Fixture.cpp */; };
		C5A8154A5698425E9A8081FA /* b2ContactManager.cpp in Sources */ = {isa = PBXBuildFile; fileRef = ED9EAFBA27244325B057D7BD /* b2ContactManager.cpp */; };
		C55FA5D3B61D453D835B2B58 /* b2Body.cpp in Sources */ = {isa = PBXBuildFile; fileRef = A6BBE9264B00415EAAC1A712 /* b2Body.cpp */; };
		A4D38B51ED04488CB497CED4 /* b2Timer.h in Headers */ = {isa = PBXBuildFile; fileRef = DC3AE528E6D44ABAAB98BBEF /* b2Timer.h */; };
		67FB75E2B2FD4D36997ECA29 /* b2StackAllocator.h in Headers */ = {isa = PBXBuildFile; fileRef = DA65AB33911A452097F4DCD3 /* b2StackAllocator.h */; };
		2289B689A105467B84CF57C2 /* b2Settings.h in Headers */ = {isa = PBXBuildFile; fileRef = 0156A974B64C4ACD810A6BB2 /* b2Settings.h */; };
		8DCA4167B2C74D22AD623DAD /* b2Math.h in Headers */ = {isa = PBXBuildFile; fileRef = 19F067DA088D47FDB9A5C213 /* b2Math.h */; };
		19FA3CA9A2F24E71A7308E5B /* b2GrowableStack.h in Headers */ = {isa = PBXBuildFile; fileRef = BA6A0EF337D84A6DB4149040 /* b2GrowableStack.h */; };
		A99BF33440DB4C98BE9B8698 /* b2Draw.h in Headers */ = {isa = PBXBuildFile; fileRef = A929A06CF331409285F37491 /* b2Draw.h */; };
		0A08F29E75454B57954FC358 /* b2BlockAllocator.h in Headers */ = {isa = PBXBuildFile; fileRef = ED2C8282347A4505B4C24D36 /* b2BlockAllocator.h */; };
		A00B8A96173A42988B002799 /* b2Timer.cpp in Sources */ = {isa = PBXBuildFile; fileRef = 95BFC51B14544F7086902F64 /* b2Timer.cpp */; };
		FAD47DAF2CA34108B599FCCE /* b2StackAllocator.cpp in Sources */ = {isa = PBXBuildFile; fileRef = 9087CD9E197643989B89AFCF /* b2StackAllocator.cpp */; };
		22665F277A064DD6900A9909 /* b2Settings.cpp in Sources */ = {isa = PBXBuildFile; fileRef = 034316A58EC8468D9C96C6B5 /* b2Settings.cpp */; };
		90195B04E5A045FE99DA812A /* b2Math.cpp in Sources */ = {isa = PBXBuildFile; fileRef = 4CD78FFABF42480A80D20E4F /* b2Math.cpp */; };
		01621600E1734EB985C5C49C /* b2Draw.cpp in Sources */ = {isa = PBXBuildFile; fileRef = 9DFADC61674142D58D24142C /* b2Draw.cpp */; };
		8AB12020700F406497A2C0E7 /* b2BlockAllocator.cpp in Sources */ = {isa = PBXBuildFile; fileRef = B62DF953A6AB4A6397520E19 /* b2BlockAllocator.cpp */; };
		2EA86F7E80454647B5598CA9 /* b2Shape.h in Headers */ = {isa = PBXBuildFile; fileRef = 06C1E096E258415091D7FF5D /* b2Shape.h */; };
		BEFB27D728B6400185A91EA5 /* b2PolygonShape.h in Headers */ = {isa = PBXBuildFile; fileRef = 969D4C892F97400E99AACCD2 /* b2PolygonShape.h */; };
		973130121D294C1A8264834D /* b2EdgeShape.h in Headers */ = {isa = PBXBuildFile; fileRef = C2F5BEF56269486E8C1316D2 /* b2EdgeShape.h */; };
		40F04CF2F18A4FFF99427F96 /* b2CircleShape.h in Headers */ = {isa = PBXBuildFile; fileRef = 175F2F27CBF24DD8B98C44C3 /* b2CircleShape.h */; };
		7300361562294ABFA5BDB548 /* b2ChainShape.h in Headers */ = {isa = PBXBuildFile; fileRef = 37FC3D0ED10F4371A2436AC2 /* b2ChainShape.h */; };
		9AB069FFD4354A76B1D0D4E3 /* b2PolygonShape.cpp in Sources */ = {isa = PBXBuildFile; fileRef = 29CC78919E944DC486EFBCCF /* b2PolygonShape.cpp */; };
		5F0A8F8B4DA94070816A14B6 /* b2EdgeShape.cpp in Sources */ = {isa = PBXBuildFile; fileRef = 6054B127BDB5492D903DDE38 /* b2EdgeShape.cpp */; };
		8035C977C0D54C149AD5DF20 /* b2CircleShape.cpp in Sources */ = {isa = PBXBuildFile; fileRef = A32D8133753E4410934EC848 /* b2CircleShape.cpp */; };
		6611FE1F0E0947268CF4C703 /* b2ChainShape.cpp in Sources */ = {isa = PBXBuildFile; fileRef = 0678829553D0434694FEFC8F /* b2ChainShape.cpp */; };
		FCA27BA353444E0987068CA2 /* b2TimeOfImpact.h in Headers */ = {isa = PBXBuildFile; fileRef = 5E2741D36DC74F31BC6F3874 /* b2TimeOfImpact.h */; };
		9A9C21DA0EC1446CBA7427E1 /* b2DynamicTree.h in Headers */ = {isa = PBXBuildFile; fileRef = 761FA29FEB974BDF8F029D21 /* b2DynamicTree.h */; };
		742A91EC840F4468B83E1CC3 /* b2Distance.h in Headers */ = {isa = PBXBuildFile; fileRef = 1090BEF3BDEA4101B64C1EA0 /* b2Distance.h */; };
		746C70340FE44284A7D2BFD2 /* b2Collision.h in Headers */ = {isa = PBXBuildFile; fileRef = 88C93992795E4A2985314417 /* b2Collision.h */; };
		F021B04CE7B14C26A653D199 /* b2BroadPhase.h in Headers */ = {isa = PBXBuildFile; fileRef = 8F64A788293F4D53849AC235 /* b2BroadPhase.h */; };
		B422C15665AF4C67A35480CC /* b2TimeOfImpact.cpp in Sources */ = {isa = PBXBuildFile; fileRef = 8E4B6E77DFC2434AA988D395 /* b2TimeOfImpact.cpp */; };
		D744F484806D446A8B004DB0 /* b2DynamicTree.cpp in Sources */ = {isa = PBXBuildFile; fileRef = D509BF7EEC1E4BF89F1CB689 /* b2DynamicTree.cpp */; };
		B13FEDB3C2DD4E7BAA07F5FA /* b2Distance.cpp in Sources */ = {isa = PBXBuildFile; fileRef = 5610225668A747AE9334FA84 /* b2Distance.cpp */; };
		1BA0AB7D94454D96B9F5759E /* b2Collision.cpp in Sources */ = {isa = PBXBuildFile; fileRef = C05C15F4CB4547839176C9A0 /* b2Collision.cpp */; };
		37E28402D62E47C6B43E6A83 /* b2CollidePolygon.cpp in Sources */ = {isa = PBXBuildFile; fileRef = B7EF7074E9E84911B79EC9B4 /* b2CollidePolygon.cpp */; };
		34211B49BFEC435881136DAA /* b2CollideEdge.cpp in Sources */ = {isa = PBXBuildFile; fileRef = 0C8F4160D58D432AA7F9094A /* b2CollideEdge.cpp */; };
		21DECDF99556487FB7D1A243 /* b2CollideCircle.cpp in Sources */ = {isa = PBXBuildFile; fileRef = 38ECC5C8DBAA4BA28B35B76A /* b2CollideCircle.cpp */; };
		CF4BB9B2527C48BA8B3E8D93 /* b2BroadPhase.cpp in Sources */ = {isa = PBXBuildFile; fileRef = 521DC853FB5F4AB8AF0EC571 /* b2BroadPhase.cpp */; };
		5306EA9F59C741B388F9D1ED /* DrawingApp.cpp in Sources */ = {isa = PBXBuildFile; fileRef = 85526C7C15E340798234A548 /* DrawingApp.cpp */; };
		AE62478BEF9B49559397DDE6 /* Drawing_Prefix.pch in Headers */ = {isa = PBXBuildFile; fileRef = 1D6B825225FF4808946172A1 /* Drawing_Prefix.pch */; };
		8C74F4CDA8F54333B326CC2C /* Default-568h@2x.png in Resources */ = {isa = PBXBuildFile; fileRef = 216D99EF82CD4D3F980171B7 /* Default-568h@2x.png */; };
		F777926DE39244058D0D8DC7 /* CinderApp_ios.png in Resources */ = {isa = PBXBuildFile; fileRef = ABA31123831A430F995CE210 /* CinderApp_ios.png */; };
		72EDCC095383465DB952BE7A /* Resources.h in Headers */ = {isa = PBXBuildFile; fileRef = 69436F85F75C4B19B8C797E1 /* Resources.h */; };
/* End PBXBuildFile section */

/* Begin PBXFileReference section */
		00692BCF14FF149000D0A05E /* Drawing.app */ = {isa = PBXFileReference; explicitFileType = wrapper.application; includeInIndex = 0; path = Drawing.app; sourceTree = BUILT_PRODUCTS_DIR; };
		0087D25412CD809F002CD69F /* CoreText.framework */ = {isa = PBXFileReference; lastKnownFileType = wrapper.framework; name = CoreText.framework; path = System/Library/Frameworks/CoreText.framework; sourceTree = SDKROOT; };
		00CFDF6A1138442D0091E310 /* CoreGraphics.framework */ = {isa = PBXFileReference; lastKnownFileType = wrapper.framework; name = CoreGraphics.framework; path = System/Library/Frameworks/CoreGraphics.framework; sourceTree = SDKROOT; };
		00CFDF6A1138442D0091FFFF /* ImageIO.framework */ = {isa = PBXFileReference; lastKnownFileType = wrapper.framework; name = ImageIO.framework; path = System/Library/Frameworks/ImageIO.framework; sourceTree = SDKROOT; };
		DDDDDF6A1138442D0091DDDD /* MobileCoreServices.framework */ = {isa = PBXFileReference; lastKnownFileType = wrapper.framework; name = MobileCoreServices.framework; path = System/Library/Frameworks/MobileCoreServices.framework; sourceTree = SDKROOT; };
		1D30AB110D05D00D00671497 /* Foundation.framework */ = {isa = PBXFileReference; lastKnownFileType = wrapper.framework; name = Foundation.framework; path = System/Library/Frameworks/Foundation.framework; sourceTree = SDKROOT; };
		1DF5F4DF0D08C38300B7A737 /* UIKit.framework */ = {isa = PBXFileReference; lastKnownFileType = wrapper.framework; name = UIKit.framework; path = System/Library/Frameworks/UIKit.framework; sourceTree = SDKROOT; };
		28FD14FF0DC6FC520079059D /* OpenGLES.framework */ = {isa = PBXFileReference; lastKnownFileType = wrapper.framework; name = OpenGLES.framework; path = System/Library/Frameworks/OpenGLES.framework; sourceTree = SDKROOT; };
		28FD15070DC6FC5B0079059D /* QuartzCore.framework */ = {isa = PBXFileReference; lastKnownFileType = wrapper.framework; name = QuartzCore.framework; path = System/Library/Frameworks/QuartzCore.framework; sourceTree = SDKROOT; };
		C725E000121DAC8F00FA186B /* AVFoundation.framework */ = {isa = PBXFileReference; lastKnownFileType = wrapper.framework; name = AVFoundation.framework; path = System/Library/Frameworks/AVFoundation.framework; sourceTree = SDKROOT; };
		C727C02B121B400300192073 /* CoreMedia.framework */ = {isa = PBXFileReference; lastKnownFileType = wrapper.framework; name = CoreMedia.framework; path = System/Library/Frameworks/CoreMedia.framework; sourceTree = SDKROOT; };
		C727C02D121B400300192073 /* CoreVideo.framework */ = {isa = PBXFileReference; lastKnownFileType = wrapper.framework; name = CoreVideo.framework; path = System/Library/Frameworks/CoreVideo.framework; sourceTree = SDKROOT; };
		C7FB19D5124BC0D70045AFD2 /* AudioToolbox.framework */ = {isa = PBXFileReference; lastKnownFileType = wrapper.framework; name = AudioToolbox.framework; path = System/Library/Frameworks/AudioToolbox.framework; sourceTree = SDKROOT; };
		00748057165D41390024B57A /* assets */ = {isa = PBXFileReference; lastKnownFileType = folder; name = assets; path = ../assets; sourceTree = "<group>"; };
		69436F85F75C4B19B8C797E1 /* Resources.h */ = {isa = PBXFileReference; lastKnownFileType = sourcecode.c.h; path = ../include/Resources.h; sourceTree = "<group>"; name = Resources.h; };
		ABA31123831A430F995CE210 /* CinderApp_ios.png */ = {isa = PBXFileReference; lastKnownFileType = "\"\""; path = ../resources/CinderApp_ios.png; sourceTree = "<group>"; name = CinderApp_ios.png; };
		216D99EF82CD4D3F980171B7 /* Default-568h@2x.png */ = {isa = PBXFileReference; lastKnownFileType = "\"\""; path = "Default-568h@2x.png"; sourceTree = "<group>"; name = "Default-568h@2x.png"; };
		DE865CB35B0D4D54B3F49CDD /* Info.plist */ = {isa = PBXFileReference; lastKnownFileType = text.plist.xml; path = Info.plist; sourceTree = "<group>"; name = Info.plist; };
		1D6B825225FF4808946172A1 /* Drawing_Prefix.pch */ = {isa = PBXFileReference; lastKnownFileType = "\"\""; path = Drawing_Prefix.pch; sourceTree = "<group>"; name = Drawing_Prefix.pch; };
		85526C7C15E340798234A548 /* DrawingApp.cpp */ = {isa = PBXFileReference; lastKnownFileType = sourcecode.c.cpp; path = ../src/DrawingApp.cpp; sourceTree = "<group>"; name = DrawingApp.cpp; };
		521DC853FB5F4AB8AF0EC571 /* b2BroadPhase.cpp */ = {isa = PBXFileReference; lastKnownFileType = sourcecode.c.cpp; path = ../../../src/Box2D/Collision/b2BroadPhase.cpp; sourceTree = "<group>"; name = b2BroadPhase.cpp; };
		38ECC5C8DBAA4BA28B35B76A /* b2CollideCircle.cpp */ = {isa = PBXFileReference; lastKnownFileType = sourcecode.c.cpp; path = ../../../src/Box2D/Collision/b2CollideCircle.cpp; sourceTree = "<group>"; name = b2CollideCircle.cpp; };
		0C8F4160D58D432AA7F9094A /* b2CollideEdge.cpp */ = {isa = PBXFileReference; lastKnownFileType = sourcecode.c.cpp; path = ../../../src/Box2D/Collision/b2CollideEdge.cpp; sourceTree = "<group>"; name = b2CollideEdge.cpp; };
		B7EF7074E9E84911B79EC9B4 /* b2CollidePolygon.cpp */ = {isa = PBXFileReference; lastKnownFileType = sourcecode.c.cpp; path = ../../../src/Box2D/Collision/b2CollidePolygon.cpp; sourceTree = "<group>"; name = b2CollidePolygon.cpp; };
		C05C15F4CB4547839176C9A0 /* b2Collision.cpp */ = {isa = PBXFileReference; lastKnownFileType = sourcecode.c.cpp; path = ../../../src/Box2D/Collision/b2Collision.cpp; sourceTree = "<group>"; name = b2Collision.cpp; };
		5610225668A747AE9334FA84 /* b2Distance.cpp */ = {isa = PBXFileReference; lastKnownFileType = sourcecode.c.cpp; path = ../../../src/Box2D/Collision/b2Distance.cpp; sourceTree = "<group>"; name = b2Distance.cpp; };
		D509BF7EEC1E4BF89F1CB689 /* b2DynamicTree.cpp */ = {isa = PBXFileReference; lastKnownFileType = sourcecode.c.cpp; path = ../../../src/Box2D/Collision/b2DynamicTree.cpp; sourceTree = "<group>"; name = b2DynamicTree.cpp; };
		8E4B6E77DFC2434AA988D395 /* b2TimeOfImpact.cpp */ = {isa = PBXFileReference; lastKnownFileType = sourcecode.c.cpp; path = ../../../src/Box2D/Collision/b2TimeOfImpact.cpp; sourceTree = "<group>"; name = b2TimeOfImpact.cpp; };
		8F64A788293F4D53849AC235 /* b2BroadPhase.h */ = {isa = PBXFileReference; lastKnownFileType = sourcecode.c.h; path = ../../../src/Box2D/Collision/b2BroadPhase.h; sourceTree = "<group>"; name = b2BroadPhase.h; };
		88C93992795E4A2985314417 /* b2Collision.h */ = {isa = PBXFileReference; lastKnownFileType = sourcecode.c.h; path = ../../../src/Box2D/Collision/b2Collision.h; sourceTree = "<group>"; name = b2Collision.h; };
		1090BEF3BDEA4101B64C1EA0 /* b2Distance.h */ = {isa = PBXFileReference; lastKnownFileType = sourcecode.c.h; path = ../../../src/Box2D/Collision/b2Distance.h; sourceTree = "<group>"; name = b2Distance.h; };
		761FA29FEB974BDF8F029D21 /* b2DynamicTree.h */ = {isa = PBXFileReference; lastKnownFileType = sourcecode.c.h; path = ../../../src/Box2D/Collision/b2DynamicTree.h; sourceTree = "<group>"; name = b2DynamicTree.h; };
		5E2741D36DC74F31BC6F3874 /* b2TimeOfImpact.h */ = {isa = PBXFileReference; lastKnownFileType = sourcecode.c.h; path = ../../../src/Box2D/Collision/b2TimeOfImpact.h; sourceTree = "<group>"; name = b2TimeOfImpact.h; };
		0678829553D0434694FEFC8F /* b2ChainShape.cpp */ = {isa = PBXFileReference; lastKnownFileType = sourcecode.c.cpp; path = ../../../src/Box2D/Collision/Shapes/b2ChainShape.cpp; sourceTree = "<group>"; name = b2ChainShape.cpp; };
		A32D8133753E4410934EC848 /* b2CircleShape.cpp */ = {isa = PBXFileReference; lastKnownFileType = sourcecode.c.cpp; path = ../../../src/Box2D/Collision/Shapes/b2CircleShape.cpp; sourceTree = "<group>"; name = b2CircleShape.cpp; };
		6054B127BDB5492D903DDE38 /* b2EdgeShape.cpp */ = {isa = PBXFileReference; lastKnownFileType = sourcecode.c.cpp; path = ../../../src/Box2D/Collision/Shapes/b2EdgeShape.cpp; sourceTree = "<group>"; name = b2EdgeShape.cpp; };
		29CC78919E944DC486EFBCCF /* b2PolygonShape.cpp */ = {isa = PBXFileReference; lastKnownFileType = sourcecode.c.cpp; path = ../../../src/Box2D/Collision/Shapes/b2PolygonShape.cpp; sourceTree = "<group>"; name = b2PolygonShape.cpp; };
		37FC3D0ED10F4371A2436AC2 /* b2ChainShape.h */ = {isa = PBXFileReference; lastKnownFileType = sourcecode.c.h; path = ../../../src/Box2D/Collision/Shapes/b2ChainShape.h; sourceTree = "<group>"; name = b2ChainShape.h; };
		175F2F27CBF24DD8B98C44C3 /* b2CircleShape.h */ = {isa = PBXFileReference; lastKnownFileType = sourcecode.c.h; path = ../../../src/Box2D/Collision/Shapes/b2CircleShape.h; sourceTree = "<group>"; name = b2CircleShape.h; };
		C2F5BEF56269486E8C1316D2 /* b2EdgeShape.h */ = {isa = PBXFileReference; lastKnownFileType = sourcecode.c.h; path = ../../../src/Box2D/Collision/Shapes/b2EdgeShape.h; sourceTree = "<group>"; name = b2EdgeShape.h; };
		969D4C892F97400E99AACCD2 /* b2PolygonShape.h */ = {isa = PBXFileReference; lastKnownFileType = sourcecode.c.h; path = ../../../src/Box2D/Collision/Shapes/b2PolygonShape.h; sourceTree = "<group>"; name = b2PolygonShape.h; };
		06C1E096E258415091D7FF5D /* b2Shape.h */ = {isa = PBXFileReference; lastKnownFileType = sourcecode.c.h; path = ../../../src/Box2D/Collision/Shapes/b2Shape.h; sourceTree = "<group>"; name = b2Shape.h; };
		B62DF953A6AB4A6397520E19 /* b2BlockAllocator.cpp */ = {isa = PBXFileReference; lastKnownFileType = sourcecode.c.cpp; path = ../../../src/Box2D/Common/b2BlockAllocator.cpp; sourceTree = "<group>"; name = b2BlockAllocator.cpp; };
		9DFADC61674142D58D24142C /* b2Draw.cpp */ = {isa = PBXFileReference; lastKnownFileType = sourcecode.c.cpp; path = ../../../src/Box2D/Common/b2Draw.cpp; sourceTree = "<group>"; name = b2Draw.cpp; };
		4CD78FFABF42480A80D20E4F /* b2Math.cpp */ = {isa = PBXFileReference; lastKnownFileType = sourcecode.c.cpp; path = ../../../src/Box2D/Common/b2Math.cpp; sourceTree = "<group>"; name = b2Math.cpp; };
		034316A58EC8468D9C96C6B5 /* b2Settings.cpp */ = {isa = PBXFileReference; lastKnownFileType = sourcecode.c.cpp; path = ../../../src/Box2D/Common/b2Settings.cpp; sourceTree = "<group>"; name = b2Settings.cpp; };
		9087CD9E197643989B89AFCF /* b2StackAllocator.cpp */ = {isa = PBXFileReference; lastKnownFileType = sourcecode.c.cpp; path = ../../../src/Box2D/Common/b2StackAllocator.cpp; sourceTree = "<group>"; name = b2StackAllocator.cpp; };
		95BFC51B14544F7086902F64 /* b2Timer.cpp */ = {isa = PBXFileReference; lastKnownFileType = sourcecode.c.cpp; path = ../../../src/Box2D/Common/b2Timer.cpp; sourceTree = "<group>"; name = b2Timer.cpp; };
		ED2C8282347A4505B4C24D36 /* b2BlockAllocator.h */ = {isa = PBXFileReference; lastKnownFileType = sourcecode.c.h; path = ../../../src/Box2D/Common/b2BlockAllocator.h; sourceTree = "<group>"; name = b2BlockAllocator.h; };
		A929A06CF331409285F37491 /* b2Draw.h */ = {isa = PBXFileReference; lastKnownFileType = sourcecode.c.h; path = ../../../src/Box2D/Common/b2Draw.h; sourceTree = "<group>"; name = b2Draw.h; };
		BA6A0EF337D84A6DB4149040 /* b2GrowableStack.h */ = {isa = PBXFileReference; lastKnownFileType = sourcecode.c.h; path = ../../../src/Box2D/Common/b2GrowableStack.h; sourceTree = "<group>"; name = b2GrowableStack.h; };
		19F067DA088D47FDB9A5C213 /* b2Math.h */ = {isa = PBXFileReference; lastKnownFileType = sourcecode.c.h; path = ../../../src/Box2D/Common/b2Math.h; sourceTree = "<group>"; name = b2Math.h; };
		0156A974B64C4ACD810A6BB2 /* b2Settings.h */ = {isa = PBXFileReference; lastKnownFileType = sourcecode.c.h; path = ../../../src/Box2D/Common/b2Settings.h; sourceTree = "<group>"; name = b2Settings.h; };
		DA65AB33911A452097F4DCD3 /* b2StackAllocator.h */ = {isa = PBXFileReference; lastKnownFileType = sourcecode.c.h; path = ../../../src/Box2D/Common/b2StackAllocator.h; sourceTree = "<group>"; name = b2StackAllocator.h; };
		DC3AE528E6D44ABAAB98BBEF /* b2Timer.h */ = {isa = PBXFileReference; lastKnownFileType = sourcecode.c.h; path = ../../../src/Box2D/Common/b2Timer.h; sourceTree = "<group>"; name = b2Timer.h; };
		A6BBE9264B00415EAAC1A712 /* b2Body.cpp */ = {isa = PBXFileReference; lastKnownFileType = sourcecode.c.cpp; path = ../../../src/Box2D/Dynamics/b2Body.cpp; sourceTree = "<group>"; name = b2Body.cpp; };
		ED9EAFBA27244325B057D7BD /* b2ContactManager.cpp */ = {isa = PBXFileReference; lastKnownFileType = sourcecode.c.cpp; path = ../../../src/Box2D/Dynamics/b2ContactManager.cpp; sourceTree = "<group>"; name = b2ContactManager.cpp; };
		C3EDEB563A144617920575EE /* b2Fixture.cpp */ = {isa = PBXFileReference; lastKnownFileType = sourcecode.c.cpp; path = ../../../src/Box2D/Dynamics/b2Fixture.cpp; sourceTree = "<group>"; name = b2Fixture.cpp; };
		F697A4CACE1C49F789024310 /* b2Island.cpp */ = {isa = PBXFileReference; lastKnownFileType = sourcecode.c.cpp; path = ../../../src/Box2D/Dynamics/b2Island.cpp; sourceTree = "<group>"; name = b2Island.cpp; };
		1460329F03774455B3E1B77D /* b2World.cpp */ = {isa = PBXFileReference; lastKnownFileType = sourcecode.c.cpp; path = ../../../src/Box2D/Dynamics/b2World.cpp; sourceTree = "<group>"; name = b2World.cpp; };
		D7033669AA08459BB4EE203A /* b2WorldCallbacks.cpp */ = {isa = PBXFileReference; lastKnownFileType = sourcecode.c.cpp; path = ../../../src/Box2D/Dynamics/b2WorldCallbacks.cpp; sourceTree = "<group>"; name = b2WorldCallbacks.cpp; };
		9588850D1DD1495D9A45887C /* b2Body.h */ = {isa = PBXFileReference; lastKnownFileType = sourcecode.c.h; path = ../../../src/Box2D/Dynamics/b2Body.h; sourceTree = "<group>"; name = b2Body.h; };
		587E20E4BA13472D935DC1AC /* b2ContactManager.h */ = {isa = PBXFileReference; lastKnownFileType = sourcecode.c.h; path = ../../../src/Box2D/Dynamics/b2ContactManager.h; sourceTree = "<group>"; name = b2ContactManager.h; };
		0CDBA775F9504503A6C27AA5 /* b2Fixture.h */ = {isa = PBXFileReference; lastKnownFileType = sourcecode.c.h; path = ../../../src/Box2D/Dynamics/b2Fixture.h; sourceTree = "<group>"; name = b2Fixture.h; };
		A68B6CA90AAE49AC9359BD05 /* b2Island.h */ = {isa = PBXFileReference; lastKnownFileType = sourcecode.c.h; path = ../../../src/Box2D/Dynamics/b2Island.h; sourceTree = "<group>"; name = b2Island.h; };
		B77A52CE12734680B9E4D7B8 /* b2TimeStep.h */ = {isa = PBXFileReference; lastKnownFileType = sourcecode.c.h; path = ../../../src/Box2D/Dynamics/b2TimeStep.h; sourceTree = "<group>"; name = b2TimeStep.h; };
		0FA551A2ED964FD192E2BE47 /* b2World.h */ = {isa = PBXFileReference; lastKnownFileType = sourcecode.c.h; path = ../../../src/Box2D/Dynamics/b2World.h; sourceTree = "<group>"; name = b2World.h; };
		40C38852EC9A47A09A688BE1 /* b2WorldCallbacks.h */ = {isa = PBXFileReference; lastKnownFileType = sourcecode.c.h; path = ../../../src/Box2D/Dynamics/b2WorldCallbacks.h; sourceTree = "<group>"; name = b2WorldCallbacks.h; };
		D15CE93C3E984A9F8EBB24C8 /* b2ChainAndCircleContact.cpp */ = {isa = PBXFileReference; lastKnownFileType = sourcecode.c.cpp; path = ../../../src/Box2D/Dynamics/Contacts/b2ChainAndCircleContact.cpp; sourceTree = "<group>"; name = b2ChainAndCircleContact.cpp; };
		0D9379FFCD424B8FA2D99A82 /* b2ChainAndPolygonContact.cpp */ = {isa = PBXFileReference; lastKnownFileType = sourcecode.c.cpp; path = ../../../src/Box2D/Dynamics/Contacts/b2ChainAndPolygonContact.cpp; sourceTree = "<group>"; name = b2ChainAndPolygonContact.cpp; };
		98D536DE7C3C44D1BCD91B11 /* b2CircleContact.cpp */ = {isa = PBXFileReference; lastKnownFileType = sourcecode.c.cpp; path = ../../../src/Box2D/Dynamics/Contacts/b2CircleContact.cpp; sourceTree = "<group>"; name = b2CircleContact.cpp; };
		8051A1381D95426EB81940F9 /* b2Contact.cpp */ = {isa = PBXFileReference; lastKnownFileType = sourcecode.c.cpp; path = ../../../src/Box2D/Dynamics/Contacts/b2Contact.cpp; sourceTree = "<group>"; name = b2Contact.cpp; };
		BDDD8B3AD2A44757A6F69F2F /* b2ContactSolver.cpp */ = {isa = PBXFileReference; lastKnownFileType = sourcecode.c.cpp; path = ../../../src/Box2D/Dynamics/Contacts/b2ContactSolver.cpp; sourceTree = "<group>"; name = b2ContactSolver.cpp; };
		3B99E05667E14FAF880C29C2 /* b2EdgeAndCircleContact.cpp */ = {isa = PBXFileReference; lastKnownFileType = sourcecode.c.cpp; path = ../../../src/Box2D/Dynamics/Contacts/b2EdgeAndCircleContact.cpp; sourceTree = "<group>"; name = b2EdgeAndCircleContact.cpp; };
		4C9AB0A09F79413EB92E35AE /* b2EdgeAndPolygonContact.cpp */ = {isa = PBXFileReference; lastKnownFileType = sourcecode.c.cpp; path = ../../../src/Box2D/Dynamics/Contacts/b2EdgeAndPolygonContact.cpp; sourceTree = "<group>"; name = b2EdgeAndPolygonContact.cpp; };
		12AA8EB659884B2A80A50827 /* b2PolygonAndCircleContact.cpp */ = {isa = PBXFileReference; lastKnownFileType = sourcecode.c.cpp; path = ../../../src/Box2D/Dynamics/Contacts/b2PolygonAndCircleContact.cpp; sourceTree = "<group>"; name = b2PolygonAndCircleContact.cpp; };
		DBA0D006A63E4788A51B44D1 /* b2PolygonContact.cpp */ = {isa = PBXFileReference; lastKnownFileType = sourcecode.c.cpp; path = ../../../src/Box2D/Dynamics/Contacts/b2PolygonContact.cpp; sourceTree = "<group>"; name = b2PolygonContact.cpp; };
		FCABE67D5D7D4E56B737CF71 /* b2ChainAndCircleContact.h */ = {isa = PBXFileReference; lastKnownFileType = sourcecode.c.h; path = ../../../src/Box2D/Dynamics/Contacts/b2ChainAndCircleContact.h; sourceTree = "<group>"; name = b2ChainAndCircleContact.h; };
		ECF3B0EE01704D968B2EF209 /* b2ChainAndPolygonContact.h */ = {isa = PBXFileReference; lastKnownFileType = sourcecode.c.h; path = ../../../src/Box2D/Dynamics/Contacts/b2ChainAndPolygonContact.h; sourceTree = "<group>"; name = b2ChainAndPolygonContact.h; };
		5178EE298AC34EE9B39266A6 /* b2CircleContact.h */ = {isa = PBXFileReference; lastKnownFileType = sourcecode.c.h; path = ../../../src/Box2D/Dynamics/Contacts/b2CircleContact.h; sourceTree = "<group>"; name = b2CircleContact.h; };
		6E7896F5BD1C4094B18B0C93 /* b2Contact.h */ = {isa = PBXFileReference; lastKnownFileType = sourcecode.c.h; path = ../../../src/Box2D/Dynamics/Contacts/b2Contact.h; sourceTree = "<group>"; name = b2Contact.h; };
		3FF53B0D652845E99D96F023 /* b2ContactSolver.h */ = {isa = PBXFileReference; lastKnownFileType = sourcecode.c.h; path = ../../../src/Box2D/Dynamics/Contacts/b2ContactSolver.h; sourceTree = "<group>"; name = b2ContactSolver.h; };
		43175F2EAB574531B92289C4 /* b2EdgeAndCircleContact.h */ = {isa = PBXFileReference; lastKnownFileType = sourcecode.c.h; path = ../../../src/Box2D/Dynamics/Contacts/b2EdgeAndCircleContact.h; sourceTree = "<group>"; name = b2EdgeAndCircleContact.h; };
		2981CA7827894CAAA51BFA4F /* b2EdgeAndPolygonContact.h */ = {isa = PBXFileReference; lastKnownFileType = sourcecode.c.h; path = ../../../src/Box2D/Dynamics/Contacts/b2EdgeAndPolygonContact.h; sourceTree = "<group>"; name = b2EdgeAndPolygonContact.h; };
		5B7A44E40254441A88E051E6 /* b2PolygonAndCircleContact.h */ = {isa = PBXFileReference; lastKnownFileType = sourcecode.c.h; path = ../../../src/Box2D/Dynamics/Contacts/b2PolygonAndCircleContact.h; sourceTree = "<group>"; name = b2PolygonAndCircleContact.h; };
		7F4D059AC7D24C02965078BE /* b2PolygonContact.h */ = {isa = PBXFileReference; lastKnownFileType = sourcecode.c.h; path = ../../../src/Box2D/Dynamics/Contacts/b2PolygonContact.h; sourceTree = "<group>"; name = b2PolygonContact.h; };
		7938E2E344AD460E8F644E56 /* b2DistanceJoint.cpp */ = {isa = PBXFileReference; lastKnownFileType = sourcecode.c.cpp; path = ../../../src/Box2D/Dynamics/Joints/b2DistanceJoint.cpp; sourceTree = "<group>"; name = b2DistanceJoint.cpp; };
		B3B4F310F430496793095083 /* b2FrictionJoint.cpp */ = {isa = PBXFileReference; lastKnownFileType = sourcecode.c.cpp; path = ../../../src/Box2D/Dynamics/Joints/b2FrictionJoint.cpp; sourceTree = "<group>"; name = b2FrictionJoint.cpp; };
		EDDADAB3B1BF49C98F1646D9 /* b2GearJoint.cpp */ = {isa = PBXFileReference; lastKnownFileType = sourcecode.c.cpp; path = ../../../src/Box2D/Dynamics/Joints/b2GearJoint.cpp; sourceTree = "<group>"; name = b2GearJoint.cpp; };
		DE5EE07CE3A041398A5AA3A0 /* b2Joint.cpp */ = {isa = PBXFileReference; lastKnownFileType = sourcecode.c.cpp; path = ../../../src/Box2D/Dynamics/Joints/b2Joint.cpp; sourceTree = "<group>"; name = b2Joint.cpp; };
		5DC3C2CA11D84FAAA6A2C60C /* b2MouseJoint.cpp */ = {isa = PBXFileReference; lastKnownFileType = sourcecode.c.cpp; path = ../../../src/Box2D/Dynamics/Joints/b2MouseJoint.cpp; sourceTree = "<group>"; name = b2MouseJoint.cpp; };
		0B20AFA86B114129BC44B2E8 /* b2PrismaticJoint.cpp */ = {isa = PBXFileReference; lastKnownFileType = sourcecode.c.cpp; path = ../../../src/Box2D/Dynamics/Joints/b2PrismaticJoint.cpp; sourceTree = "<group>"; name = b2PrismaticJoint.cpp; };
		910C243606224B22A39FF0F0 /* b2PulleyJoint.cpp */ = {isa = PBXFileReference; lastKnownFileType = sourcecode.c.cpp; path = ../../../src/Box2D/Dynamics/Joints/b2PulleyJoint.cpp; sourceTree = "<group>"; name = b2PulleyJoint.cpp; };
		B2D4BEAF4F7E40F1AA745D10 /* b2RevoluteJoint.cpp */ = {isa = PBXFileReference; lastKnownFileType = sourcecode.c.cpp; path = ../../../src/Box2D/Dynamics/Joints/b2RevoluteJoint.cpp; sourceTree = "<group>"; name = b2RevoluteJoint.cpp; };
		B8E8EC0B64A64CBFA1E724EF /* b2RopeJoint.cpp */ = {isa = PBXFileReference; lastKnownFileType = sourcecode.c.cpp; path = ../../../src/Box2D/Dynamics/Joints/b2RopeJoint.cpp; sourceTree = "<group>"; name = b2RopeJoint.cpp; };
		6777BFD7EDD44CB78C751F1C /* b2WeldJoint.cpp */ = {isa = PBXFileReference; lastKnownFileType = sourcecode.c.cpp; path = ../../../src/Box2D/Dynamics/Joints/b2WeldJoint.cpp; sourceTree = "<group>"; name = b2WeldJoint.cpp; };
		32C2ECD266F246BEB28EFBA5 /* b2WheelJoint.cpp */ = {isa = PBXFileReference; lastKnownFileType = sourcecode.c.cpp; path = ../../../src/Box2D/Dynamics/Joints/b2WheelJoint.cpp; sourceTree = "<group>"; name = b2WheelJoint.cpp; };
		20E0A7EB6484401188F0ED33 /* b2DistanceJoint.h */ = {isa = PBXFileReference; lastKnownFileType = sourcecode.c.h; path = ../../../src/Box2D/Dynamics/Joints/b2DistanceJoint.h; sourceTree = "<group>"; name = b2DistanceJoint.h; };
		1493188E02AD4ADFB875F0DF /* b2FrictionJoint.h */ = {isa = PBXFileReference; lastKnownFileType = sourcecode.c.h; path = ../../../src/Box2D/Dynamics/Joints/b2FrictionJoint.h; sourceTree = "<group>"; name = b2FrictionJoint.h; };
		6A7BF727D8524055A658CA02 /* b2GearJoint.h */ = {isa = PBXFileReference; lastKnownFileType = sourcecode.c.h; path = ../../../src/Box2D/Dynamics/Joints/b2GearJoint.h; sourceTree = "<group>"; name = b2GearJoint.h; };
		B4CCED141CBC40ED8E113DF2 /* b2Joint.h */ = {isa = PBXFileReference; lastKnownFileType = sourcecode.c.h; path = ../../../src/Box2D/Dynamics/Joints/b2Joint.h; sourceTree = "<group>"; name = b2Joint.h; };
		2A164251B975446383BB7A92 /* b2MouseJoint.h */ = {isa = PBXFileReference; lastKnownFileType = sourcecode.c.h; path = ../../../src/Box2D/Dynamics/Joints/b2MouseJoint.h; sourceTree = "<group>"; name = b2MouseJoint.h; };
		7F2580C0B7DF4E76ADAC2666 /* b2PrismaticJoint.h */ = {isa = PBXFileReference; lastKnownFileType = sourcecode.c.h; path = ../../../src/Box2D/Dynamics/Joints/b2PrismaticJoint.h; sourceTree = "<group>"; name = b2PrismaticJoint.h; };
		AEE4F67F6C1F41F4A1748337 /* b2PulleyJoint.h */ = {isa = PBXFileReference; lastKnownFileType = sourcecode.c.h; path = ../../../src/Box2D/Dynamics/Joints/b2PulleyJoint.h; sourceTree = "<group>"; name = b2PulleyJoint.h; };
		8EA0D2FE8B804080A2F6641D /* b2RevoluteJoint.h */ = {isa = PBXFileReference; lastKnownFileType = sourcecode.c.h; path = ../../../src/Box2D/Dynamics/Joints/b2RevoluteJoint.h; sourceTree = "<group>"; name = b2RevoluteJoint.h; };
		229AE8563E0A429AA20A18AA /* b2RopeJoint.h */ = {isa = PBXFileReference; lastKnownFileType = sourcecode.c.h; path = ../../../src/Box2D/Dynamics/Joints/b2RopeJoint.h; sourceTree = "<group>"; name = b2RopeJoint.h; };
		3B16A7E9466947FF96B405EB /* b2WeldJoint.h */ = {isa = PBXFileReference; lastKnownFileType = sourcecode.c.h; path = ../../../src/Box2D/Dynamics/Joints/b2WeldJoint.h; sourceTree = "<group>"; name = b2WeldJoint.h; };
		0F1B707B40924BAA9FD0BA7F /* b2WheelJoint.h */ = {isa = PBXFileReference; lastKnownFileType = sourcecode.c.h; path = ../../../src/Box2D/Dynamics/Joints/b2WheelJoint.h; sourceTree = "<group>"; name = b2WheelJoint.h; };
		9A755F2C314B4784ACB618CC /* b2Rope.cpp */ = {isa = PBXFileReference; lastKnownFileType = sourcecode.c.cpp; path = ../../../src/Box2D/Rope/b2Rope.cpp; sourceTree = "<group>"; name = b2Rope.cpp; };
		452A4C8FD06E4420A3474A44 /* b2Rope.h */ = {isa = PBXFileReference; lastKnownFileType = sourcecode.c.h; path = ../../../src/Box2D/Rope/b2Rope.h; sourceTree = "<group>"; name = b2Rope.h; };
		068BE642DAF04B50868D96C0 /* Box2d.h */ = {isa = PBXFileReference; lastKnownFileType = sourcecode.c.h; path = ../../../src/Box2D/Box2d.h; sourceTree = "<group>"; name = Box2d.h; };
		47561624376B41F790E4E37F /* Box2DMouseJointer.h */ = {isa = PBXFileReference; lastKnownFileType = sourcecode.c.h; path = ../../../src/sansumbrella/Box2DMouseJointer.h; sourceTree = "<group>"; name = Box2DMouseJointer.h; };
		04AA92043D47418583909804 /* Box2DRenderer.h */ = {isa = PBXFileReference; lastKnownFileType = sourcecode.c.h; path = ../../../src/sansumbrella/Box2DRenderer.h; sourceTree = "<group>"; name = Box2DRenderer.h; };
		21F44300B0764CDB8FDF2B5E /* Sandbox.h */ = {isa = PBXFileReference; lastKnownFileType = sourcecode.c.h; path = ../../../src/sansumbrella/Sandbox.h; sourceTree = "<group>"; name = Sandbox.h; };
		4F4DFEE227C0418C8028F851 /* sansumbrella.h */ = {isa = PBXFileReference; lastKnownFileType = sourcecode.c.h; path = ../../../src/sansumbrella/sansumbrella.h; sourceTree = "<group>"; name = sansumbrella.h; };
		F0C4003A1B214695BAFCEC39 /* Box2DMouseJointer.cpp */ = {isa = PBXFileReference; lastKnownFileType = sourcecode.c.cpp; path = ../../../src/sansumbrella/Box2DMouseJointer.cpp; sourceTree = "<group>"; name = Box2DMouseJointer.cpp; };
		73322124393548329329FF1D /* Box2DRenderer.cpp */ = {isa = PBXFileReference; lastKnownFileType = sourcecode.c.cpp; path = ../../../src/sansumbrella/Box2DRenderer.cpp; sourceTree = "<group>"; name = Box2DRenderer.cpp; };
		E701A391832049F39877152D /* Sandbox.cpp */ = {isa = PBXFileReference; lastKnownFileType = sourcecode.c.cpp; path = ../../../src/sansumbrella/Sandbox.cpp; sourceTree = "<group>"; name = Sandbox.cpp; };
/* End PBXFileReference section */

/* Begin PBXFrameworksBuildPhase section */
		00692BCC14FF149000D0A05E /* Frameworks */ = {
			isa = PBXFrameworksBuildPhase;
			buildActionMask = 2147483647;
			files = (
				C725E001121DAC8F00FA186B /* AVFoundation.framework in Frameworks */,
				C725DFFE121DAC7F00FA186B /* CoreMedia.framework in Frameworks */,
				C725E001121DAC8FFFFA18FF /* ImageIO.framework in Frameworks */,
				DDDDE001121DAC8FFFFADDDD /* MobileCoreServices.framework in Frameworks */,
				1D60589F0D05DD5A006BFB54 /* Foundation.framework in Frameworks */,
				1DF5F4E00D08C38300B7A737 /* UIKit.framework in Frameworks */,
				28FD15000DC6FC520079059D /* OpenGLES.framework in Frameworks */,
				28FD15080DC6FC5B0079059D /* QuartzCore.framework in Frameworks */,
				00CFDF6B1138442D0091E310 /* CoreGraphics.framework in Frameworks */,
				C727C02E121B400300192073 /* CoreVideo.framework in Frameworks */,
				C7FB19D6124BC0D70045AFD2 /* AudioToolbox.framework in Frameworks */,
				0087D25512CD809F002CD69F /* CoreText.framework in Frameworks */,
			);
			runOnlyForDeploymentPostprocessing = 0;
		};
/* End PBXFrameworksBuildPhase section */

/* Begin PBXGroup section */
		00692BC414FF149000D0A05E = {
			isa = PBXGroup;
			children = (
				99692BD914FF149000DFFFFF /* Blocks */,
				99692BD914FF149000D0A05F /* Headers */,
				00692BD914FF149000D0A05E /* Source */,
				00692BD914FF149000D0FFFF /* Resources */,
				00692BD214FF149000D0A05E /* Frameworks */,
				00692BD014FF149000D0A05E /* Products */,
			);
			sourceTree = "<group>";
		};
		00692BD014FF149000D0A05E /* Products */ = {
			isa = PBXGroup;
			children = (
				00692BCF14FF149000D0A05E /* Drawing.app */,
			);
			name = Products;
			sourceTree = "<group>";
		};
		00692BD214FF149000D0A05E /* Frameworks */ = {
			isa = PBXGroup;
			children = (
				C7FB19D5124BC0D70045AFD2 /* AudioToolbox.framework */,
				C727C02B121B400300192073 /* CoreMedia.framework */,
				C727C02D121B400300192073 /* CoreVideo.framework */,
				28FD15070DC6FC5B0079059D /* QuartzCore.framework */,
				28FD14FF0DC6FC520079059D /* OpenGLES.framework */,
				1DF5F4DF0D08C38300B7A737 /* UIKit.framework */,
				1D30AB110D05D00D00671497 /* Foundation.framework */,
				00CFDF6A1138442D0091E310 /* CoreGraphics.framework */,
				00CFDF6A1138442D0091FFFF /* ImageIO.framework */,
				DDDDDF6A1138442D0091DDDD /* MobileCoreServices.framework */,
				C725E000121DAC8F00FA186B /* AVFoundation.framework */,
				0087D25412CD809F002CD69F /* CoreText.framework */,
			);
			name = Frameworks;
			sourceTree = "<group>";
		};
		1AECB52FFF7649189F88C904 /* Shapes */ = {
			isa = PBXGroup;
			children = (
				0678829553D0434694FEFC8F /* b2ChainShape.cpp */,
				A32D8133753E4410934EC848 /* b2CircleShape.cpp */,
				6054B127BDB5492D903DDE38 /* b2EdgeShape.cpp */,
				29CC78919E944DC486EFBCCF /* b2PolygonShape.cpp */,
				37FC3D0ED10F4371A2436AC2 /* b2ChainShape.h */,
				175F2F27CBF24DD8B98C44C3 /* b2CircleShape.h */,
				C2F5BEF56269486E8C1316D2 /* b2EdgeShape.h */,
				969D4C892F97400E99AACCD2 /* b2PolygonShape.h */,
				06C1E096E258415091D7FF5D /* b2Shape.h */,
			);
			name = Shapes;
			sourceTree = "<group>";
		};
		F05E94C1208844B2AFB17274 /* Collision */ = {
			isa = PBXGroup;
			children = (
				521DC853FB5F4AB8AF0EC571 /* b2BroadPhase.cpp */,
				38ECC5C8DBAA4BA28B35B76A /* b2CollideCircle.cpp */,
				0C8F4160D58D432AA7F9094A /* b2CollideEdge.cpp */,
				B7EF7074E9E84911B79EC9B4 /* b2CollidePolygon.cpp */,
				C05C15F4CB4547839176C9A0 /* b2Collision.cpp */,
				5610225668A747AE9334FA84 /* b2Distance.cpp */,
				D509BF7EEC1E4BF89F1CB689 /* b2DynamicTree.cpp */,
				8E4B6E77DFC2434AA988D395 /* b2TimeOfImpact.cpp */,
				8F64A788293F4D53849AC235 /* b2BroadPhase.h */,
				88C93992795E4A2985314417 /* b2Collision.h */,
				1090BEF3BDEA4101B64C1EA0 /* b2Distance.h */,
				761FA29FEB974BDF8F029D21 /* b2DynamicTree.h */,
				5E2741D36DC74F31BC6F3874 /* b2TimeOfImpact.h */,
				1AECB52FFF7649189F88C904 /* Shapes */,
			);
			name = Collision;
			sourceTree = "<group>";
		};
		21D4995D89A7435B861BA4FE /* Common */ = {
			isa = PBXGroup;
			children = (
				B62DF953A6AB4A6397520E19 /* b2BlockAllocator.cpp */,
				9DFADC61674142D58D24142C /* b2Draw.cpp */,
				4CD78FFABF42480A80D20E4F /* b2Math.cpp */,
				034316A58EC8468D9C96C6B5 /* b2Settings.cpp */,
				9087CD9E197643989B89AFCF /* b2StackAllocator.cpp */,
				95BFC51B14544F7086902F64 /* b2Timer.cpp */,
				ED2C8282347A4505B4C24D36 /* b2BlockAllocator.h */,
				A929A06CF331409285F37491 /* b2Draw.h */,
				BA6A0EF337D84A6DB4149040 /* b2GrowableStack.h */,
				19F067DA088D47FDB9A5C213 /* b2Math.h */,
				0156A974B64C4ACD810A6BB2 /* b2Settings.h */,
				DA65AB33911A452097F4DCD3 /* b2StackAllocator.h */,
				DC3AE528E6D44ABAAB98BBEF /* b2Timer.h */,
			);
			name = Common;
			sourceTree = "<group>";
		};
		84C66A788F8D43709972A296 /* Contacts */ = {
			isa = PBXGroup;
			children = (
				D15CE93C3E984A9F8EBB24C8 /* b2ChainAndCircleContact.cpp */,
				0D9379FFCD424B8FA2D99A82 /* b2ChainAndPolygonContact.cpp */,
				98D536DE7C3C44D1BCD91B11 /* b2CircleContact.cpp */,
				8051A1381D95426EB81940F9 /* b2Contact.cpp */,
				BDDD8B3AD2A44757A6F69F2F /* b2ContactSolver.cpp */,
				3B99E05667E14FAF880C29C2 /* b2EdgeAndCircleContact.cpp */,
				4C9AB0A09F79413EB92E35AE /* b2EdgeAndPolygonContact.cpp */,
				12AA8EB659884B2A80A50827 /* b2PolygonAndCircleContact.cpp */,
				DBA0D006A63E4788A51B44D1 /* b2PolygonContact.cpp */,
				FCABE67D5D7D4E56B737CF71 /* b2ChainAndCircleContact.h */,
				ECF3B0EE01704D968B2EF209 /* b2ChainAndPolygonContact.h */,
				5178EE298AC34EE9B39266A6 /* b2CircleContact.h */,
				6E7896F5BD1C4094B18B0C93 /* b2Contact.h */,
				3FF53B0D652845E99D96F023 /* b2ContactSolver.h */,
				43175F2EAB574531B92289C4 /* b2EdgeAndCircleContact.h */,
				2981CA7827894CAAA51BFA4F /* b2EdgeAndPolygonContact.h */,
				5B7A44E40254441A88E051E6 /* b2PolygonAndCircleContact.h */,
				7F4D059AC7D24C02965078BE /* b2PolygonContact.h */,
			);
			name = Contacts;
			sourceTree = "<group>";
		};
		B3971558F0AD45C1831C3759 /* Joints */ = {
			isa = PBXGroup;
			children = (
				7938E2E344AD460E8F644E56 /* b2DistanceJoint.cpp */,
				B3B4F310F430496793095083 /* b2FrictionJoint.cpp */,
				EDDADAB3B1BF49C98F1646D9 /* b2GearJoint.cpp */,
				DE5EE07CE3A041398A5AA3A0 /* b2Joint.cpp */,
				5DC3C2CA11D84FAAA6A2C60C /* b2MouseJoint.cpp */,
				0B20AFA86B114129BC44B2E8 /* b2PrismaticJoint.cpp */,
				910C243606224B22A39FF0F0 /* b2PulleyJoint.cpp */,
				B2D4BEAF4F7E40F1AA745D10 /* b2RevoluteJoint.cpp */,
				B8E8EC0B64A64CBFA1E724EF /* b2RopeJoint.cpp */,
				6777BFD7EDD44CB78C751F1C /* b2WeldJoint.cpp */,
				32C2ECD266F246BEB28EFBA5 /* b2WheelJoint.cpp */,
				20E0A7EB6484401188F0ED33 /* b2DistanceJoint.h */,
				1493188E02AD4ADFB875F0DF /* b2FrictionJoint.h */,
				6A7BF727D8524055A658CA02 /* b2GearJoint.h */,
				B4CCED141CBC40ED8E113DF2 /* b2Joint.h */,
				2A164251B975446383BB7A92 /* b2MouseJoint.h */,
				7F2580C0B7DF4E76ADAC2666 /* b2PrismaticJoint.h */,
				AEE4F67F6C1F41F4A1748337 /* b2PulleyJoint.h */,
				8EA0D2FE8B804080A2F6641D /* b2RevoluteJoint.h */,
				229AE8563E0A429AA20A18AA /* b2RopeJoint.h */,
				3B16A7E9466947FF96B405EB /* b2WeldJoint.h */,
				0F1B707B40924BAA9FD0BA7F /* b2WheelJoint.h */,
			);
			name = Joints;
			sourceTree = "<group>";
		};
		FEE4B51F91824474A60FA42E /* Dynamics */ = {
			isa = PBXGroup;
			children = (
				A6BBE9264B00415EAAC1A712 /* b2Body.cpp */,
				ED9EAFBA27244325B057D7BD /* b2ContactManager.cpp */,
				C3EDEB563A144617920575EE /* b2Fixture.cpp */,
				F697A4CACE1C49F789024310 /* b2Island.cpp */,
				1460329F03774455B3E1B77D /* b2World.cpp */,
				D7033669AA08459BB4EE203A /* b2WorldCallbacks.cpp */,
				9588850D1DD1495D9A45887C /* b2Body.h */,
				587E20E4BA13472D935DC1AC /* b2ContactManager.h */,
				0CDBA775F9504503A6C27AA5 /* b2Fixture.h */,
				A68B6CA90AAE49AC9359BD05 /* b2Island.h */,
				B77A52CE12734680B9E4D7B8 /* b2TimeStep.h */,
				0FA551A2ED964FD192E2BE47 /* b2World.h */,
				40C38852EC9A47A09A688BE1 /* b2WorldCallbacks.h */,
				84C66A788F8D43709972A296 /* Contacts */,
				B3971558F0AD45C1831C3759 /* Joints */,
			);
			name = Dynamics;
			sourceTree = "<group>";
		};
		2C0C4AFBE3F4449AA1DB4C38 /* Rope */ = {
			isa = PBXGroup;
			children = (
				9A755F2C314B4784ACB618CC /* b2Rope.cpp */,
				452A4C8FD06E4420A3474A44 /* b2Rope.h */,
			);
			name = Rope;
			sourceTree = "<group>";
		};
		1E39472785F94DCF9C343B16 /* Box2D */ = {
			isa = PBXGroup;
			children = (
				F05E94C1208844B2AFB17274 /* Collision */,
				21D4995D89A7435B861BA4FE /* Common */,
				FEE4B51F91824474A60FA42E /* Dynamics */,
				2C0C4AFBE3F4449AA1DB4C38 /* Rope */,
				068BE642DAF04B50868D96C0 /* Box2d.h */,
			);
			name = Box2D;
			sourceTree = "<group>";
		};
		84B4B704B4144DD1BD2B365A /* sansumbrella */ = {
			isa = PBXGroup;
			children = (
				47561624376B41F790E4E37F /* Box2DMouseJointer.h */,
				04AA92043D47418583909804 /* Box2DRenderer.h */,
				21F44300B0764CDB8FDF2B5E /* Sandbox.h */,
				4F4DFEE227C0418C8028F851 /* sansumbrella.h */,
				F0C4003A1B214695BAFCEC39 /* Box2DMouseJointer.cpp */,
				73322124393548329329FF1D /* Box2DRenderer.cpp */,
				E701A391832049F39877152D /* Sandbox.cpp */,
			);
			name = sansumbrella;
			sourceTree = "<group>";
		};
		FFBAE1DCC62B4D4D99ECFEA4 /* src */ = {
			isa = PBXGroup;
			children = (
				1E39472785F94DCF9C343B16 /* Box2D */,
				84B4B704B4144DD1BD2B365A /* sansumbrella */,
			);
			name = src;
			sourceTree = "<group>";
		};
		B5D17F0F47804CF790F3C0B7 /* sansumbrella Box2D */ = {
			isa = PBXGroup;
			children = (
				FFBAE1DCC62B4D4D99ECFEA4 /* src */,
			);
			name = "sansumbrella Box2D";
			sourceTree = "<group>";
		};
		99692BD914FF149000DFFFFF /* Blocks */ = {
			isa = PBXGroup;
			children = (
				B5D17F0F47804CF790F3C0B7 /* sansumbrella Box2D */,
			);
			name = Blocks;
			sourceTree = "<group>";
		};
		99692BD914FF149000D0A05F /* Headers */ = {
			isa = PBXGroup;
			children = (
				69436F85F75C4B19B8C797E1 /* Resources.h */,
				1D6B825225FF4808946172A1 /* Drawing_Prefix.pch */,
			);
			name = Headers;
			sourceTree = "<group>";
		};
		00692BD914FF149000D0A05E /* Source */ = {
			isa = PBXGroup;
			children = (
				85526C7C15E340798234A548 /* DrawingApp.cpp */,
			);
			name = Source;
			sourceTree = "<group>";
		};
		00692BD914FF149000D0FFFF /* Resources */ = {
			isa = PBXGroup;
			children = (
				00748057165D41390024B57A /* assets */,
				ABA31123831A430F995CE210 /* CinderApp_ios.png */,
				216D99EF82CD4D3F980171B7 /* Default-568h@2x.png */,
				DE865CB35B0D4D54B3F49CDD /* Info.plist */,
			);
			name = Resources;
			sourceTree = "<group>";
		};
/* End PBXGroup section */

/* Begin PBXNativeTarget section */
		00692BCE14FF149000D0A05E /* Drawing */ = {
			isa = PBXNativeTarget;
			buildConfigurationList = 00692BF514FF149000D0A05E /* Build configuration list for PBXNativeTarget "Drawing" */;
			buildPhases = (
				00692BCB14FF149000D0A05E /* Sources */,
				00692BCC14FF149000D0A05E /* Frameworks */,
				00692BCD14FF149000D0A05E /* Resources */,
			);
			buildRules = (
			);
			dependencies = (
			);
			name = Drawing;
			productName = Drawing;
			productReference = 00692BCF14FF149000D0A05E /* Drawing.app */;
			productType = "com.apple.product-type.application";
		};
/* End PBXNativeTarget section */

/* Begin PBXProject section */
		00692BC614FF149000D0A05E /* Project object */ = {
			isa = PBXProject;
			buildConfigurationList = 00692BC914FF149000D0A05E /* Build configuration list for PBXProject "Drawing" */;
			compatibilityVersion = "Xcode 3.2";
			developmentRegion = English;
			hasScannedForEncodings = 0;
			knownRegions = (
				en,
			);
			mainGroup = 00692BC414FF149000D0A05E;
			productRefGroup = 00692BD014FF149000D0A05E /* Products */;
			projectDirPath = "";
			projectRoot = "";
			targets = (
				00692BCE14FF149000D0A05E /* Drawing */,
			);
		};
/* End PBXProject section */

/* Begin PBXResourcesBuildPhase section */
		00692BCD14FF149000D0A05E /* Resources */ = {
			isa = PBXResourcesBuildPhase;
			buildActionMask = 2147483647;
			files = (
				00748058165D41390024B57A /* assets in Resources */,
				F777926DE39244058D0D8DC7 /* CinderApp_ios.png in Resources */,
				8C74F4CDA8F54333B326CC2C /* Default-568h@2x.png in Resources */,
			);
			runOnlyForDeploymentPostprocessing = 0;
		};
/* End PBXResourcesBuildPhase section */

/* Begin PBXSourcesBuildPhase section */
		00692BCB14FF149000D0A05E /* Sources */ = {
			isa = PBXSourcesBuildPhase;
			buildActionMask = 2147483647;
			files = (
				5306EA9F59C741B388F9D1ED /* DrawingApp.cpp in Sources */,
				CF4BB9B2527C48BA8B3E8D93 /* b2BroadPhase.cpp in Sources */,
				21DECDF99556487FB7D1A243 /* b2CollideCircle.cpp in Sources */,
				34211B49BFEC435881136DAA /* b2CollideEdge.cpp in Sources */,
				37E28402D62E47C6B43E6A83 /* b2CollidePolygon.cpp in Sources */,
				1BA0AB7D94454D96B9F5759E /* b2Collision.cpp in Sources */,
				B13FEDB3C2DD4E7BAA07F5FA /* b2Distance.cpp in Sources */,
				D744F484806D446A8B004DB0 /* b2DynamicTree.cpp in Sources */,
				B422C15665AF4C67A35480CC /* b2TimeOfImpact.cpp in Sources */,
				6611FE1F0E0947268CF4C703 /* b2ChainShape.cpp in Sources */,
				8035C977C0D54C149AD5DF20 /* b2CircleShape.cpp in Sources */,
				5F0A8F8B4DA94070816A14B6 /* b2EdgeShape.cpp in Sources */,
				9AB069FFD4354A76B1D0D4E3 /* b2PolygonShape.cpp in Sources */,
				8AB12020700F406497A2C0E7 /* b2BlockAllocator.cpp in Sources */,
				01621600E1734EB985C5C49C /* b2Draw.cpp in Sources */,
				90195B04E5A045FE99DA812A /* b2Math.cpp in Sources */,
				22665F277A064DD6900A9909 /* b2Settings.cpp in Sources */,
				FAD47DAF2CA34108B599FCCE /* b2StackAllocator.cpp in Sources */,
				A00B8A96173A42988B002799 /* b2Timer.cpp in Sources */,
				C55FA5D3B61D453D835B2B58 /* b2Body.cpp in Sources */,
				C5A8154A5698425E9A8081FA /* b2ContactManager.cpp in Sources */,
				931F62AE837F414297552668 /* b2Fixture.cpp in Sources */,
				9438DC773CCC435F9CCC4D5F /* b2Island.cpp in Sources */,
				EBC6D12F1C934A0FA59D78F5 /* b2World.cpp in Sources */,
				0ED80B13DCCB4BB7809F0B8B /* b2WorldCallbacks.cpp in Sources */,
				89DCC32F86204D47B12F4E4B /* b2ChainAndCircleContact.cpp in Sources */,
				C2611AAE7B65496AB1CE5273 /* b2ChainAndPolygonContact.cpp in Sources */,
				14148197BAB24727A7F678AB /* b2CircleContact.cpp in Sources */,
				939D8D14D26F47449788E9B1 /* b2Contact.cpp in Sources */,
				09F2E1F0306743BF8F8AFA64 /* b2ContactSolver.cpp in Sources */,
				F02DCFE2642F4D79A0BE1036 /* b2EdgeAndCircleContact.cpp in Sources */,
				192E8F47311D48BE873A32EB /* b2EdgeAndPolygonContact.cpp in Sources */,
				77349CC2FC0840898730A04A /* b2PolygonAndCircleContact.cpp in Sources */,
				69E39BCCDD3B4479BB61B0FA /* b2PolygonContact.cpp in Sources */,
				221D5394BE0A4865B805C87F /* b2DistanceJoint.cpp in Sources */,
				A28A10E214414BE98646A578 /* b2FrictionJoint.cpp in Sources */,
				5E0AA4C050004EED9D099F1F /* b2GearJoint.cpp in Sources */,
				5A21E98FA8E647E7ABB8299E /* b2Joint.cpp in Sources */,
				A5FCA1692F224CB4B58F2649 /* b2MouseJoint.cpp in Sources */,
				8ECCAF0F2877430197D1BDF6 /* b2PrismaticJoint.cpp in Sources */,
				5D1FCC1AF2214735AC5CDA37 /* b2PulleyJoint.cpp in Sources */,
				70C5F58710A04E008533AE9C /* b2RevoluteJoint.cpp in Sources */,
				E52319F3712E47B7B7B3BA6E /* b2RopeJoint.cpp in Sources */,
				AA22A9A04F874626A87B0205 /* b2WeldJoint.cpp in Sources */,
				F439EF2C54384976A96EEB28 /* b2WheelJoint.cpp in Sources */,
				E2B90C696A9E45CBAE6753B3 /* b2Rope.cpp in Sources */,
				938DD6BA597940FDA3CE942F /* Box2DMouseJointer.cpp in Sources */,
				4EE84844A2BF444CBF302C82 /* Box2DRenderer.cpp in Sources */,
				B1E6B84C40BB438983E5C159 /* Sandbox.cpp in Sources */,
			);
			runOnlyForDeploymentPostprocessing = 0;
		};
/* End PBXSourcesBuildPhase section */

/* Begin XCBuildConfiguration section */
		00692BF314FF149000D0A05E /* Debug */ = {
			isa = XCBuildConfiguration;
			buildSettings = {
				DEAD_CODE_STRIPPING = YES;
				CLANG_CXX_LANGUAGE_STANDARD = "c++0x";
				CLANG_CXX_LIBRARY = "libc++";
				ARCHS = "$(ARCHS_STANDARD_32_BIT)";
				ALWAYS_SEARCH_USER_PATHS = NO;
				"CODE_SIGN_IDENTITY[sdk=iphoneos*]" = "iPhone Developer";
				COPY_PHASE_STRIP = NO;
				GCC_C_LANGUAGE_STANDARD = gnu99;
				GCC_DYNAMIC_NO_PIC = NO;
				GCC_OPTIMIZATION_LEVEL = 0;
				GCC_PREPROCESSOR_DEFINITIONS = (
					"DEBUG=1",
					"$(inherited)",
				);
				GCC_SYMBOLS_PRIVATE_EXTERN = NO;
				GCC_VERSION = com.apple.compilers.llvm.clang.1_0;
				GCC_WARN_ABOUT_MISSING_PROTOTYPES = YES;
				GCC_WARN_ABOUT_RETURN_TYPE = YES;
				GCC_WARN_UNUSED_VARIABLE = YES;
				IPHONEOS_DEPLOYMENT_TARGET = 5.0;
				SDKROOT = iphoneos;
				TARGETED_DEVICE_FAMILY = "1,2";
				CINDER_PATH = "../../../../..";
				HEADER_SEARCH_PATHS = (
					"\"$(CINDER_PATH)/boost\"",
					../../../src,
				);
				USER_HEADER_SEARCH_PATHS = "\"$(CINDER_PATH)/include\" ../include";
			};
			name = Debug;
		};
		00692BF414FF149000D0A05E /* Release */ = {
			isa = XCBuildConfiguration;
			buildSettings = {
				DEAD_CODE_STRIPPING = YES;
				CLANG_CXX_LANGUAGE_STANDARD = "c++0x";
				CLANG_CXX_LIBRARY = "libc++";
				ALWAYS_SEARCH_USER_PATHS = NO;
				ARCHS = "$(ARCHS_STANDARD_32_BIT)";
				"CODE_SIGN_IDENTITY[sdk=iphoneos*]" = "iPhone Developer";
				COPY_PHASE_STRIP = YES;
				GCC_C_LANGUAGE_STANDARD = gnu99;
				GCC_VERSION = com.apple.compilers.llvm.clang.1_0;
				GCC_WARN_ABOUT_MISSING_PROTOTYPES = YES;
				GCC_WARN_ABOUT_RETURN_TYPE = YES;
				GCC_WARN_UNUSED_VARIABLE = YES;
				IPHONEOS_DEPLOYMENT_TARGET = 5.0;
				OTHER_CFLAGS = "-DNS_BLOCK_ASSERTIONS=1";
				SDKROOT = iphoneos;
				TARGETED_DEVICE_FAMILY = "1,2";
				VALIDATE_PRODUCT = YES;
				CINDER_PATH = "../../../../..";
				HEADER_SEARCH_PATHS = (
					"\"$(CINDER_PATH)/boost\"",
					../../../src,
				);
				USER_HEADER_SEARCH_PATHS = "\"$(CINDER_PATH)/include\" ../include";
			};
			name = Release;
		};
		00692BF614FF149000D0A05E /* Debug */ = {
			isa = XCBuildConfiguration;
			buildSettings = {
				GCC_PRECOMPILE_PREFIX_HEADER = YES;
				GCC_PREFIX_HEADER = "Drawing_Prefix.pch";
				INFOPLIST_FILE = "Info.plist";
				PRODUCT_NAME = "$(TARGET_NAME)";
				WRAPPER_EXTENSION = app;
				"OTHER_LDFLAGS[sdk=iphoneos*][arch=*]" = (
					"\"$(CINDER_PATH)/lib/libcinder-iphone_d.a\"",
					"-lz",
				);
				"OTHER_LDFLAGS[sdk=iphonesimulator*][arch=*]" = (
					"\"$(CINDER_PATH)/lib/libcinder-iphone-sim_d.a\"",
					"-lz",
				);
			};
			name = Debug;
		};
		00692BF714FF149000D0A05E /* Release */ = {
			isa = XCBuildConfiguration;
			buildSettings = {
				GCC_PRECOMPILE_PREFIX_HEADER = YES;
				GCC_PREFIX_HEADER = "Drawing_Prefix.pch";
				INFOPLIST_FILE = "Info.plist";
				PRODUCT_NAME = "$(TARGET_NAME)";
				WRAPPER_EXTENSION = app;
				"OTHER_LDFLAGS[sdk=iphoneos*][arch=*]" = (
					"\"$(CINDER_PATH)/lib/libcinder-iphone.a\"",
					"-lz",
				);
				"OTHER_LDFLAGS[sdk=iphonesimulator*][arch=*]" = (
					"\"$(CINDER_PATH)/lib/libcinder-iphone-sim.a\"",
					"-lz",
				);
			};
			name = Release;
		};
/* End XCBuildConfiguration section */

/* Begin XCConfigurationList section */
		00692BC914FF149000D0A05E /* Build configuration list for PBXProject "Drawing" */ = {
			isa = XCConfigurationList;
			buildConfigurations = (
				00692BF314FF149000D0A05E /* Debug */,
				00692BF414FF149000D0A05E /* Release */,
			);
			defaultConfigurationIsVisible = 0;
			defaultConfigurationName = Release;
		};
		00692BF514FF149000D0A05E /* Build configuration list for PBXNativeTarget "Drawing" */ = {
			isa = XCConfigurationList;
			buildConfigurations = (
				00692BF614FF149000D0A05E /* Debug */,
				00692BF714FF149000D0A05E /* Release */,
			);
			defaultConfigurationIsVisible = 0;
			defaultConfigurationName = Release;
		};
/* End XCConfigurationList section */
	};
	rootObject = 00692BC614FF149000D0A05E /* Project object */;
}
