// !$*UTF8*$!
{
	archiveVersion = 1;
	classes = {
	};
	objectVersion = 46;
	objects = {

/* Begin PBXBuildFile section */
		00748058165D41390024B57A /* assets in Resources */ = {isa = PBXBuildFile; fileRef = 00748057165D41390024B57A /* assets */; };
		0087D25512CD809F002CD69F /* CoreText.framework in Frameworks */ = {isa = PBXBuildFile; fileRef = 0087D25412CD809F002CD69F /* CoreText.framework */; };
		00CFDF6B1138442D0091E310 /* CoreGraphics.framework in Frameworks */ = {isa = PBXBuildFile; fileRef = 00CFDF6A1138442D0091E310 /* CoreGraphics.framework */; };
		0C687A4DF9AF482EAB4A5F7A /* b2Island.cpp in Sources */ = {isa = PBXBuildFile; fileRef = FAD2BB6D7F9440D99AFC3D45 /* b2Island.cpp */; };
		0F3B8B15B2324BA58674C77F /* b2BroadPhase.cpp in Sources */ = {isa = PBXBuildFile; fileRef = CBAD5378AC0944BE8F686683 /* b2BroadPhase.cpp */; };
		10098C17EA8847C9AB50DB13 /* b2ChainAndPolygonContact.cpp in Sources */ = {isa = PBXBuildFile; fileRef = 114DD84FF6FF4BC188DAA490 /* b2ChainAndPolygonContact.cpp */; };
		15095AFB176E914D00D745F9 /* Box2DRenderer.cpp in Sources */ = {isa = PBXBuildFile; fileRef = 15095AFA176E914D00D745F9 /* Box2DRenderer.cpp */; };
		157BA6AE669E4C0C9F117DA9 /* b2Contact.cpp in Sources */ = {isa = PBXBuildFile; fileRef = D73D3E914FF1455CBF5AA65A /* b2Contact.cpp */; };
		1D0E1EC1B62441C197356D83 /* b2TimeOfImpact.cpp in Sources */ = {isa = PBXBuildFile; fileRef = 686E300F8F9841D5B1921048 /* b2TimeOfImpact.cpp */; };
		1D60589F0D05DD5A006BFB54 /* Foundation.framework in Frameworks */ = {isa = PBXBuildFile; fileRef = 1D30AB110D05D00D00671497 /* Foundation.framework */; };
		1DF5F4E00D08C38300B7A737 /* UIKit.framework in Frameworks */ = {isa = PBXBuildFile; fileRef = 1DF5F4DF0D08C38300B7A737 /* UIKit.framework */; };
		27DC5BF2F2D447FD95AED936 /* b2PrismaticJoint.cpp in Sources */ = {isa = PBXBuildFile; fileRef = DE19D6834A1D4F0E9B1873E5 /* b2PrismaticJoint.cpp */; };
		287FC8E37D76404C82221E07 /* b2PolygonAndCircleContact.cpp in Sources */ = {isa = PBXBuildFile; fileRef = 58C631304B984514855BCDF1 /* b2PolygonAndCircleContact.cpp */; };
		28B73BA116D74CCF87BD3982 /* b2Body.cpp in Sources */ = {isa = PBXBuildFile; fileRef = ADD63FF36A9D4266927FD532 /* b2Body.cpp */; };
		28FD15000DC6FC520079059D /* OpenGLES.framework in Frameworks */ = {isa = PBXBuildFile; fileRef = 28FD14FF0DC6FC520079059D /* OpenGLES.framework */; };
		28FD15080DC6FC5B0079059D /* QuartzCore.framework in Frameworks */ = {isa = PBXBuildFile; fileRef = 28FD15070DC6FC5B0079059D /* QuartzCore.framework */; };
		369C327FA6F04C5DAD7A55B4 /* CinderApp_ios.png in Resources */ = {isa = PBXBuildFile; fileRef = AFC036B526E64DD79821567F /* CinderApp_ios.png */; };
		386A6C8764F944F1B3028158 /* b2EdgeAndPolygonContact.cpp in Sources */ = {isa = PBXBuildFile; fileRef = 0B61325203194EB4ACF16E7F /* b2EdgeAndPolygonContact.cpp */; };
		3A89160866ED40AA82AC1707 /* b2Fixture.cpp in Sources */ = {isa = PBXBuildFile; fileRef = 62A68DEE26F94D81BE6BAB35 /* b2Fixture.cpp */; };
		3ED323DD99644ECEB8BA3B99 /* Default-568h@2x.png in Resources */ = {isa = PBXBuildFile; fileRef = 0E9B4C91338543AF8B5256D5 /* Default-568h@2x.png */; };
		40ABB391DDA04BC986E02842 /* b2ContactSolver.cpp in Sources */ = {isa = PBXBuildFile; fileRef = AB5B067F5B28422380FC17F6 /* b2ContactSolver.cpp */; };
		426F7A57C23644F8968A2BA2 /* b2DistanceJoint.cpp in Sources */ = {isa = PBXBuildFile; fileRef = AF1B0F62EC364EECA190F2FD /* b2DistanceJoint.cpp */; };
		46FE92BB707F427CA81418B5 /* b2PolygonContact.cpp in Sources */ = {isa = PBXBuildFile; fileRef = 8AC65FB65BAB4283A2F6BE57 /* b2PolygonContact.cpp */; };
		4956543BCBEB4F4282931E77 /* b2BlockAllocator.cpp in Sources */ = {isa = PBXBuildFile; fileRef = 6C11B58EEAF84266B2750FD8 /* b2BlockAllocator.cpp */; };
		57F9A1DCD0234D05A6E48DB0 /* b2RopeJoint.cpp in Sources */ = {isa = PBXBuildFile; fileRef = 3702CDC9B45D4213BCD04F27 /* b2RopeJoint.cpp */; };
		5912CE54BACD4C8FBBEF9406 /* b2CircleContact.cpp in Sources */ = {isa = PBXBuildFile; fileRef = 486D28067DD743A2825ED483 /* b2CircleContact.cpp */; };
		68F5F93ED3984F16991C54B3 /* b2CollidePolygon.cpp in Sources */ = {isa = PBXBuildFile; fileRef = 7638307C8B2E473A9B934F32 /* b2CollidePolygon.cpp */; };
		6A6ED684EA434399A0D58FA2 /* b2CollideCircle.cpp in Sources */ = {isa = PBXBuildFile; fileRef = 8AFE71967E24419DB0791679 /* b2CollideCircle.cpp */; };
		72D1B9C14EDA4C0884B34D87 /* b2StackAllocator.cpp in Sources */ = {isa = PBXBuildFile; fileRef = 45A4A45ABEB3430291E1C3FF /* b2StackAllocator.cpp */; };
		730FDE0A962F4454928E3EE4 /* b2ContactManager.cpp in Sources */ = {isa = PBXBuildFile; fileRef = 70067C5FE3AE42C2B8B4BAB1 /* b2ContactManager.cpp */; };
		7AB5656FC5C14CF5A1F1CB94 /* Sandbox.cpp in Sources */ = {isa = PBXBuildFile; fileRef = 7515C6EDC4F54F23BD6D045A /* Sandbox.cpp */; };
		856BFD87415541E2BB2590BA /* SandboxApp.cpp in Sources */ = {isa = PBXBuildFile; fileRef = 83F31E01F18C48DF86ADFB10 /* SandboxApp.cpp */; };
		85F810AA86AF460A9D5091EA /* b2WeldJoint.cpp in Sources */ = {isa = PBXBuildFile; fileRef = C398252668AB45BAAC9C4E4C /* b2WeldJoint.cpp */; };
		88C63E27479146CEAAF3937A /* b2Joint.cpp in Sources */ = {isa = PBXBuildFile; fileRef = 20FC46E8722A4564B984D4E4 /* b2Joint.cpp */; };
		88F32647853C4AC0B2D84964 /* b2CircleShape.cpp in Sources */ = {isa = PBXBuildFile; fileRef = 4145647CC01D481DBD8965A8 /* b2CircleShape.cpp */; };
		8D68F3487D2342478D0BC492 /* b2PulleyJoint.cpp in Sources */ = {isa = PBXBuildFile; fileRef = A8681AF507F84367B37D6121 /* b2PulleyJoint.cpp */; };
		9C5AD8CA480C498B914E6BFC /* b2Rope.cpp in Sources */ = {isa = PBXBuildFile; fileRef = EF8ECA1F20994F17BE8576D5 /* b2Rope.cpp */; };
		9EDDAB180A0F49DB925A8508 /* b2Draw.cpp in Sources */ = {isa = PBXBuildFile; fileRef = F39A07D36A6B435A8B7332AC /* b2Draw.cpp */; };
		B26B6F603FD14D78B3D1C452 /* b2Collision.cpp in Sources */ = {isa = PBXBuildFile; fileRef = 57A0BD308E884E64B0F4A1D1 /* b2Collision.cpp */; };
		B389391418224B2894D12805 /* b2EdgeAndCircleContact.cpp in Sources */ = {isa = PBXBuildFile; fileRef = E04953EC292A49A3B77CE359 /* b2EdgeAndCircleContact.cpp */; };
		B45E3E87EF4B4CF6B4CAFD9B /* b2CollideEdge.cpp in Sources */ = {isa = PBXBuildFile; fileRef = EB6B52C85D044AD68B42AFF2 /* b2CollideEdge.cpp */; };
		B82F575249D84B6096532562 /* b2PolygonShape.cpp in Sources */ = {isa = PBXBuildFile; fileRef = 5BA128B7ACBE48DEB91C1976 /* b2PolygonShape.cpp */; };
		BE42A6841B294F27840E4379 /* b2World.cpp in Sources */ = {isa = PBXBuildFile; fileRef = E7E5AA8C68B942A09E0E54A6 /* b2World.cpp */; };
		BE9311B9597641D88786E6DB /* b2GearJoint.cpp in Sources */ = {isa = PBXBuildFile; fileRef = 8E7D7790CDEC461CAAE6AC99 /* b2GearJoint.cpp */; };
		C4FD7F4B89DE40CEB80C71DB /* b2Timer.cpp in Sources */ = {isa = PBXBuildFile; fileRef = BAC53DF87DC2449D87F19F6B /* b2Timer.cpp */; };
		C725DFFE121DAC7F00FA186B /* CoreMedia.framework in Frameworks */ = {isa = PBXBuildFile; fileRef = C727C02B121B400300192073 /* CoreMedia.framework */; settings = {ATTRIBUTES = (Weak, ); }; };
		C725E001121DAC8F00FA186B /* AVFoundation.framework in Frameworks */ = {isa = PBXBuildFile; fileRef = C725E000121DAC8F00FA186B /* AVFoundation.framework */; settings = {ATTRIBUTES = (Weak, ); }; };
		C725E001121DAC8FFFFA18FF /* ImageIO.framework in Frameworks */ = {isa = PBXBuildFile; fileRef = 00CFDF6A1138442D0091FFFF /* ImageIO.framework */; };
		C727C02E121B400300192073 /* CoreVideo.framework in Frameworks */ = {isa = PBXBuildFile; fileRef = C727C02D121B400300192073 /* CoreVideo.framework */; settings = {ATTRIBUTES = (Weak, ); }; };
		C7FB19D6124BC0D70045AFD2 /* AudioToolbox.framework in Frameworks */ = {isa = PBXBuildFile; fileRef = C7FB19D5124BC0D70045AFD2 /* AudioToolbox.framework */; };
		C95B4F4343814A4E95E42853 /* b2ChainShape.cpp in Sources */ = {isa = PBXBuildFile; fileRef = D7734765494C477EB137F735 /* b2ChainShape.cpp */; };
		D1329FB676E4428D983500B1 /* b2DynamicTree.cpp in Sources */ = {isa = PBXBuildFile; fileRef = 5C0DA02DB2FB4B98B91BE894 /* b2DynamicTree.cpp */; };
		DDDDE001121DAC8FFFFADDDD /* MobileCoreServices.framework in Frameworks */ = {isa = PBXBuildFile; fileRef = DDDDDF6A1138442D0091DDDD /* MobileCoreServices.framework */; };
		DFA741F51E844BD8948B3798 /* b2EdgeShape.cpp in Sources */ = {isa = PBXBuildFile; fileRef = 5A50B1A35FEA45D2B3FB2D82 /* b2EdgeShape.cpp */; };
		E78C61E179834BA58EDAAE1E /* b2WheelJoint.cpp in Sources */ = {isa = PBXBuildFile; fileRef = 6252DC4B62F041CC87F73BFD /* b2WheelJoint.cpp */; };
		E8A32C62B20D4595957049B3 /* b2RevoluteJoint.cpp in Sources */ = {isa = PBXBuildFile; fileRef = 79F72A910B094A5A8F2A6EB7 /* b2RevoluteJoint.cpp */; };
		EAE9EFBC0F98427E9FB3C149 /* b2MouseJoint.cpp in Sources */ = {isa = PBXBuildFile; fileRef = 8A6D856DB41C432F9C9370FF /* b2MouseJoint.cpp */; };
		EDDB035AAE834353BCF73A22 /* b2Settings.cpp in Sources */ = {isa = PBXBuildFile; fileRef = 4BAC71A252B14A54B132DF4F /* b2Settings.cpp */; };
		EE5B5D6F18EE460F84B3ADFE /* b2ChainAndCircleContact.cpp in Sources */ = {isa = PBXBuildFile; fileRef = 4D586E8A7F6F4E01883AAF88 /* b2ChainAndCircleContact.cpp */; };
		EFCBBF28DCB84ACD8A79307F /* b2Math.cpp in Sources */ = {isa = PBXBuildFile; fileRef = 7C53EEC9877D48C08223E76B /* b2Math.cpp */; };
		F1635B7758944291B818DF3C /* b2WorldCallbacks.cpp in Sources */ = {isa = PBXBuildFile; fileRef = AD56446904284D98B8D1E106 /* b2WorldCallbacks.cpp */; };
		FA9AB4C3DF294560B1E4CD97 /* b2FrictionJoint.cpp in Sources */ = {isa = PBXBuildFile; fileRef = 7E89728657CA4E968B9942AF /* b2FrictionJoint.cpp */; };
		FAE8DAE001254EF19E8F49A4 /* b2Distance.cpp in Sources */ = {isa = PBXBuildFile; fileRef = 8704684C9B104BED9302EE23 /* b2Distance.cpp */; };
/* End PBXBuildFile section */

/* Begin PBXFileReference section */
		00692BCF14FF149000D0A05E /* Sandbox.app */ = {isa = PBXFileReference; explicitFileType = wrapper.application; includeInIndex = 0; path = Sandbox.app; sourceTree = BUILT_PRODUCTS_DIR; };
		00748057165D41390024B57A /* assets */ = {isa = PBXFileReference; lastKnownFileType = folder; name = assets; path = ../assets; sourceTree = "<group>"; };
		0087D25412CD809F002CD69F /* CoreText.framework */ = {isa = PBXFileReference; lastKnownFileType = wrapper.framework; name = CoreText.framework; path = System/Library/Frameworks/CoreText.framework; sourceTree = SDKROOT; };
		00CFDF6A1138442D0091E310 /* CoreGraphics.framework */ = {isa = PBXFileReference; lastKnownFileType = wrapper.framework; name = CoreGraphics.framework; path = System/Library/Frameworks/CoreGraphics.framework; sourceTree = SDKROOT; };
		00CFDF6A1138442D0091FFFF /* ImageIO.framework */ = {isa = PBXFileReference; lastKnownFileType = wrapper.framework; name = ImageIO.framework; path = System/Library/Frameworks/ImageIO.framework; sourceTree = SDKROOT; };
		051B90C5C77E4E7C96C18D40 /* Sandbox.h */ = {isa = PBXFileReference; lastKnownFileType = sourcecode.c.h; name = Sandbox.h; path = ../../../src/sansumbrella/Sandbox.h; sourceTree = "<group>"; };
		0B61325203194EB4ACF16E7F /* b2EdgeAndPolygonContact.cpp */ = {isa = PBXFileReference; lastKnownFileType = sourcecode.c.cpp; name = b2EdgeAndPolygonContact.cpp; path = ../../../src/Box2D/Dynamics/Contacts/b2EdgeAndPolygonContact.cpp; sourceTree = "<group>"; };
		0E9B4C91338543AF8B5256D5 /* Default-568h@2x.png */ = {isa = PBXFileReference; lastKnownFileType = "\"\""; path = "Default-568h@2x.png"; sourceTree = "<group>"; };
		0F325CE1B8EE4399A79983EF /* b2Contact.h */ = {isa = PBXFileReference; lastKnownFileType = sourcecode.c.h; name = b2Contact.h; path = ../../../src/Box2D/Dynamics/Contacts/b2Contact.h; sourceTree = "<group>"; };
		114DD84FF6FF4BC188DAA490 /* b2ChainAndPolygonContact.cpp */ = {isa = PBXFileReference; lastKnownFileType = sourcecode.c.cpp; name = b2ChainAndPolygonContact.cpp; path = ../../../src/Box2D/Dynamics/Contacts/b2ChainAndPolygonContact.cpp; sourceTree = "<group>"; };
		15095AF9176E914C00D745F9 /* Box2DRenderer.h */ = {isa = PBXFileReference; fileEncoding = 4; lastKnownFileType = sourcecode.c.h; name = Box2DRenderer.h; path = ../../../src/sansumbrella/Box2DRenderer.h; sourceTree = "<group>"; };
		15095AFA176E914D00D745F9 /* Box2DRenderer.cpp */ = {isa = PBXFileReference; fileEncoding = 4; lastKnownFileType = sourcecode.cpp.cpp; name = Box2DRenderer.cpp; path = ../../../src/sansumbrella/Box2DRenderer.cpp; sourceTree = "<group>"; };
		15B40722FA354384A10413F0 /* b2Distance.h */ = {isa = PBXFileReference; lastKnownFileType = sourcecode.c.h; name = b2Distance.h; path = ../../../src/Box2D/Collision/b2Distance.h; sourceTree = "<group>"; };
		19432ADE1D954FF19B3B7D8E /* b2DistanceJoint.h */ = {isa = PBXFileReference; lastKnownFileType = sourcecode.c.h; name = b2DistanceJoint.h; path = ../../../src/Box2D/Dynamics/Joints/b2DistanceJoint.h; sourceTree = "<group>"; };
		1C5BC4A4F65D45C28178FAF4 /* b2Timer.h */ = {isa = PBXFileReference; lastKnownFileType = sourcecode.c.h; name = b2Timer.h; path = ../../../src/Box2D/Common/b2Timer.h; sourceTree = "<group>"; };
		1C969D40471E4DBE8D4795A1 /* b2WorldCallbacks.h */ = {isa = PBXFileReference; lastKnownFileType = sourcecode.c.h; name = b2WorldCallbacks.h; path = ../../../src/Box2D/Dynamics/b2WorldCallbacks.h; sourceTree = "<group>"; };
		1D30AB110D05D00D00671497 /* Foundation.framework */ = {isa = PBXFileReference; lastKnownFileType = wrapper.framework; name = Foundation.framework; path = System/Library/Frameworks/Foundation.framework; sourceTree = SDKROOT; };
		1DA5AF69248D4173B0ADBA39 /* b2WeldJoint.h */ = {isa = PBXFileReference; lastKnownFileType = sourcecode.c.h; name = b2WeldJoint.h; path = ../../../src/Box2D/Dynamics/Joints/b2WeldJoint.h; sourceTree = "<group>"; };
		1DF5F4DF0D08C38300B7A737 /* UIKit.framework */ = {isa = PBXFileReference; lastKnownFileType = wrapper.framework; name = UIKit.framework; path = System/Library/Frameworks/UIKit.framework; sourceTree = SDKROOT; };
		20E35A998F064E16BE09DD45 /* b2TimeStep.h */ = {isa = PBXFileReference; lastKnownFileType = sourcecode.c.h; name = b2TimeStep.h; path = ../../../src/Box2D/Dynamics/b2TimeStep.h; sourceTree = "<group>"; };
		20FC46E8722A4564B984D4E4 /* b2Joint.cpp */ = {isa = PBXFileReference; lastKnownFileType = sourcecode.c.cpp; name = b2Joint.cpp; path = ../../../src/Box2D/Dynamics/Joints/b2Joint.cpp; sourceTree = "<group>"; };
		257B8D8BAD2C4C29A761EF9C /* b2BroadPhase.h */ = {isa = PBXFileReference; lastKnownFileType = sourcecode.c.h; name = b2BroadPhase.h; path = ../../../src/Box2D/Collision/b2BroadPhase.h; sourceTree = "<group>"; };
		25EE6D09CA8C4784BD6FB407 /* b2Joint.h */ = {isa = PBXFileReference; lastKnownFileType = sourcecode.c.h; name = b2Joint.h; path = ../../../src/Box2D/Dynamics/Joints/b2Joint.h; sourceTree = "<group>"; };
		27FC638D48D7414BAA47AD93 /* Box2D.h */ = {isa = PBXFileReference; lastKnownFileType = sourcecode.c.h; name = Box2D.h; path = ../../../src/sansumbrella/Box2D.h; sourceTree = "<group>"; };
		284AA17C202D4A26A4C4E302 /* b2StackAllocator.h */ = {isa = PBXFileReference; lastKnownFileType = sourcecode.c.h; name = b2StackAllocator.h; path = ../../../src/Box2D/Common/b2StackAllocator.h; sourceTree = "<group>"; };
		28FD14FF0DC6FC520079059D /* OpenGLES.framework */ = {isa = PBXFileReference; lastKnownFileType = wrapper.framework; name = OpenGLES.framework; path = System/Library/Frameworks/OpenGLES.framework; sourceTree = SDKROOT; };
		28FD15070DC6FC5B0079059D /* QuartzCore.framework */ = {isa = PBXFileReference; lastKnownFileType = wrapper.framework; name = QuartzCore.framework; path = System/Library/Frameworks/QuartzCore.framework; sourceTree = SDKROOT; };
		2CC1F7C771C4494E93AE412A /* b2WheelJoint.h */ = {isa = PBXFileReference; lastKnownFileType = sourcecode.c.h; name = b2WheelJoint.h; path = ../../../src/Box2D/Dynamics/Joints/b2WheelJoint.h; sourceTree = "<group>"; };
		2DDAE4ED354C4AEF9B464BD8 /* b2GrowableStack.h */ = {isa = PBXFileReference; lastKnownFileType = sourcecode.c.h; name = b2GrowableStack.h; path = ../../../src/Box2D/Common/b2GrowableStack.h; sourceTree = "<group>"; };
		3702CDC9B45D4213BCD04F27 /* b2RopeJoint.cpp */ = {isa = PBXFileReference; lastKnownFileType = sourcecode.c.cpp; name = b2RopeJoint.cpp; path = ../../../src/Box2D/Dynamics/Joints/b2RopeJoint.cpp; sourceTree = "<group>"; };
		37BB33D6D69A436CBAF69D36 /* b2TimeOfImpact.h */ = {isa = PBXFileReference; lastKnownFileType = sourcecode.c.h; name = b2TimeOfImpact.h; path = ../../../src/Box2D/Collision/b2TimeOfImpact.h; sourceTree = "<group>"; };
		38E392B2CBBD4AD4B4BC9334 /* Sandbox_Prefix.pch */ = {isa = PBXFileReference; lastKnownFileType = "\"\""; path = Sandbox_Prefix.pch; sourceTree = "<group>"; };
		3A6B4AF7D5D14E9FB345D893 /* b2ContactSolver.h */ = {isa = PBXFileReference; lastKnownFileType = sourcecode.c.h; name = b2ContactSolver.h; path = ../../../src/Box2D/Dynamics/Contacts/b2ContactSolver.h; sourceTree = "<group>"; };
		3BC30778BC7E434CB10EBD4C /* b2Collision.h */ = {isa = PBXFileReference; lastKnownFileType = sourcecode.c.h; name = b2Collision.h; path = ../../../src/Box2D/Collision/b2Collision.h; sourceTree = "<group>"; };
		3C131EEF525D4046A309B5C2 /* b2EdgeAndPolygonContact.h */ = {isa = PBXFileReference; lastKnownFileType = sourcecode.c.h; name = b2EdgeAndPolygonContact.h; path = ../../../src/Box2D/Dynamics/Contacts/b2EdgeAndPolygonContact.h; sourceTree = "<group>"; };
		3C50152D9A8A43C7AE16E6F7 /* b2Math.h */ = {isa = PBXFileReference; lastKnownFileType = sourcecode.c.h; name = b2Math.h; path = ../../../src/Box2D/Common/b2Math.h; sourceTree = "<group>"; };
		4145647CC01D481DBD8965A8 /* b2CircleShape.cpp */ = {isa = PBXFileReference; lastKnownFileType = sourcecode.c.cpp; name = b2CircleShape.cpp; path = ../../../src/Box2D/Collision/Shapes/b2CircleShape.cpp; sourceTree = "<group>"; };
		45A4A45ABEB3430291E1C3FF /* b2StackAllocator.cpp */ = {isa = PBXFileReference; lastKnownFileType = sourcecode.c.cpp; name = b2StackAllocator.cpp; path = ../../../src/Box2D/Common/b2StackAllocator.cpp; sourceTree = "<group>"; };
		486D28067DD743A2825ED483 /* b2CircleContact.cpp */ = {isa = PBXFileReference; lastKnownFileType = sourcecode.c.cpp; name = b2CircleContact.cpp; path = ../../../src/Box2D/Dynamics/Contacts/b2CircleContact.cpp; sourceTree = "<group>"; };
		49EF034D5F9B49DC90A089DD /* b2Island.h */ = {isa = PBXFileReference; lastKnownFileType = sourcecode.c.h; name = b2Island.h; path = ../../../src/Box2D/Dynamics/b2Island.h; sourceTree = "<group>"; };
		4A16649826FC4B0BBAD43598 /* b2MouseJoint.h */ = {isa = PBXFileReference; lastKnownFileType = sourcecode.c.h; name = b2MouseJoint.h; path = ../../../src/Box2D/Dynamics/Joints/b2MouseJoint.h; sourceTree = "<group>"; };
		4BAC71A252B14A54B132DF4F /* b2Settings.cpp */ = {isa = PBXFileReference; lastKnownFileType = sourcecode.c.cpp; name = b2Settings.cpp; path = ../../../src/Box2D/Common/b2Settings.cpp; sourceTree = "<group>"; };
		4C6AC91F919742EA8AEC3C5A /* Box2d.h */ = {isa = PBXFileReference; lastKnownFileType = sourcecode.c.h; name = Box2d.h; path = ../../../src/Box2D/Box2d.h; sourceTree = "<group>"; };
		4D586E8A7F6F4E01883AAF88 /* b2ChainAndCircleContact.cpp */ = {isa = PBXFileReference; lastKnownFileType = sourcecode.c.cpp; name = b2ChainAndCircleContact.cpp; path = ../../../src/Box2D/Dynamics/Contacts/b2ChainAndCircleContact.cpp; sourceTree = "<group>"; };
		5437099ABD7F4A9382F7418A /* b2CircleContact.h */ = {isa = PBXFileReference; lastKnownFileType = sourcecode.c.h; name = b2CircleContact.h; path = ../../../src/Box2D/Dynamics/Contacts/b2CircleContact.h; sourceTree = "<group>"; };
		560B413B48654AD8B048DB94 /* b2ChainAndCircleContact.h */ = {isa = PBXFileReference; lastKnownFileType = sourcecode.c.h; name = b2ChainAndCircleContact.h; path = ../../../src/Box2D/Dynamics/Contacts/b2ChainAndCircleContact.h; sourceTree = "<group>"; };
		562AD07C6FB244B7BF3449B9 /* b2RevoluteJoint.h */ = {isa = PBXFileReference; lastKnownFileType = sourcecode.c.h; name = b2RevoluteJoint.h; path = ../../../src/Box2D/Dynamics/Joints/b2RevoluteJoint.h; sourceTree = "<group>"; };
		57A0BD308E884E64B0F4A1D1 /* b2Collision.cpp */ = {isa = PBXFileReference; lastKnownFileType = sourcecode.c.cpp; name = b2Collision.cpp; path = ../../../src/Box2D/Collision/b2Collision.cpp; sourceTree = "<group>"; };
		58C631304B984514855BCDF1 /* b2PolygonAndCircleContact.cpp */ = {isa = PBXFileReference; lastKnownFileType = sourcecode.c.cpp; name = b2PolygonAndCircleContact.cpp; path = ../../../src/Box2D/Dynamics/Contacts/b2PolygonAndCircleContact.cpp; sourceTree = "<group>"; };
		5A50B1A35FEA45D2B3FB2D82 /* b2EdgeShape.cpp */ = {isa = PBXFileReference; lastKnownFileType = sourcecode.c.cpp; name = b2EdgeShape.cpp; path = ../../../src/Box2D/Collision/Shapes/b2EdgeShape.cpp; sourceTree = "<group>"; };
		5BA128B7ACBE48DEB91C1976 /* b2PolygonShape.cpp */ = {isa = PBXFileReference; lastKnownFileType = sourcecode.c.cpp; name = b2PolygonShape.cpp; path = ../../../src/Box2D/Collision/Shapes/b2PolygonShape.cpp; sourceTree = "<group>"; };
		5C0DA02DB2FB4B98B91BE894 /* b2DynamicTree.cpp */ = {isa = PBXFileReference; lastKnownFileType = sourcecode.c.cpp; name = b2DynamicTree.cpp; path = ../../../src/Box2D/Collision/b2DynamicTree.cpp; sourceTree = "<group>"; };
		5D09B3B898E84E77A13F6EE2 /* b2Fixture.h */ = {isa = PBXFileReference; lastKnownFileType = sourcecode.c.h; name = b2Fixture.h; path = ../../../src/Box2D/Dynamics/b2Fixture.h; sourceTree = "<group>"; };
		5F9CD6248B08478F956B69C7 /* b2World.h */ = {isa = PBXFileReference; lastKnownFileType = sourcecode.c.h; name = b2World.h; path = ../../../src/Box2D/Dynamics/b2World.h; sourceTree = "<group>"; };
		6252DC4B62F041CC87F73BFD /* b2WheelJoint.cpp */ = {isa = PBXFileReference; lastKnownFileType = sourcecode.c.cpp; name = b2WheelJoint.cpp; path = ../../../src/Box2D/Dynamics/Joints/b2WheelJoint.cpp; sourceTree = "<group>"; };
		62A68DEE26F94D81BE6BAB35 /* b2Fixture.cpp */ = {isa = PBXFileReference; lastKnownFileType = sourcecode.c.cpp; name = b2Fixture.cpp; path = ../../../src/Box2D/Dynamics/b2Fixture.cpp; sourceTree = "<group>"; };
		660FCBF0F0204602AED4ADF1 /* b2ContactManager.h */ = {isa = PBXFileReference; lastKnownFileType = sourcecode.c.h; name = b2ContactManager.h; path = ../../../src/Box2D/Dynamics/b2ContactManager.h; sourceTree = "<group>"; };
		6611F276CF9C4D14AD0C5A57 /* PhysicsElement.h */ = {isa = PBXFileReference; lastKnownFileType = sourcecode.c.h; name = PhysicsElement.h; path = ../../../src/sansumbrella/PhysicsElement.h; sourceTree = "<group>"; };
		686E300F8F9841D5B1921048 /* b2TimeOfImpact.cpp */ = {isa = PBXFileReference; lastKnownFileType = sourcecode.c.cpp; name = b2TimeOfImpact.cpp; path = ../../../src/Box2D/Collision/b2TimeOfImpact.cpp; sourceTree = "<group>"; };
		6C11B58EEAF84266B2750FD8 /* b2BlockAllocator.cpp */ = {isa = PBXFileReference; lastKnownFileType = sourcecode.c.cpp; name = b2BlockAllocator.cpp; path = ../../../src/Box2D/Common/b2BlockAllocator.cpp; sourceTree = "<group>"; };
		6C7D0A94E35B454EA17D82EB /* b2CircleShape.h */ = {isa = PBXFileReference; lastKnownFileType = sourcecode.c.h; name = b2CircleShape.h; path = ../../../src/Box2D/Collision/Shapes/b2CircleShape.h; sourceTree = "<group>"; };
		6EFED1F545984995993AF218 /* b2FrictionJoint.h */ = {isa = PBXFileReference; lastKnownFileType = sourcecode.c.h; name = b2FrictionJoint.h; path = ../../../src/Box2D/Dynamics/Joints/b2FrictionJoint.h; sourceTree = "<group>"; };
		70067C5FE3AE42C2B8B4BAB1 /* b2ContactManager.cpp */ = {isa = PBXFileReference; lastKnownFileType = sourcecode.c.cpp; name = b2ContactManager.cpp; path = ../../../src/Box2D/Dynamics/b2ContactManager.cpp; sourceTree = "<group>"; };
		70C0DFA77C6F4FFC9BC994C2 /* b2GearJoint.h */ = {isa = PBXFileReference; lastKnownFileType = sourcecode.c.h; name = b2GearJoint.h; path = ../../../src/Box2D/Dynamics/Joints/b2GearJoint.h; sourceTree = "<group>"; };
		7515C6EDC4F54F23BD6D045A /* Sandbox.cpp */ = {isa = PBXFileReference; lastKnownFileType = sourcecode.c.cpp; name = Sandbox.cpp; path = ../../../src/sansumbrella/Sandbox.cpp; sourceTree = "<group>"; };
		7638307C8B2E473A9B934F32 /* b2CollidePolygon.cpp */ = {isa = PBXFileReference; lastKnownFileType = sourcecode.c.cpp; name = b2CollidePolygon.cpp; path = ../../../src/Box2D/Collision/b2CollidePolygon.cpp; sourceTree = "<group>"; };
		79F72A910B094A5A8F2A6EB7 /* b2RevoluteJoint.cpp */ = {isa = PBXFileReference; lastKnownFileType = sourcecode.c.cpp; name = b2RevoluteJoint.cpp; path = ../../../src/Box2D/Dynamics/Joints/b2RevoluteJoint.cpp; sourceTree = "<group>"; };
		7C53EEC9877D48C08223E76B /* b2Math.cpp */ = {isa = PBXFileReference; lastKnownFileType = sourcecode.c.cpp; name = b2Math.cpp; path = ../../../src/Box2D/Common/b2Math.cpp; sourceTree = "<group>"; };
		7E89728657CA4E968B9942AF /* b2FrictionJoint.cpp */ = {isa = PBXFileReference; lastKnownFileType = sourcecode.c.cpp; name = b2FrictionJoint.cpp; path = ../../../src/Box2D/Dynamics/Joints/b2FrictionJoint.cpp; sourceTree = "<group>"; };
		83F31E01F18C48DF86ADFB10 /* SandboxApp.cpp */ = {isa = PBXFileReference; lastKnownFileType = sourcecode.c.cpp; name = SandboxApp.cpp; path = ../src/SandboxApp.cpp; sourceTree = "<group>"; };
		8704684C9B104BED9302EE23 /* b2Distance.cpp */ = {isa = PBXFileReference; lastKnownFileType = sourcecode.c.cpp; name = b2Distance.cpp; path = ../../../src/Box2D/Collision/b2Distance.cpp; sourceTree = "<group>"; };
		8746B955BC2447F3B0D394EC /* b2Draw.h */ = {isa = PBXFileReference; lastKnownFileType = sourcecode.c.h; name = b2Draw.h; path = ../../../src/Box2D/Common/b2Draw.h; sourceTree = "<group>"; };
		8A6D856DB41C432F9C9370FF /* b2MouseJoint.cpp */ = {isa = PBXFileReference; lastKnownFileType = sourcecode.c.cpp; name = b2MouseJoint.cpp; path = ../../../src/Box2D/Dynamics/Joints/b2MouseJoint.cpp; sourceTree = "<group>"; };
		8AC65FB65BAB4283A2F6BE57 /* b2PolygonContact.cpp */ = {isa = PBXFileReference; lastKnownFileType = sourcecode.c.cpp; name = b2PolygonContact.cpp; path = ../../../src/Box2D/Dynamics/Contacts/b2PolygonContact.cpp; sourceTree = "<group>"; };
		8AFE71967E24419DB0791679 /* b2CollideCircle.cpp */ = {isa = PBXFileReference; lastKnownFileType = sourcecode.c.cpp; name = b2CollideCircle.cpp; path = ../../../src/Box2D/Collision/b2CollideCircle.cpp; sourceTree = "<group>"; };
		8E7D7790CDEC461CAAE6AC99 /* b2GearJoint.cpp */ = {isa = PBXFileReference; lastKnownFileType = sourcecode.c.cpp; name = b2GearJoint.cpp; path = ../../../src/Box2D/Dynamics/Joints/b2GearJoint.cpp; sourceTree = "<group>"; };
		9A94FC4B575A48EC97FE7C3C /* b2BlockAllocator.h */ = {isa = PBXFileReference; lastKnownFileType = sourcecode.c.h; name = b2BlockAllocator.h; path = ../../../src/Box2D/Common/b2BlockAllocator.h; sourceTree = "<group>"; };
		A28B3246D01341C18FF6F702 /* b2Shape.h */ = {isa = PBXFileReference; lastKnownFileType = sourcecode.c.h; name = b2Shape.h; path = ../../../src/Box2D/Collision/Shapes/b2Shape.h; sourceTree = "<group>"; };
		A2CF41729BBE49868EF33218 /* Resources.h */ = {isa = PBXFileReference; lastKnownFileType = sourcecode.c.h; name = Resources.h; path = ../include/Resources.h; sourceTree = "<group>"; };
		A424076E9E0C414D81363155 /* b2EdgeShape.h */ = {isa = PBXFileReference; lastKnownFileType = sourcecode.c.h; name = b2EdgeShape.h; path = ../../../src/Box2D/Collision/Shapes/b2EdgeShape.h; sourceTree = "<group>"; };
		A6BBE803DA304FC0A9E410F0 /* b2ChainShape.h */ = {isa = PBXFileReference; lastKnownFileType = sourcecode.c.h; name = b2ChainShape.h; path = ../../../src/Box2D/Collision/Shapes/b2ChainShape.h; sourceTree = "<group>"; };
		A71DEAE02CE64FC880F14749 /* b2DynamicTree.h */ = {isa = PBXFileReference; lastKnownFileType = sourcecode.c.h; name = b2DynamicTree.h; path = ../../../src/Box2D/Collision/b2DynamicTree.h; sourceTree = "<group>"; };
		A8681AF507F84367B37D6121 /* b2PulleyJoint.cpp */ = {isa = PBXFileReference; lastKnownFileType = sourcecode.c.cpp; name = b2PulleyJoint.cpp; path = ../../../src/Box2D/Dynamics/Joints/b2PulleyJoint.cpp; sourceTree = "<group>"; };
		A9889000CE1A49D1BA804604 /* Info.plist */ = {isa = PBXFileReference; lastKnownFileType = text.plist.xml; path = Info.plist; sourceTree = "<group>"; };
		AA1295A9884F4E0687CF91CF /* b2PolygonContact.h */ = {isa = PBXFileReference; lastKnownFileType = sourcecode.c.h; name = b2PolygonContact.h; path = ../../../src/Box2D/Dynamics/Contacts/b2PolygonContact.h; sourceTree = "<group>"; };
		AB5B067F5B28422380FC17F6 /* b2ContactSolver.cpp */ = {isa = PBXFileReference; lastKnownFileType = sourcecode.c.cpp; name = b2ContactSolver.cpp; path = ../../../src/Box2D/Dynamics/Contacts/b2ContactSolver.cpp; sourceTree = "<group>"; };
		AD56446904284D98B8D1E106 /* b2WorldCallbacks.cpp */ = {isa = PBXFileReference; lastKnownFileType = sourcecode.c.cpp; name = b2WorldCallbacks.cpp; path = ../../../src/Box2D/Dynamics/b2WorldCallbacks.cpp; sourceTree = "<group>"; };
		ADD63FF36A9D4266927FD532 /* b2Body.cpp */ = {isa = PBXFileReference; lastKnownFileType = sourcecode.c.cpp; name = b2Body.cpp; path = ../../../src/Box2D/Dynamics/b2Body.cpp; sourceTree = "<group>"; };
		AF1B0F62EC364EECA190F2FD /* b2DistanceJoint.cpp */ = {isa = PBXFileReference; lastKnownFileType = sourcecode.c.cpp; name = b2DistanceJoint.cpp; path = ../../../src/Box2D/Dynamics/Joints/b2DistanceJoint.cpp; sourceTree = "<group>"; };
		AFC036B526E64DD79821567F /* CinderApp_ios.png */ = {isa = PBXFileReference; lastKnownFileType = "\"\""; name = CinderApp_ios.png; path = ../resources/CinderApp_ios.png; sourceTree = "<group>"; };
		BAC53DF87DC2449D87F19F6B /* b2Timer.cpp */ = {isa = PBXFileReference; lastKnownFileType = sourcecode.c.cpp; name = b2Timer.cpp; path = ../../../src/Box2D/Common/b2Timer.cpp; sourceTree = "<group>"; };
		BBFCF41DE3AD4028B946D670 /* b2EdgeAndCircleContact.h */ = {isa = PBXFileReference; lastKnownFileType = sourcecode.c.h; name = b2EdgeAndCircleContact.h; path = ../../../src/Box2D/Dynamics/Contacts/b2EdgeAndCircleContact.h; sourceTree = "<group>"; };
		BC97F4FB6ED2438684C84747 /* b2Body.h */ = {isa = PBXFileReference; lastKnownFileType = sourcecode.c.h; name = b2Body.h; path = ../../../src/Box2D/Dynamics/b2Body.h; sourceTree = "<group>"; };
		BFC860F7B17F44C6953986C3 /* b2PolygonShape.h */ = {isa = PBXFileReference; lastKnownFileType = sourcecode.c.h; name = b2PolygonShape.h; path = ../../../src/Box2D/Collision/Shapes/b2PolygonShape.h; sourceTree = "<group>"; };
		BFF76D74636F423B9710F674 /* b2PrismaticJoint.h */ = {isa = PBXFileReference; lastKnownFileType = sourcecode.c.h; name = b2PrismaticJoint.h; path = ../../../src/Box2D/Dynamics/Joints/b2PrismaticJoint.h; sourceTree = "<group>"; };
		C2427327BCCF4A70B34A5447 /* b2ChainAndPolygonContact.h */ = {isa = PBXFileReference; lastKnownFileType = sourcecode.c.h; name = b2ChainAndPolygonContact.h; path = ../../../src/Box2D/Dynamics/Contacts/b2ChainAndPolygonContact.h; sourceTree = "<group>"; };
		C398252668AB45BAAC9C4E4C /* b2WeldJoint.cpp */ = {isa = PBXFileReference; lastKnownFileType = sourcecode.c.cpp; name = b2WeldJoint.cpp; path = ../../../src/Box2D/Dynamics/Joints/b2WeldJoint.cpp; sourceTree = "<group>"; };
		C4E5D9048B0E4111AD8286B3 /* b2PulleyJoint.h */ = {isa = PBXFileReference; lastKnownFileType = sourcecode.c.h; name = b2PulleyJoint.h; path = ../../../src/Box2D/Dynamics/Joints/b2PulleyJoint.h; sourceTree = "<group>"; };
		C725E000121DAC8F00FA186B /* AVFoundation.framework */ = {isa = PBXFileReference; lastKnownFileType = wrapper.framework; name = AVFoundation.framework; path = System/Library/Frameworks/AVFoundation.framework; sourceTree = SDKROOT; };
		C727C02B121B400300192073 /* CoreMedia.framework */ = {isa = PBXFileReference; lastKnownFileType = wrapper.framework; name = CoreMedia.framework; path = System/Library/Frameworks/CoreMedia.framework; sourceTree = SDKROOT; };
		C727C02D121B400300192073 /* CoreVideo.framework */ = {isa = PBXFileReference; lastKnownFileType = wrapper.framework; name = CoreVideo.framework; path = System/Library/Frameworks/CoreVideo.framework; sourceTree = SDKROOT; };
		C7FB19D5124BC0D70045AFD2 /* AudioToolbox.framework */ = {isa = PBXFileReference; lastKnownFileType = wrapper.framework; name = AudioToolbox.framework; path = System/Library/Frameworks/AudioToolbox.framework; sourceTree = SDKROOT; };
		CBAD5378AC0944BE8F686683 /* b2BroadPhase.cpp */ = {isa = PBXFileReference; lastKnownFileType = sourcecode.c.cpp; name = b2BroadPhase.cpp; path = ../../../src/Box2D/Collision/b2BroadPhase.cpp; sourceTree = "<group>"; };
		CD2993A5EFB848F7B62AC75A /* b2Settings.h */ = {isa = PBXFileReference; lastKnownFileType = sourcecode.c.h; name = b2Settings.h; path = ../../../src/Box2D/Common/b2Settings.h; sourceTree = "<group>"; };
		D73D3E914FF1455CBF5AA65A /* b2Contact.cpp */ = {isa = PBXFileReference; lastKnownFileType = sourcecode.c.cpp; name = b2Contact.cpp; path = ../../../src/Box2D/Dynamics/Contacts/b2Contact.cpp; sourceTree = "<group>"; };
		D7734765494C477EB137F735 /* b2ChainShape.cpp */ = {isa = PBXFileReference; lastKnownFileType = sourcecode.c.cpp; name = b2ChainShape.cpp; path = ../../../src/Box2D/Collision/Shapes/b2ChainShape.cpp; sourceTree = "<group>"; };
		DDDDDF6A1138442D0091DDDD /* MobileCoreServices.framework */ = {isa = PBXFileReference; lastKnownFileType = wrapper.framework; name = MobileCoreServices.framework; path = System/Library/Frameworks/MobileCoreServices.framework; sourceTree = SDKROOT; };
		DE19D6834A1D4F0E9B1873E5 /* b2PrismaticJoint.cpp */ = {isa = PBXFileReference; lastKnownFileType = sourcecode.c.cpp; name = b2PrismaticJoint.cpp; path = ../../../src/Box2D/Dynamics/Joints/b2PrismaticJoint.cpp; sourceTree = "<group>"; };
		E04953EC292A49A3B77CE359 /* b2EdgeAndCircleContact.cpp */ = {isa = PBXFileReference; lastKnownFileType = sourcecode.c.cpp; name = b2EdgeAndCircleContact.cpp; path = ../../../src/Box2D/Dynamics/Contacts/b2EdgeAndCircleContact.cpp; sourceTree = "<group>"; };
		E24E6317BD84441095FC5E95 /* PhysicsElement.cpp */ = {isa = PBXFileReference; lastKnownFileType = sourcecode.c.cpp; name = PhysicsElement.cpp; path = ../../../src/sansumbrella/PhysicsElement.cpp; sourceTree = "<group>"; };
		E4D232D7F4414A4985692C83 /* b2PolygonAndCircleContact.h */ = {isa = PBXFileReference; lastKnownFileType = sourcecode.c.h; name = b2PolygonAndCircleContact.h; path = ../../../src/Box2D/Dynamics/Contacts/b2PolygonAndCircleContact.h; sourceTree = "<group>"; };
		E7E5AA8C68B942A09E0E54A6 /* b2World.cpp */ = {isa = PBXFileReference; lastKnownFileType = sourcecode.c.cpp; name = b2World.cpp; path = ../../../src/Box2D/Dynamics/b2World.cpp; sourceTree = "<group>"; };
		EB6B52C85D044AD68B42AFF2 /* b2CollideEdge.cpp */ = {isa = PBXFileReference; lastKnownFileType = sourcecode.c.cpp; name = b2CollideEdge.cpp; path = ../../../src/Box2D/Collision/b2CollideEdge.cpp; sourceTree = "<group>"; };
		EF8ECA1F20994F17BE8576D5 /* b2Rope.cpp */ = {isa = PBXFileReference; lastKnownFileType = sourcecode.c.cpp; name = b2Rope.cpp; path = ../../../src/Box2D/Rope/b2Rope.cpp; sourceTree = "<group>"; };
		F39A07D36A6B435A8B7332AC /* b2Draw.cpp */ = {isa = PBXFileReference; lastKnownFileType = sourcecode.c.cpp; name = b2Draw.cpp; path = ../../../src/Box2D/Common/b2Draw.cpp; sourceTree = "<group>"; };
		F43577B3C40848308BC3FDAF /* b2Rope.h */ = {isa = PBXFileReference; lastKnownFileType = sourcecode.c.h; name = b2Rope.h; path = ../../../src/Box2D/Rope/b2Rope.h; sourceTree = "<group>"; };
		FAD2BB6D7F9440D99AFC3D45 /* b2Island.cpp */ = {isa = PBXFileReference; lastKnownFileType = sourcecode.c.cpp; name = b2Island.cpp; path = ../../../src/Box2D/Dynamics/b2Island.cpp; sourceTree = "<group>"; };
		FD76694589074012A4230AE6 /* b2RopeJoint.h */ = {isa = PBXFileReference; lastKnownFileType = sourcecode.c.h; name = b2RopeJoint.h; path = ../../../src/Box2D/Dynamics/Joints/b2RopeJoint.h; sourceTree = "<group>"; };
/* End PBXFileReference section */

/* Begin PBXFrameworksBuildPhase section */
		00692BCC14FF149000D0A05E /* Frameworks */ = {
			isa = PBXFrameworksBuildPhase;
			buildActionMask = 2147483647;
			files = (
				C725E001121DAC8F00FA186B /* AVFoundation.framework in Frameworks */,
				C725DFFE121DAC7F00FA186B /* CoreMedia.framework in Frameworks */,
				C725E001121DAC8FFFFA18FF /* ImageIO.framework in Frameworks */,
				DDDDE001121DAC8FFFFADDDD /* MobileCoreServices.framework in Frameworks */,
				1D60589F0D05DD5A006BFB54 /* Foundation.framework in Frameworks */,
				1DF5F4E00D08C38300B7A737 /* UIKit.framework in Frameworks */,
				28FD15000DC6FC520079059D /* OpenGLES.framework in Frameworks */,
				28FD15080DC6FC5B0079059D /* QuartzCore.framework in Frameworks */,
				00CFDF6B1138442D0091E310 /* CoreGraphics.framework in Frameworks */,
				C727C02E121B400300192073 /* CoreVideo.framework in Frameworks */,
				C7FB19D6124BC0D70045AFD2 /* AudioToolbox.framework in Frameworks */,
				0087D25512CD809F002CD69F /* CoreText.framework in Frameworks */,
			);
			runOnlyForDeploymentPostprocessing = 0;
		};
/* End PBXFrameworksBuildPhase section */

/* Begin PBXGroup section */
		00692BC414FF149000D0A05E = {
			isa = PBXGroup;
			children = (
				99692BD914FF149000DFFFFF /* Blocks */,
				99692BD914FF149000D0A05F /* Headers */,
				00692BD914FF149000D0A05E /* Source */,
				00692BD914FF149000D0FFFF /* Resources */,
				00692BD214FF149000D0A05E /* Frameworks */,
				00692BD014FF149000D0A05E /* Products */,
			);
			sourceTree = "<group>";
		};
		00692BD014FF149000D0A05E /* Products */ = {
			isa = PBXGroup;
			children = (
				00692BCF14FF149000D0A05E /* Sandbox.app */,
			);
			name = Products;
			sourceTree = "<group>";
		};
		00692BD214FF149000D0A05E /* Frameworks */ = {
			isa = PBXGroup;
			children = (
				C7FB19D5124BC0D70045AFD2 /* AudioToolbox.framework */,
				C727C02B121B400300192073 /* CoreMedia.framework */,
				C727C02D121B400300192073 /* CoreVideo.framework */,
				28FD15070DC6FC5B0079059D /* QuartzCore.framework */,
				28FD14FF0DC6FC520079059D /* OpenGLES.framework */,
				1DF5F4DF0D08C38300B7A737 /* UIKit.framework */,
				1D30AB110D05D00D00671497 /* Foundation.framework */,
				00CFDF6A1138442D0091E310 /* CoreGraphics.framework */,
				00CFDF6A1138442D0091FFFF /* ImageIO.framework */,
				DDDDDF6A1138442D0091DDDD /* MobileCoreServices.framework */,
				C725E000121DAC8F00FA186B /* AVFoundation.framework */,
				0087D25412CD809F002CD69F /* CoreText.framework */,
			);
			name = Frameworks;
			sourceTree = "<group>";
		};
		00692BD914FF149000D0A05E /* Source */ = {
			isa = PBXGroup;
			children = (
				83F31E01F18C48DF86ADFB10 /* SandboxApp.cpp */,
			);
			name = Source;
			sourceTree = "<group>";
		};
		00692BD914FF149000D0FFFF /* Resources */ = {
			isa = PBXGroup;
			children = (
				00748057165D41390024B57A /* assets */,
				AFC036B526E64DD79821567F /* CinderApp_ios.png */,
				0E9B4C91338543AF8B5256D5 /* Default-568h@2x.png */,
				A9889000CE1A49D1BA804604 /* Info.plist */,
			);
			name = Resources;
			sourceTree = "<group>";
		};
		03FC5B2541624BD79EFEBDEF /* Shapes */ = {
			isa = PBXGroup;
			children = (
				D7734765494C477EB137F735 /* b2ChainShape.cpp */,
				4145647CC01D481DBD8965A8 /* b2CircleShape.cpp */,
				5A50B1A35FEA45D2B3FB2D82 /* b2EdgeShape.cpp */,
				5BA128B7ACBE48DEB91C1976 /* b2PolygonShape.cpp */,
				A6BBE803DA304FC0A9E410F0 /* b2ChainShape.h */,
				6C7D0A94E35B454EA17D82EB /* b2CircleShape.h */,
				A424076E9E0C414D81363155 /* b2EdgeShape.h */,
				BFC860F7B17F44C6953986C3 /* b2PolygonShape.h */,
				A28B3246D01341C18FF6F702 /* b2Shape.h */,
			);
			name = Shapes;
			sourceTree = "<group>";
		};
		11E72B3F2B1249E49E6D9C17 /* src */ = {
			isa = PBXGroup;
			children = (
				73CEAA3D14C54BE9A424C311 /* Box2D */,
				C3EED93787C94A5189BE0B88 /* sansumbrella */,
			);
			name = src;
			sourceTree = "<group>";
		};
		4B1CC88676504E04A11914C9 /* Collision */ = {
			isa = PBXGroup;
			children = (
				CBAD5378AC0944BE8F686683 /* b2BroadPhase.cpp */,
				8AFE71967E24419DB0791679 /* b2CollideCircle.cpp */,
				EB6B52C85D044AD68B42AFF2 /* b2CollideEdge.cpp */,
				7638307C8B2E473A9B934F32 /* b2CollidePolygon.cpp */,
				57A0BD308E884E64B0F4A1D1 /* b2Collision.cpp */,
				8704684C9B104BED9302EE23 /* b2Distance.cpp */,
				5C0DA02DB2FB4B98B91BE894 /* b2DynamicTree.cpp */,
				686E300F8F9841D5B1921048 /* b2TimeOfImpact.cpp */,
				257B8D8BAD2C4C29A761EF9C /* b2BroadPhase.h */,
				3BC30778BC7E434CB10EBD4C /* b2Collision.h */,
				15B40722FA354384A10413F0 /* b2Distance.h */,
				A71DEAE02CE64FC880F14749 /* b2DynamicTree.h */,
				37BB33D6D69A436CBAF69D36 /* b2TimeOfImpact.h */,
				03FC5B2541624BD79EFEBDEF /* Shapes */,
			);
			name = Collision;
			sourceTree = "<group>";
		};
		53A1C04E06124281BF521538 /* Box2D */ = {
			isa = PBXGroup;
			children = (
				11E72B3F2B1249E49E6D9C17 /* src */,
			);
			name = Box2D;
			sourceTree = "<group>";
		};
		73CEAA3D14C54BE9A424C311 /* Box2D */ = {
			isa = PBXGroup;
			children = (
				4B1CC88676504E04A11914C9 /* Collision */,
				9FC2F17E437443DEA501E133 /* Common */,
				D06A4A55C16D489DA2760F06 /* Dynamics */,
				BDE798AB52EB4B6EA4D23B9F /* Rope */,
				4C6AC91F919742EA8AEC3C5A /* Box2d.h */,
			);
			name = Box2D;
			sourceTree = "<group>";
		};
		81C472C22A2142D590AE88CA /* Contacts */ = {
			isa = PBXGroup;
			children = (
				4D586E8A7F6F4E01883AAF88 /* b2ChainAndCircleContact.cpp */,
				114DD84FF6FF4BC188DAA490 /* b2ChainAndPolygonContact.cpp */,
				486D28067DD743A2825ED483 /* b2CircleContact.cpp */,
				D73D3E914FF1455CBF5AA65A /* b2Contact.cpp */,
				AB5B067F5B28422380FC17F6 /* b2ContactSolver.cpp */,
				E04953EC292A49A3B77CE359 /* b2EdgeAndCircleContact.cpp */,
				0B61325203194EB4ACF16E7F /* b2EdgeAndPolygonContact.cpp */,
				58C631304B984514855BCDF1 /* b2PolygonAndCircleContact.cpp */,
				8AC65FB65BAB4283A2F6BE57 /* b2PolygonContact.cpp */,
				560B413B48654AD8B048DB94 /* b2ChainAndCircleContact.h */,
				C2427327BCCF4A70B34A5447 /* b2ChainAndPolygonContact.h */,
				5437099ABD7F4A9382F7418A /* b2CircleContact.h */,
				0F325CE1B8EE4399A79983EF /* b2Contact.h */,
				3A6B4AF7D5D14E9FB345D893 /* b2ContactSolver.h */,
				BBFCF41DE3AD4028B946D670 /* b2EdgeAndCircleContact.h */,
				3C131EEF525D4046A309B5C2 /* b2EdgeAndPolygonContact.h */,
				E4D232D7F4414A4985692C83 /* b2PolygonAndCircleContact.h */,
				AA1295A9884F4E0687CF91CF /* b2PolygonContact.h */,
			);
			name = Contacts;
			sourceTree = "<group>";
		};
		8CFDD28FEB5F4B0BA245C0BD /* Joints */ = {
			isa = PBXGroup;
			children = (
				AF1B0F62EC364EECA190F2FD /* b2DistanceJoint.cpp */,
				7E89728657CA4E968B9942AF /* b2FrictionJoint.cpp */,
				8E7D7790CDEC461CAAE6AC99 /* b2GearJoint.cpp */,
				20FC46E8722A4564B984D4E4 /* b2Joint.cpp */,
				8A6D856DB41C432F9C9370FF /* b2MouseJoint.cpp */,
				DE19D6834A1D4F0E9B1873E5 /* b2PrismaticJoint.cpp */,
				A8681AF507F84367B37D6121 /* b2PulleyJoint.cpp */,
				79F72A910B094A5A8F2A6EB7 /* b2RevoluteJoint.cpp */,
				3702CDC9B45D4213BCD04F27 /* b2RopeJoint.cpp */,
				C398252668AB45BAAC9C4E4C /* b2WeldJoint.cpp */,
				6252DC4B62F041CC87F73BFD /* b2WheelJoint.cpp */,
				19432ADE1D954FF19B3B7D8E /* b2DistanceJoint.h */,
				6EFED1F545984995993AF218 /* b2FrictionJoint.h */,
				70C0DFA77C6F4FFC9BC994C2 /* b2GearJoint.h */,
				25EE6D09CA8C4784BD6FB407 /* b2Joint.h */,
				4A16649826FC4B0BBAD43598 /* b2MouseJoint.h */,
				BFF76D74636F423B9710F674 /* b2PrismaticJoint.h */,
				C4E5D9048B0E4111AD8286B3 /* b2PulleyJoint.h */,
				562AD07C6FB244B7BF3449B9 /* b2RevoluteJoint.h */,
				FD76694589074012A4230AE6 /* b2RopeJoint.h */,
				1DA5AF69248D4173B0ADBA39 /* b2WeldJoint.h */,
				2CC1F7C771C4494E93AE412A /* b2WheelJoint.h */,
			);
			name = Joints;
			sourceTree = "<group>";
		};
		99692BD914FF149000D0A05F /* Headers */ = {
			isa = PBXGroup;
			children = (
				A2CF41729BBE49868EF33218 /* Resources.h */,
				38E392B2CBBD4AD4B4BC9334 /* Sandbox_Prefix.pch */,
			);
			name = Headers;
			sourceTree = "<group>";
		};
		99692BD914FF149000DFFFFF /* Blocks */ = {
			isa = PBXGroup;
			children = (
				53A1C04E06124281BF521538 /* Box2D */,
			);
			name = Blocks;
			sourceTree = "<group>";
		};
		9FC2F17E437443DEA501E133 /* Common */ = {
			isa = PBXGroup;
			children = (
				6C11B58EEAF84266B2750FD8 /* b2BlockAllocator.cpp */,
				F39A07D36A6B435A8B7332AC /* b2Draw.cpp */,
				7C53EEC9877D48C08223E76B /* b2Math.cpp */,
				4BAC71A252B14A54B132DF4F /* b2Settings.cpp */,
				45A4A45ABEB3430291E1C3FF /* b2StackAllocator.cpp */,
				BAC53DF87DC2449D87F19F6B /* b2Timer.cpp */,
				9A94FC4B575A48EC97FE7C3C /* b2BlockAllocator.h */,
				8746B955BC2447F3B0D394EC /* b2Draw.h */,
				2DDAE4ED354C4AEF9B464BD8 /* b2GrowableStack.h */,
				3C50152D9A8A43C7AE16E6F7 /* b2Math.h */,
				CD2993A5EFB848F7B62AC75A /* b2Settings.h */,
				284AA17C202D4A26A4C4E302 /* b2StackAllocator.h */,
				1C5BC4A4F65D45C28178FAF4 /* b2Timer.h */,
			);
			name = Common;
			sourceTree = "<group>";
		};
		BDE798AB52EB4B6EA4D23B9F /* Rope */ = {
			isa = PBXGroup;
			children = (
				EF8ECA1F20994F17BE8576D5 /* b2Rope.cpp */,
				F43577B3C40848308BC3FDAF /* b2Rope.h */,
			);
			name = Rope;
			sourceTree = "<group>";
		};
		C3EED93787C94A5189BE0B88 /* sansumbrella */ = {
			isa = PBXGroup;
			children = (
				15095AF9176E914C00D745F9 /* Box2DRenderer.h */,
				15095AFA176E914D00D745F9 /* Box2DRenderer.cpp */,
				27FC638D48D7414BAA47AD93 /* Box2D.h */,
				6611F276CF9C4D14AD0C5A57 /* PhysicsElement.h */,
				051B90C5C77E4E7C96C18D40 /* Sandbox.h */,
				E24E6317BD84441095FC5E95 /* PhysicsElement.cpp */,
				7515C6EDC4F54F23BD6D045A /* Sandbox.cpp */,
			);
			name = sansumbrella;
			sourceTree = "<group>";
		};
		D06A4A55C16D489DA2760F06 /* Dynamics */ = {
			isa = PBXGroup;
			children = (
				ADD63FF36A9D4266927FD532 /* b2Body.cpp */,
				70067C5FE3AE42C2B8B4BAB1 /* b2ContactManager.cpp */,
				62A68DEE26F94D81BE6BAB35 /* b2Fixture.cpp */,
				FAD2BB6D7F9440D99AFC3D45 /* b2Island.cpp */,
				E7E5AA8C68B942A09E0E54A6 /* b2World.cpp */,
				AD56446904284D98B8D1E106 /* b2WorldCallbacks.cpp */,
				BC97F4FB6ED2438684C84747 /* b2Body.h */,
				660FCBF0F0204602AED4ADF1 /* b2ContactManager.h */,
				5D09B3B898E84E77A13F6EE2 /* b2Fixture.h */,
				49EF034D5F9B49DC90A089DD /* b2Island.h */,
				20E35A998F064E16BE09DD45 /* b2TimeStep.h */,
				5F9CD6248B08478F956B69C7 /* b2World.h */,
				1C969D40471E4DBE8D4795A1 /* b2WorldCallbacks.h */,
				81C472C22A2142D590AE88CA /* Contacts */,
				8CFDD28FEB5F4B0BA245C0BD /* Joints */,
			);
			name = Dynamics;
			sourceTree = "<group>";
		};
/* End PBXGroup section */

/* Begin PBXNativeTarget section */
		00692BCE14FF149000D0A05E /* Sandbox */ = {
			isa = PBXNativeTarget;
			buildConfigurationList = 00692BF514FF149000D0A05E /* Build configuration list for PBXNativeTarget "Sandbox" */;
			buildPhases = (
				00692BCB14FF149000D0A05E /* Sources */,
				00692BCC14FF149000D0A05E /* Frameworks */,
				00692BCD14FF149000D0A05E /* Resources */,
			);
			buildRules = (
			);
			dependencies = (
			);
			name = Sandbox;
			productName = Sandbox;
			productReference = 00692BCF14FF149000D0A05E /* Sandbox.app */;
			productType = "com.apple.product-type.application";
		};
/* End PBXNativeTarget section */

/* Begin PBXProject section */
		00692BC614FF149000D0A05E /* Project object */ = {
			isa = PBXProject;
			buildConfigurationList = 00692BC914FF149000D0A05E /* Build configuration list for PBXProject "Sandbox" */;
			compatibilityVersion = "Xcode 3.2";
			developmentRegion = English;
			hasScannedForEncodings = 0;
			knownRegions = (
				en,
			);
			mainGroup = 00692BC414FF149000D0A05E;
			productRefGroup = 00692BD014FF149000D0A05E /* Products */;
			projectDirPath = "";
			projectRoot = "";
			targets = (
				00692BCE14FF149000D0A05E /* Sandbox */,
			);
		};
/* End PBXProject section */

/* Begin PBXResourcesBuildPhase section */
		00692BCD14FF149000D0A05E /* Resources */ = {
			isa = PBXResourcesBuildPhase;
			buildActionMask = 2147483647;
			files = (
				00748058165D41390024B57A /* assets in Resources */,
				369C327FA6F04C5DAD7A55B4 /* CinderApp_ios.png in Resources */,
				3ED323DD99644ECEB8BA3B99 /* Default-568h@2x.png in Resources */,
			);
			runOnlyForDeploymentPostprocessing = 0;
		};
/* End PBXResourcesBuildPhase section */

/* Begin PBXSourcesBuildPhase section */
		00692BCB14FF149000D0A05E /* Sources */ = {
			isa = PBXSourcesBuildPhase;
			buildActionMask = 2147483647;
			files = (
				856BFD87415541E2BB2590BA /* SandboxApp.cpp in Sources */,
				0F3B8B15B2324BA58674C77F /* b2BroadPhase.cpp in Sources */,
				6A6ED684EA434399A0D58FA2 /* b2CollideCircle.cpp in Sources */,
				B45E3E87EF4B4CF6B4CAFD9B /* b2CollideEdge.cpp in Sources */,
				68F5F93ED3984F16991C54B3 /* b2CollidePolygon.cpp in Sources */,
				B26B6F603FD14D78B3D1C452 /* b2Collision.cpp in Sources */,
				FAE8DAE001254EF19E8F49A4 /* b2Distance.cpp in Sources */,
				D1329FB676E4428D983500B1 /* b2DynamicTree.cpp in Sources */,
				1D0E1EC1B62441C197356D83 /* b2TimeOfImpact.cpp in Sources */,
				C95B4F4343814A4E95E42853 /* b2ChainShape.cpp in Sources */,
				88F32647853C4AC0B2D84964 /* b2CircleShape.cpp in Sources */,
				DFA741F51E844BD8948B3798 /* b2EdgeShape.cpp in Sources */,
				B82F575249D84B6096532562 /* b2PolygonShape.cpp in Sources */,
				4956543BCBEB4F4282931E77 /* b2BlockAllocator.cpp in Sources */,
				9EDDAB180A0F49DB925A8508 /* b2Draw.cpp in Sources */,
				EFCBBF28DCB84ACD8A79307F /* b2Math.cpp in Sources */,
				EDDB035AAE834353BCF73A22 /* b2Settings.cpp in Sources */,
				72D1B9C14EDA4C0884B34D87 /* b2StackAllocator.cpp in Sources */,
				C4FD7F4B89DE40CEB80C71DB /* b2Timer.cpp in Sources */,
				28B73BA116D74CCF87BD3982 /* b2Body.cpp in Sources */,
				730FDE0A962F4454928E3EE4 /* b2ContactManager.cpp in Sources */,
				3A89160866ED40AA82AC1707 /* b2Fixture.cpp in Sources */,
				0C687A4DF9AF482EAB4A5F7A /* b2Island.cpp in Sources */,
				BE42A6841B294F27840E4379 /* b2World.cpp in Sources */,
				F1635B7758944291B818DF3C /* b2WorldCallbacks.cpp in Sources */,
				EE5B5D6F18EE460F84B3ADFE /* b2ChainAndCircleContact.cpp in Sources */,
				10098C17EA8847C9AB50DB13 /* b2ChainAndPolygonContact.cpp in Sources */,
				5912CE54BACD4C8FBBEF9406 /* b2CircleContact.cpp in Sources */,
				157BA6AE669E4C0C9F117DA9 /* b2Contact.cpp in Sources */,
				40ABB391DDA04BC986E02842 /* b2ContactSolver.cpp in Sources */,
				B389391418224B2894D12805 /* b2EdgeAndCircleContact.cpp in Sources */,
				386A6C8764F944F1B3028158 /* b2EdgeAndPolygonContact.cpp in Sources */,
				287FC8E37D76404C82221E07 /* b2PolygonAndCircleContact.cpp in Sources */,
				46FE92BB707F427CA81418B5 /* b2PolygonContact.cpp in Sources */,
				426F7A57C23644F8968A2BA2 /* b2DistanceJoint.cpp in Sources */,
				FA9AB4C3DF294560B1E4CD97 /* b2FrictionJoint.cpp in Sources */,
				BE9311B9597641D88786E6DB /* b2GearJoint.cpp in Sources */,
				88C63E27479146CEAAF3937A /* b2Joint.cpp in Sources */,
				EAE9EFBC0F98427E9FB3C149 /* b2MouseJoint.cpp in Sources */,
				27DC5BF2F2D447FD95AED936 /* b2PrismaticJoint.cpp in Sources */,
				8D68F3487D2342478D0BC492 /* b2PulleyJoint.cpp in Sources */,
				E8A32C62B20D4595957049B3 /* b2RevoluteJoint.cpp in Sources */,
				57F9A1DCD0234D05A6E48DB0 /* b2RopeJoint.cpp in Sources */,
				85F810AA86AF460A9D5091EA /* b2WeldJoint.cpp in Sources */,
				E78C61E179834BA58EDAAE1E /* b2WheelJoint.cpp in Sources */,
				9C5AD8CA480C498B914E6BFC /* b2Rope.cpp in Sources */,
				7AB5656FC5C14CF5A1F1CB94 /* Sandbox.cpp in Sources */,
				15095AFB176E914D00D745F9 /* Box2DRenderer.cpp in Sources */,
			);
			runOnlyForDeploymentPostprocessing = 0;
		};
/* End PBXSourcesBuildPhase section */

/* Begin XCBuildConfiguration section */
		00692BF314FF149000D0A05E /* Debug */ = {
			isa = XCBuildConfiguration;
			buildSettings = {
				ALWAYS_SEARCH_USER_PATHS = NO;
				ARCHS = "$(ARCHS_STANDARD_32_BIT)";
				CINDER_PATH = ../../../../..;
				CLANG_CXX_LANGUAGE_STANDARD = "c++0x";
				CLANG_CXX_LIBRARY = "libc++";
				"CODE_SIGN_IDENTITY[sdk=iphoneos*]" = "iPhone Developer";
				COPY_PHASE_STRIP = NO;
				DEAD_CODE_STRIPPING = YES;
				GCC_C_LANGUAGE_STANDARD = gnu99;
				GCC_DYNAMIC_NO_PIC = NO;
				GCC_OPTIMIZATION_LEVEL = 0;
				GCC_PREPROCESSOR_DEFINITIONS = (
					"DEBUG=1",
					"$(inherited)",
				);
				GCC_SYMBOLS_PRIVATE_EXTERN = NO;
				GCC_VERSION = com.apple.compilers.llvm.clang.1_0;
				GCC_WARN_ABOUT_MISSING_PROTOTYPES = YES;
				GCC_WARN_ABOUT_RETURN_TYPE = YES;
				GCC_WARN_UNUSED_VARIABLE = YES;
				HEADER_SEARCH_PATHS = (
					"\"$(CINDER_PATH)/boost\"",
					../../../src,
				);
				IPHONEOS_DEPLOYMENT_TARGET = 5.0;
				SDKROOT = iphoneos;
				TARGETED_DEVICE_FAMILY = "1,2";
				USER_HEADER_SEARCH_PATHS = "\"$(CINDER_PATH)/include\" ../include";
			};
			name = Debug;
		};
		00692BF414FF149000D0A05E /* Release */ = {
			isa = XCBuildConfiguration;
			buildSettings = {
				ALWAYS_SEARCH_USER_PATHS = NO;
				ARCHS = "$(ARCHS_STANDARD_32_BIT)";
				CINDER_PATH = ../../../../..;
				CLANG_CXX_LANGUAGE_STANDARD = "c++0x";
				CLANG_CXX_LIBRARY = "libc++";
				"CODE_SIGN_IDENTITY[sdk=iphoneos*]" = "iPhone Developer";
				COPY_PHASE_STRIP = YES;
				DEAD_CODE_STRIPPING = YES;
				GCC_C_LANGUAGE_STANDARD = gnu99;
				GCC_VERSION = com.apple.compilers.llvm.clang.1_0;
				GCC_WARN_ABOUT_MISSING_PROTOTYPES = YES;
				GCC_WARN_ABOUT_RETURN_TYPE = YES;
				GCC_WARN_UNUSED_VARIABLE = YES;
				HEADER_SEARCH_PATHS = (
					"\"$(CINDER_PATH)/boost\"",
					../../../src,
				);
				IPHONEOS_DEPLOYMENT_TARGET = 5.0;
				OTHER_CFLAGS = "-DNS_BLOCK_ASSERTIONS=1";
				SDKROOT = iphoneos;
				TARGETED_DEVICE_FAMILY = "1,2";
				USER_HEADER_SEARCH_PATHS = "\"$(CINDER_PATH)/include\" ../include";
				VALIDATE_PRODUCT = YES;
			};
			name = Release;
		};
		00692BF614FF149000D0A05E /* Debug */ = {
			isa = XCBuildConfiguration;
			buildSettings = {
				GCC_PRECOMPILE_PREFIX_HEADER = YES;
				GCC_PREFIX_HEADER = Sandbox_Prefix.pch;
				INFOPLIST_FILE = Info.plist;
				"OTHER_LDFLAGS[sdk=iphoneos*][arch=*]" = (
					"\"$(CINDER_PATH)/lib/libcinder-iphone_d.a\"",
					"-lz",
				);
				"OTHER_LDFLAGS[sdk=iphonesimulator*][arch=*]" = (
					"\"$(CINDER_PATH)/lib/libcinder-iphone-sim_d.a\"",
					"-lz",
				);
				PRODUCT_NAME = "$(TARGET_NAME)";
				WRAPPER_EXTENSION = app;
			};
			name = Debug;
		};
		00692BF714FF149000D0A05E /* Release */ = {
			isa = XCBuildConfiguration;
			buildSettings = {
				GCC_PRECOMPILE_PREFIX_HEADER = YES;
				GCC_PREFIX_HEADER = Sandbox_Prefix.pch;
				INFOPLIST_FILE = Info.plist;
				"OTHER_LDFLAGS[sdk=iphoneos*][arch=*]" = (
					"\"$(CINDER_PATH)/lib/libcinder-iphone.a\"",
					"-lz",
				);
				"OTHER_LDFLAGS[sdk=iphonesimulator*][arch=*]" = (
					"\"$(CINDER_PATH)/lib/libcinder-iphone-sim.a\"",
					"-lz",
				);
				PRODUCT_NAME = "$(TARGET_NAME)";
				WRAPPER_EXTENSION = app;
			};
			name = Release;
		};
/* End XCBuildConfiguration section */

/* Begin XCConfigurationList section */
		00692BC914FF149000D0A05E /* Build configuration list for PBXProject "Sandbox" */ = {
			isa = XCConfigurationList;
			buildConfigurations = (
				00692BF314FF149000D0A05E /* Debug */,
				00692BF414FF149000D0A05E /* Release */,
			);
			defaultConfigurationIsVisible = 0;
			defaultConfigurationName = Release;
		};
		00692BF514FF149000D0A05E /* Build configuration list for PBXNativeTarget "Sandbox" */ = {
			isa = XCConfigurationList;
			buildConfigurations = (
				00692BF614FF149000D0A05E /* Debug */,
				00692BF714FF149000D0A05E /* Release */,
			);
			defaultConfigurationIsVisible = 0;
			defaultConfigurationName = Release;
		};
/* End XCConfigurationList section */
	};
	rootObject = 00692BC614FF149000D0A05E /* Project object */;
}
