// !$*UTF8*$!
{
	archiveVersion = 1;
	classes = {
	};
	objectVersion = 46;
	objects = {

/* Begin PBXBuildFile section */
		0091D8F90E81B9330029341E /* OpenGL.framework in Frameworks */ = {isa = PBXBuildFile; fileRef = 0091D8F80E81B9330029341E /* OpenGL.framework */; };
		00B784B30FF439BC000DE1D7 /* Accelerate.framework in Frameworks */ = {isa = PBXBuildFile; fileRef = 00B784AF0FF439BC000DE1D7 /* Accelerate.framework */; };
		00B784B40FF439BC000DE1D7 /* AudioToolbox.framework in Frameworks */ = {isa = PBXBuildFile; fileRef = 00B784B00FF439BC000DE1D7 /* AudioToolbox.framework */; };
		00B784B50FF439BC000DE1D7 /* AudioUnit.framework in Frameworks */ = {isa = PBXBuildFile; fileRef = 00B784B10FF439BC000DE1D7 /* AudioUnit.framework */; };
		00B784B60FF439BC000DE1D7 /* CoreAudio.framework in Frameworks */ = {isa = PBXBuildFile; fileRef = 00B784B20FF439BC000DE1D7 /* CoreAudio.framework */; };
		075F48DC72F641A18B98811C /* b2WorldCallbacks.cpp in Sources */ = {isa = PBXBuildFile; fileRef = 6A6CB0648F604A059C9D2D8E /* b2WorldCallbacks.cpp */; };
		0BD33CEF6E334805A71B18A6 /* b2DynamicTree.cpp in Sources */ = {isa = PBXBuildFile; fileRef = 10BBDC97CB2D40EAA76C4F02 /* b2DynamicTree.cpp */; };
		0D7F794F28B343A29FDACB11 /* b2PolygonContact.cpp in Sources */ = {isa = PBXBuildFile; fileRef = 5395B28563AA4E19BFF74CBF /* b2PolygonContact.cpp */; };
		0E7296E45E474B65B8D02274 /* b2Collision.cpp in Sources */ = {isa = PBXBuildFile; fileRef = 2DA2DB1C21B8402D9B255486 /* b2Collision.cpp */; };
		116EF9B7B8394E96907E0418 /* b2CollideEdge.cpp in Sources */ = {isa = PBXBuildFile; fileRef = B7FE1D4E407D48EDB48CE79F /* b2CollideEdge.cpp */; };
		15154C76180CE0EF00CF90F9 /* ContactListener.cpp in Sources */ = {isa = PBXBuildFile; fileRef = 15154C75180CE0EF00CF90F9 /* ContactListener.cpp */; };
		1582189319BB8C6300AAD280 /* CoreMedia.framework in Frameworks */ = {isa = PBXBuildFile; fileRef = 1582189219BB8C6300AAD280 /* CoreMedia.framework */; };
		1582189519BB8C6C00AAD280 /* AVFoundation.framework in Frameworks */ = {isa = PBXBuildFile; fileRef = 1582189419BB8C6C00AAD280 /* AVFoundation.framework */; };
		15C7FE9B1849045B003E4805 /* b2MotorJoint.cpp in Sources */ = {isa = PBXBuildFile; fileRef = 15C7FE9A1849045B003E4805 /* b2MotorJoint.cpp */; };
		1F45D58D94624872B296F863 /* b2Island.cpp in Sources */ = {isa = PBXBuildFile; fileRef = B0DED9FC02B642AE94728955 /* b2Island.cpp */; };
		206FB09391D44B34AFD93135 /* b2GearJoint.cpp in Sources */ = {isa = PBXBuildFile; fileRef = C2E46C1CCCD84519B8A3C66D /* b2GearJoint.cpp */; };
		207F55CF0C6B4BFA86607D1F /* b2FrictionJoint.cpp in Sources */ = {isa = PBXBuildFile; fileRef = 3C19B3463C7D428BAF7CF8EF /* b2FrictionJoint.cpp */; };
		28A35CC7F76D4FBEA0EA393D /* b2BroadPhase.cpp in Sources */ = {isa = PBXBuildFile; fileRef = D7AE4B8540EC4DE3B309DCB3 /* b2BroadPhase.cpp */; };
		2E7327D72E1E4933BD11B8B1 /* b2World.cpp in Sources */ = {isa = PBXBuildFile; fileRef = C196C5D62DDC40AD8F574226 /* b2World.cpp */; };
		325985EE5E4F45A09B03838B /* b2ChainAndPolygonContact.cpp in Sources */ = {isa = PBXBuildFile; fileRef = 5B2B211C62484EC4B5EE5F34 /* b2ChainAndPolygonContact.cpp */; };
		326890F7D4934842A1131429 /* b2CollidePolygon.cpp in Sources */ = {isa = PBXBuildFile; fileRef = C753575493F342209D0E7688 /* b2CollidePolygon.cpp */; };
		342CA903D71F43E2B22CC0C7 /* b2Timer.cpp in Sources */ = {isa = PBXBuildFile; fileRef = A59170F6ADFD4880BAD88A5A /* b2Timer.cpp */; };
		391B262C24A94A349A054330 /* b2RevoluteJoint.cpp in Sources */ = {isa = PBXBuildFile; fileRef = B67EEED615EE47C4B4FC7A44 /* b2RevoluteJoint.cpp */; };
		47555D709B97440B9905D986 /* b2Joint.cpp in Sources */ = {isa = PBXBuildFile; fileRef = 75A818D6CFD546458655F8CA /* b2Joint.cpp */; };
		531D6125CEED4DAA8FCF9317 /* b2Math.cpp in Sources */ = {isa = PBXBuildFile; fileRef = E0EAEB0ED2AC4B44A5FB476A /* b2Math.cpp */; };
		5323E6B20EAFCA74003A9687 /* CoreVideo.framework in Frameworks */ = {isa = PBXBuildFile; fileRef = 5323E6B10EAFCA74003A9687 /* CoreVideo.framework */; };
		5323E6B60EAFCA7E003A9687 /* QTKit.framework in Frameworks */ = {isa = PBXBuildFile; fileRef = 5323E6B50EAFCA7E003A9687 /* QTKit.framework */; };
		548C005FD9E94BAC911AC0D6 /* b2Fixture.cpp in Sources */ = {isa = PBXBuildFile; fileRef = 2454DC4BCF8043EC95083107 /* b2Fixture.cpp */; };
		5783885BA0AA4191B0C4EEAA /* b2TimeOfImpact.cpp in Sources */ = {isa = PBXBuildFile; fileRef = 83DAD244B14A4C75AAF56D3A /* b2TimeOfImpact.cpp */; };
		59F22E6C571E47B8ABCFBB79 /* b2Settings.cpp in Sources */ = {isa = PBXBuildFile; fileRef = 1C2D9A905DF14900838EF22C /* b2Settings.cpp */; };
		5BC48929508A4AA4A5745B10 /* b2WheelJoint.cpp in Sources */ = {isa = PBXBuildFile; fileRef = 78922540CC7A4A6A855AF42A /* b2WheelJoint.cpp */; };
		6A0B793EB4144179BE8B1F81 /* b2EdgeShape.cpp in Sources */ = {isa = PBXBuildFile; fileRef = F393EC8B88C840E6BA7E53EE /* b2EdgeShape.cpp */; };
		6A58DEC1BF034239ABD54D05 /* b2ChainShape.cpp in Sources */ = {isa = PBXBuildFile; fileRef = 7D792EC3CD1F4CEA9184D25A /* b2ChainShape.cpp */; };
		6A7AF2C31D2B49219E5401ED /* b2CollideCircle.cpp in Sources */ = {isa = PBXBuildFile; fileRef = 3DB6A1237634405AA0892566 /* b2CollideCircle.cpp */; };
		7F951390EA174D689C128DBD /* b2MouseJoint.cpp in Sources */ = {isa = PBXBuildFile; fileRef = 42D11518C15A4C2DB70A9BC9 /* b2MouseJoint.cpp */; };
		86DCD3921B9A46B1937C3514 /* CustomDrawingApp.cpp in Sources */ = {isa = PBXBuildFile; fileRef = AB52FC3A0D4E4C5C87CF2BF4 /* CustomDrawingApp.cpp */; };
		8D11072F0486CEB800E47090 /* Cocoa.framework in Frameworks */ = {isa = PBXBuildFile; fileRef = 1058C7A1FEA54F0111CA2CBB /* Cocoa.framework */; };
		92D92703C4394CA2803F8AED /* b2PrismaticJoint.cpp in Sources */ = {isa = PBXBuildFile; fileRef = 50744AD5B7CC41609B9ACE9B /* b2PrismaticJoint.cpp */; };
		94267E8530A9428D851E5F1C /* b2Distance.cpp in Sources */ = {isa = PBXBuildFile; fileRef = 8A0BA860BDAD4247AE776F54 /* b2Distance.cpp */; };
		946568D945434F4399204D06 /* b2CircleContact.cpp in Sources */ = {isa = PBXBuildFile; fileRef = 49DABC3D626B41FE8A178B06 /* b2CircleContact.cpp */; };
		94B4AE1D9E404FBFB6A4F382 /* b2BlockAllocator.cpp in Sources */ = {isa = PBXBuildFile; fileRef = A1651C6DF40F45BF9BC4EB78 /* b2BlockAllocator.cpp */; };
		A2066A49BD834766BD51D9ED /* CinderApp.icns in Resources */ = {isa = PBXBuildFile; fileRef = 5DF4A0B93E9042468AA7C5FD /* CinderApp.icns */; };
		A4374463E9934A83A333A5A3 /* b2ChainAndCircleContact.cpp in Sources */ = {isa = PBXBuildFile; fileRef = 5EC9270F9DC54E8EA3E58774 /* b2ChainAndCircleContact.cpp */; };
		B2C1B16F8F01449A81B53E37 /* SimpleControl.cpp in Sources */ = {isa = PBXBuildFile; fileRef = E48235081E78440BAA56EB06 /* SimpleControl.cpp */; };
		B6B993247D9D4B0CBB1E9F5F /* b2Body.cpp in Sources */ = {isa = PBXBuildFile; fileRef = F649C3229EB34531AFC4E097 /* b2Body.cpp */; };
		BBF3252AFAB44B2B974A02D7 /* b2ContactManager.cpp in Sources */ = {isa = PBXBuildFile; fileRef = D4EAFDE9747A452C91F7EBDB /* b2ContactManager.cpp */; };
		BCFCA4556A5646CE86A90F4B /* Sandbox.cpp in Sources */ = {isa = PBXBuildFile; fileRef = 4333E4A07D834CB985366F4E /* Sandbox.cpp */; };
		BFCE6654121C4BFA837F6CDE /* b2WeldJoint.cpp in Sources */ = {isa = PBXBuildFile; fileRef = B6758B29CD8C4F2A82DA3385 /* b2WeldJoint.cpp */; };
		C1EC5CEF7BF9400F84BC69A8 /* b2CircleShape.cpp in Sources */ = {isa = PBXBuildFile; fileRef = 7B5DEB64A8FE4AC9A24090EB /* b2CircleShape.cpp */; };
		CC0DD6742EF041FCBC89C15A /* b2EdgeAndCircleContact.cpp in Sources */ = {isa = PBXBuildFile; fileRef = 437BEF0BD6F1470EA8847922 /* b2EdgeAndCircleContact.cpp */; };
		CEC3C92C1B454F239D608641 /* Renderer.cpp in Sources */ = {isa = PBXBuildFile; fileRef = 95F8831FDFFC4687ACF058D9 /* Renderer.cpp */; };
		D2B9972887BE45418C92FFB9 /* b2PolygonAndCircleContact.cpp in Sources */ = {isa = PBXBuildFile; fileRef = F32E832341864F0788348B69 /* b2PolygonAndCircleContact.cpp */; };
		D631899D97174E718D235A71 /* b2Draw.cpp in Sources */ = {isa = PBXBuildFile; fileRef = 25D7FDE1C1F84DF2BD148850 /* b2Draw.cpp */; };
		D91AE454B6654483AC315AA2 /* b2StackAllocator.cpp in Sources */ = {isa = PBXBuildFile; fileRef = EE20B875BB7240CABE0B165B /* b2StackAllocator.cpp */; };
		DE915318B6F248CF9C28C071 /* b2PulleyJoint.cpp in Sources */ = {isa = PBXBuildFile; fileRef = 9B5443F61ABB4E45AAABE38C /* b2PulleyJoint.cpp */; };
		E123E425CC434E59AF9780E1 /* b2PolygonShape.cpp in Sources */ = {isa = PBXBuildFile; fileRef = 948A7E533AC14933BD5A4431 /* b2PolygonShape.cpp */; };
		EBA63258A0424BFEB5B863B9 /* b2Contact.cpp in Sources */ = {isa = PBXBuildFile; fileRef = 48FC04B8C1B945469155E40A /* b2Contact.cpp */; };
		ED80058F5328419C82B982DD /* b2ContactSolver.cpp in Sources */ = {isa = PBXBuildFile; fileRef = E671A8BF0319437AAD91795F /* b2ContactSolver.cpp */; };
		EEC75A2247734E7CB4F21ADB /* b2RopeJoint.cpp in Sources */ = {isa = PBXBuildFile; fileRef = EB3652A3C7AE43CFA1F56EF9 /* b2RopeJoint.cpp */; };
		F0F83F5218224A2BB49333A6 /* b2DistanceJoint.cpp in Sources */ = {isa = PBXBuildFile; fileRef = 7F6C1C6C4E2E45DC8AD7FAB5 /* b2DistanceJoint.cpp */; };
		F281B696121947699D737AE2 /* b2EdgeAndPolygonContact.cpp in Sources */ = {isa = PBXBuildFile; fileRef = 14F2E48F4BB544C7986F6628 /* b2EdgeAndPolygonContact.cpp */; };
		F33123C7AFEC4B5086FCC192 /* Scale.cpp in Sources */ = {isa = PBXBuildFile; fileRef = A71798480A1A418DA1F4D39A /* Scale.cpp */; };
		F3723D9A925E41C592D3FF14 /* b2Rope.cpp in Sources */ = {isa = PBXBuildFile; fileRef = 5C4A6FAF882D4A78A839541F /* b2Rope.cpp */; };
/* End PBXBuildFile section */

/* Begin PBXFileReference section */
		0091D8F80E81B9330029341E /* OpenGL.framework */ = {isa = PBXFileReference; lastKnownFileType = wrapper.framework; name = OpenGL.framework; path = /System/Library/Frameworks/OpenGL.framework; sourceTree = "<absolute>"; };
		00B2D3C43BA0416AA30976F3 /* b2Draw.h */ = {isa = PBXFileReference; lastKnownFileType = sourcecode.c.h; name = b2Draw.h; path = ../../../src/Box2D/Common/b2Draw.h; sourceTree = "<group>"; };
		00B784AF0FF439BC000DE1D7 /* Accelerate.framework */ = {isa = PBXFileReference; lastKnownFileType = wrapper.framework; name = Accelerate.framework; path = System/Library/Frameworks/Accelerate.framework; sourceTree = SDKROOT; };
		00B784B00FF439BC000DE1D7 /* AudioToolbox.framework */ = {isa = PBXFileReference; lastKnownFileType = wrapper.framework; name = AudioToolbox.framework; path = System/Library/Frameworks/AudioToolbox.framework; sourceTree = SDKROOT; };
		00B784B10FF439BC000DE1D7 /* AudioUnit.framework */ = {isa = PBXFileReference; lastKnownFileType = wrapper.framework; name = AudioUnit.framework; path = System/Library/Frameworks/AudioUnit.framework; sourceTree = SDKROOT; };
		00B784B20FF439BC000DE1D7 /* CoreAudio.framework */ = {isa = PBXFileReference; lastKnownFileType = wrapper.framework; name = CoreAudio.framework; path = System/Library/Frameworks/CoreAudio.framework; sourceTree = SDKROOT; };
		07CDB7313B1744F0862FE785 /* b2ContactSolver.h */ = {isa = PBXFileReference; lastKnownFileType = sourcecode.c.h; name = b2ContactSolver.h; path = ../../../src/Box2D/Dynamics/Contacts/b2ContactSolver.h; sourceTree = "<group>"; };
		1058C7A1FEA54F0111CA2CBB /* Cocoa.framework */ = {isa = PBXFileReference; lastKnownFileType = wrapper.framework; name = Cocoa.framework; path = /System/Library/Frameworks/Cocoa.framework; sourceTree = "<absolute>"; };
		105DFCC00B3745A7AAE78629 /* Resources.h */ = {isa = PBXFileReference; lastKnownFileType = sourcecode.c.h; name = Resources.h; path = ../include/Resources.h; sourceTree = "<group>"; };
		10BBDC97CB2D40EAA76C4F02 /* b2DynamicTree.cpp */ = {isa = PBXFileReference; lastKnownFileType = sourcecode.c.cpp; name = b2DynamicTree.cpp; path = ../../../src/Box2D/Collision/b2DynamicTree.cpp; sourceTree = "<group>"; };
		1184290A0B084BA6A62CE79D /* b2CircleShape.h */ = {isa = PBXFileReference; lastKnownFileType = sourcecode.c.h; name = b2CircleShape.h; path = ../../../src/Box2D/Collision/Shapes/b2CircleShape.h; sourceTree = "<group>"; };
		1439591E48B548CE8A04E506 /* b2MouseJoint.h */ = {isa = PBXFileReference; lastKnownFileType = sourcecode.c.h; name = b2MouseJoint.h; path = ../../../src/Box2D/Dynamics/Joints/b2MouseJoint.h; sourceTree = "<group>"; };
		14F2E48F4BB544C7986F6628 /* b2EdgeAndPolygonContact.cpp */ = {isa = PBXFileReference; lastKnownFileType = sourcecode.c.cpp; name = b2EdgeAndPolygonContact.cpp; path = ../../../src/Box2D/Dynamics/Contacts/b2EdgeAndPolygonContact.cpp; sourceTree = "<group>"; };
		15154C75180CE0EF00CF90F9 /* ContactListener.cpp */ = {isa = PBXFileReference; fileEncoding = 4; lastKnownFileType = sourcecode.cpp.cpp; name = ContactListener.cpp; path = ../../../src/sansumbrella/box2d/ContactListener.cpp; sourceTree = "<group>"; };
		1582188C19BB8C2300AAD280 /* Common.h */ = {isa = PBXFileReference; lastKnownFileType = sourcecode.c.h; name = Common.h; path = ../../../src/sansumbrella/box2d/Common.h; sourceTree = "<group>"; };
		1582188D19BB8C2300AAD280 /* ContactListener.h */ = {isa = PBXFileReference; lastKnownFileType = sourcecode.c.h; name = ContactListener.h; path = ../../../src/sansumbrella/box2d/ContactListener.h; sourceTree = "<group>"; };
		1582188E19BB8C2300AAD280 /* Renderer.h */ = {isa = PBXFileReference; lastKnownFileType = sourcecode.c.h; name = Renderer.h; path = ../../../src/sansumbrella/box2d/Renderer.h; sourceTree = "<group>"; };
		1582188F19BB8C2300AAD280 /* Sandbox.h */ = {isa = PBXFileReference; lastKnownFileType = sourcecode.c.h; name = Sandbox.h; path = ../../../src/sansumbrella/box2d/Sandbox.h; sourceTree = "<group>"; };
		1582189019BB8C2300AAD280 /* Scale.h */ = {isa = PBXFileReference; lastKnownFileType = sourcecode.c.h; name = Scale.h; path = ../../../src/sansumbrella/box2d/Scale.h; sourceTree = "<group>"; };
		1582189119BB8C2300AAD280 /* SimpleControl.h */ = {isa = PBXFileReference; lastKnownFileType = sourcecode.c.h; name = SimpleControl.h; path = ../../../src/sansumbrella/box2d/SimpleControl.h; sourceTree = "<group>"; };
		1582189219BB8C6300AAD280 /* CoreMedia.framework */ = {isa = PBXFileReference; lastKnownFileType = wrapper.framework; name = CoreMedia.framework; path = System/Library/Frameworks/CoreMedia.framework; sourceTree = SDKROOT; };
		1582189419BB8C6C00AAD280 /* AVFoundation.framework */ = {isa = PBXFileReference; lastKnownFileType = wrapper.framework; name = AVFoundation.framework; path = System/Library/Frameworks/AVFoundation.framework; sourceTree = SDKROOT; };
		15C7FE9A1849045B003E4805 /* b2MotorJoint.cpp */ = {isa = PBXFileReference; fileEncoding = 4; lastKnownFileType = sourcecode.cpp.cpp; name = b2MotorJoint.cpp; path = ../../../src/Box2D/Dynamics/Joints/b2MotorJoint.cpp; sourceTree = "<group>"; };
		1977EE62056243B2BC97D870 /* b2PolygonShape.h */ = {isa = PBXFileReference; lastKnownFileType = sourcecode.c.h; name = b2PolygonShape.h; path = ../../../src/Box2D/Collision/Shapes/b2PolygonShape.h; sourceTree = "<group>"; };
		1B3F6952F2A945CC824079E1 /* b2BlockAllocator.h */ = {isa = PBXFileReference; lastKnownFileType = sourcecode.c.h; name = b2BlockAllocator.h; path = ../../../src/Box2D/Common/b2BlockAllocator.h; sourceTree = "<group>"; };
		1C2D9A905DF14900838EF22C /* b2Settings.cpp */ = {isa = PBXFileReference; lastKnownFileType = sourcecode.c.cpp; name = b2Settings.cpp; path = ../../../src/Box2D/Common/b2Settings.cpp; sourceTree = "<group>"; };
		1C319F1E2FE045C585CBBEF8 /* b2EdgeAndPolygonContact.h */ = {isa = PBXFileReference; lastKnownFileType = sourcecode.c.h; name = b2EdgeAndPolygonContact.h; path = ../../../src/Box2D/Dynamics/Contacts/b2EdgeAndPolygonContact.h; sourceTree = "<group>"; };
		2454DC4BCF8043EC95083107 /* b2Fixture.cpp */ = {isa = PBXFileReference; lastKnownFileType = sourcecode.c.cpp; name = b2Fixture.cpp; path = ../../../src/Box2D/Dynamics/b2Fixture.cpp; sourceTree = "<group>"; };
		25C525965B7A443F8983B210 /* b2Fixture.h */ = {isa = PBXFileReference; lastKnownFileType = sourcecode.c.h; name = b2Fixture.h; path = ../../../src/Box2D/Dynamics/b2Fixture.h; sourceTree = "<group>"; };
		25D7FDE1C1F84DF2BD148850 /* b2Draw.cpp */ = {isa = PBXFileReference; lastKnownFileType = sourcecode.c.cpp; name = b2Draw.cpp; path = ../../../src/Box2D/Common/b2Draw.cpp; sourceTree = "<group>"; };
		29B97324FDCFA39411CA2CEA /* AppKit.framework */ = {isa = PBXFileReference; lastKnownFileType = wrapper.framework; name = AppKit.framework; path = /System/Library/Frameworks/AppKit.framework; sourceTree = "<absolute>"; };
		29B97325FDCFA39411CA2CEA /* Foundation.framework */ = {isa = PBXFileReference; lastKnownFileType = wrapper.framework; name = Foundation.framework; path = /System/Library/Frameworks/Foundation.framework; sourceTree = "<absolute>"; };
		2AA7D48D1BB94A2A8DB3C766 /* b2PulleyJoint.h */ = {isa = PBXFileReference; lastKnownFileType = sourcecode.c.h; name = b2PulleyJoint.h; path = ../../../src/Box2D/Dynamics/Joints/b2PulleyJoint.h; sourceTree = "<group>"; };
		2DA2DB1C21B8402D9B255486 /* b2Collision.cpp */ = {isa = PBXFileReference; lastKnownFileType = sourcecode.c.cpp; name = b2Collision.cpp; path = ../../../src/Box2D/Collision/b2Collision.cpp; sourceTree = "<group>"; };
		2F0B8373A6D8430FB507F18F /* b2Island.h */ = {isa = PBXFileReference; lastKnownFileType = sourcecode.c.h; name = b2Island.h; path = ../../../src/Box2D/Dynamics/b2Island.h; sourceTree = "<group>"; };
		30AE57D1E449426DA708A423 /* b2Timer.h */ = {isa = PBXFileReference; lastKnownFileType = sourcecode.c.h; name = b2Timer.h; path = ../../../src/Box2D/Common/b2Timer.h; sourceTree = "<group>"; };
		361F48E469BC434A8744BD54 /* b2Settings.h */ = {isa = PBXFileReference; lastKnownFileType = sourcecode.c.h; name = b2Settings.h; path = ../../../src/Box2D/Common/b2Settings.h; sourceTree = "<group>"; };
		3B8EA42FB426484DB834C25A /* b2Distance.h */ = {isa = PBXFileReference; lastKnownFileType = sourcecode.c.h; name = b2Distance.h; path = ../../../src/Box2D/Collision/b2Distance.h; sourceTree = "<group>"; };
		3BA3EE3FEA5F465C9A34B392 /* b2GrowableStack.h */ = {isa = PBXFileReference; lastKnownFileType = sourcecode.c.h; name = b2GrowableStack.h; path = ../../../src/Box2D/Common/b2GrowableStack.h; sourceTree = "<group>"; };
		3C19B3463C7D428BAF7CF8EF /* b2FrictionJoint.cpp */ = {isa = PBXFileReference; lastKnownFileType = sourcecode.c.cpp; name = b2FrictionJoint.cpp; path = ../../../src/Box2D/Dynamics/Joints/b2FrictionJoint.cpp; sourceTree = "<group>"; };
		3DB6A1237634405AA0892566 /* b2CollideCircle.cpp */ = {isa = PBXFileReference; lastKnownFileType = sourcecode.c.cpp; name = b2CollideCircle.cpp; path = ../../../src/Box2D/Collision/b2CollideCircle.cpp; sourceTree = "<group>"; };
		42D11518C15A4C2DB70A9BC9 /* b2MouseJoint.cpp */ = {isa = PBXFileReference; lastKnownFileType = sourcecode.c.cpp; name = b2MouseJoint.cpp; path = ../../../src/Box2D/Dynamics/Joints/b2MouseJoint.cpp; sourceTree = "<group>"; };
		4333E4A07D834CB985366F4E /* Sandbox.cpp */ = {isa = PBXFileReference; lastKnownFileType = sourcecode.c.cpp; name = Sandbox.cpp; path = ../../../src/sansumbrella/box2d/Sandbox.cpp; sourceTree = "<group>"; };
		437BEF0BD6F1470EA8847922 /* b2EdgeAndCircleContact.cpp */ = {isa = PBXFileReference; lastKnownFileType = sourcecode.c.cpp; name = b2EdgeAndCircleContact.cpp; path = ../../../src/Box2D/Dynamics/Contacts/b2EdgeAndCircleContact.cpp; sourceTree = "<group>"; };
		441F8B05221F41EF97CCD68B /* b2TimeStep.h */ = {isa = PBXFileReference; lastKnownFileType = sourcecode.c.h; name = b2TimeStep.h; path = ../../../src/Box2D/Dynamics/b2TimeStep.h; sourceTree = "<group>"; };
		456C384979574BFEBF16F5E8 /* b2StackAllocator.h */ = {isa = PBXFileReference; lastKnownFileType = sourcecode.c.h; name = b2StackAllocator.h; path = ../../../src/Box2D/Common/b2StackAllocator.h; sourceTree = "<group>"; };
		48FC04B8C1B945469155E40A /* b2Contact.cpp */ = {isa = PBXFileReference; lastKnownFileType = sourcecode.c.cpp; name = b2Contact.cpp; path = ../../../src/Box2D/Dynamics/Contacts/b2Contact.cpp; sourceTree = "<group>"; };
		49DABC3D626B41FE8A178B06 /* b2CircleContact.cpp */ = {isa = PBXFileReference; lastKnownFileType = sourcecode.c.cpp; name = b2CircleContact.cpp; path = ../../../src/Box2D/Dynamics/Contacts/b2CircleContact.cpp; sourceTree = "<group>"; };
		50744AD5B7CC41609B9ACE9B /* b2PrismaticJoint.cpp */ = {isa = PBXFileReference; lastKnownFileType = sourcecode.c.cpp; name = b2PrismaticJoint.cpp; path = ../../../src/Box2D/Dynamics/Joints/b2PrismaticJoint.cpp; sourceTree = "<group>"; };
		5323E6B10EAFCA74003A9687 /* CoreVideo.framework */ = {isa = PBXFileReference; lastKnownFileType = wrapper.framework; name = CoreVideo.framework; path = /System/Library/Frameworks/CoreVideo.framework; sourceTree = "<absolute>"; };
		5323E6B50EAFCA7E003A9687 /* QTKit.framework */ = {isa = PBXFileReference; lastKnownFileType = wrapper.framework; name = QTKit.framework; path = /System/Library/Frameworks/QTKit.framework; sourceTree = "<absolute>"; };
		5350DF45458241C580523FA0 /* b2EdgeAndCircleContact.h */ = {isa = PBXFileReference; lastKnownFileType = sourcecode.c.h; name = b2EdgeAndCircleContact.h; path = ../../../src/Box2D/Dynamics/Contacts/b2EdgeAndCircleContact.h; sourceTree = "<group>"; };
		5395B28563AA4E19BFF74CBF /* b2PolygonContact.cpp */ = {isa = PBXFileReference; lastKnownFileType = sourcecode.c.cpp; name = b2PolygonContact.cpp; path = ../../../src/Box2D/Dynamics/Contacts/b2PolygonContact.cpp; sourceTree = "<group>"; };
		5464FD31121B4E45B5A7E501 /* b2RopeJoint.h */ = {isa = PBXFileReference; lastKnownFileType = sourcecode.c.h; name = b2RopeJoint.h; path = ../../../src/Box2D/Dynamics/Joints/b2RopeJoint.h; sourceTree = "<group>"; };
		550B002C29D148BA85AE85AE /* b2FrictionJoint.h */ = {isa = PBXFileReference; lastKnownFileType = sourcecode.c.h; name = b2FrictionJoint.h; path = ../../../src/Box2D/Dynamics/Joints/b2FrictionJoint.h; sourceTree = "<group>"; };
		5A20E2F145264B2C9F7BBD32 /* b2DynamicTree.h */ = {isa = PBXFileReference; lastKnownFileType = sourcecode.c.h; name = b2DynamicTree.h; path = ../../../src/Box2D/Collision/b2DynamicTree.h; sourceTree = "<group>"; };
		5B2B211C62484EC4B5EE5F34 /* b2ChainAndPolygonContact.cpp */ = {isa = PBXFileReference; lastKnownFileType = sourcecode.c.cpp; name = b2ChainAndPolygonContact.cpp; path = ../../../src/Box2D/Dynamics/Contacts/b2ChainAndPolygonContact.cpp; sourceTree = "<group>"; };
		5BC03AC568B64362B124E334 /* b2Collision.h */ = {isa = PBXFileReference; lastKnownFileType = sourcecode.c.h; name = b2Collision.h; path = ../../../src/Box2D/Collision/b2Collision.h; sourceTree = "<group>"; };
		5C4A6FAF882D4A78A839541F /* b2Rope.cpp */ = {isa = PBXFileReference; lastKnownFileType = sourcecode.c.cpp; name = b2Rope.cpp; path = ../../../src/Box2D/Rope/b2Rope.cpp; sourceTree = "<group>"; };
		5DF4A0B93E9042468AA7C5FD /* CinderApp.icns */ = {isa = PBXFileReference; lastKnownFileType = image.icns; name = CinderApp.icns; path = ../resources/CinderApp.icns; sourceTree = "<group>"; };
		5EC9270F9DC54E8EA3E58774 /* b2ChainAndCircleContact.cpp */ = {isa = PBXFileReference; lastKnownFileType = sourcecode.c.cpp; name = b2ChainAndCircleContact.cpp; path = ../../../src/Box2D/Dynamics/Contacts/b2ChainAndCircleContact.cpp; sourceTree = "<group>"; };
		6A6CB0648F604A059C9D2D8E /* b2WorldCallbacks.cpp */ = {isa = PBXFileReference; lastKnownFileType = sourcecode.c.cpp; name = b2WorldCallbacks.cpp; path = ../../../src/Box2D/Dynamics/b2WorldCallbacks.cpp; sourceTree = "<group>"; };
		75A818D6CFD546458655F8CA /* b2Joint.cpp */ = {isa = PBXFileReference; lastKnownFileType = sourcecode.c.cpp; name = b2Joint.cpp; path = ../../../src/Box2D/Dynamics/Joints/b2Joint.cpp; sourceTree = "<group>"; };
		78922540CC7A4A6A855AF42A /* b2WheelJoint.cpp */ = {isa = PBXFileReference; lastKnownFileType = sourcecode.c.cpp; name = b2WheelJoint.cpp; path = ../../../src/Box2D/Dynamics/Joints/b2WheelJoint.cpp; sourceTree = "<group>"; };
		7B5DEB64A8FE4AC9A24090EB /* b2CircleShape.cpp */ = {isa = PBXFileReference; lastKnownFileType = sourcecode.c.cpp; name = b2CircleShape.cpp; path = ../../../src/Box2D/Collision/Shapes/b2CircleShape.cpp; sourceTree = "<group>"; };
		7C03F1EFA668480DA22752B4 /* Box2d.h */ = {isa = PBXFileReference; lastKnownFileType = sourcecode.c.h; name = Box2d.h; path = ../../../src/Box2D/Box2d.h; sourceTree = "<group>"; };
		7D47A210908E45589937A5B2 /* suBox2D.h */ = {isa = PBXFileReference; lastKnownFileType = sourcecode.c.h; name = suBox2D.h; path = ../../../src/sansumbrella/suBox2D.h; sourceTree = "<group>"; };
		7D792EC3CD1F4CEA9184D25A /* b2ChainShape.cpp */ = {isa = PBXFileReference; lastKnownFileType = sourcecode.c.cpp; name = b2ChainShape.cpp; path = ../../../src/Box2D/Collision/Shapes/b2ChainShape.cpp; sourceTree = "<group>"; };
		7F6C1C6C4E2E45DC8AD7FAB5 /* b2DistanceJoint.cpp */ = {isa = PBXFileReference; lastKnownFileType = sourcecode.c.cpp; name = b2DistanceJoint.cpp; path = ../../../src/Box2D/Dynamics/Joints/b2DistanceJoint.cpp; sourceTree = "<group>"; };
		83DAD244B14A4C75AAF56D3A /* b2TimeOfImpact.cpp */ = {isa = PBXFileReference; lastKnownFileType = sourcecode.c.cpp; name = b2TimeOfImpact.cpp; path = ../../../src/Box2D/Collision/b2TimeOfImpact.cpp; sourceTree = "<group>"; };
		8A0BA860BDAD4247AE776F54 /* b2Distance.cpp */ = {isa = PBXFileReference; lastKnownFileType = sourcecode.c.cpp; name = b2Distance.cpp; path = ../../../src/Box2D/Collision/b2Distance.cpp; sourceTree = "<group>"; };
		8C2F4CD5105C41278C823EBA /* b2ContactManager.h */ = {isa = PBXFileReference; lastKnownFileType = sourcecode.c.h; name = b2ContactManager.h; path = ../../../src/Box2D/Dynamics/b2ContactManager.h; sourceTree = "<group>"; };
		8D1107320486CEB800E47090 /* CustomDrawing.app */ = {isa = PBXFileReference; explicitFileType = wrapper.application; includeInIndex = 0; path = CustomDrawing.app; sourceTree = BUILT_PRODUCTS_DIR; };
		8F422249DEAF4215B6E1AAA9 /* b2Joint.h */ = {isa = PBXFileReference; lastKnownFileType = sourcecode.c.h; name = b2Joint.h; path = ../../../src/Box2D/Dynamics/Joints/b2Joint.h; sourceTree = "<group>"; };
		90948ADE047C4701A377817A /* b2WeldJoint.h */ = {isa = PBXFileReference; lastKnownFileType = sourcecode.c.h; name = b2WeldJoint.h; path = ../../../src/Box2D/Dynamics/Joints/b2WeldJoint.h; sourceTree = "<group>"; };
		948A7E533AC14933BD5A4431 /* b2PolygonShape.cpp */ = {isa = PBXFileReference; lastKnownFileType = sourcecode.c.cpp; name = b2PolygonShape.cpp; path = ../../../src/Box2D/Collision/Shapes/b2PolygonShape.cpp; sourceTree = "<group>"; };
		95F8831FDFFC4687ACF058D9 /* Renderer.cpp */ = {isa = PBXFileReference; lastKnownFileType = sourcecode.c.cpp; name = Renderer.cpp; path = ../../../src/sansumbrella/box2d/Renderer.cpp; sourceTree = "<group>"; };
		9857FDC8F2904AF5AF1ECABD /* b2PolygonAndCircleContact.h */ = {isa = PBXFileReference; lastKnownFileType = sourcecode.c.h; name = b2PolygonAndCircleContact.h; path = ../../../src/Box2D/Dynamics/Contacts/b2PolygonAndCircleContact.h; sourceTree = "<group>"; };
		9B5443F61ABB4E45AAABE38C /* b2PulleyJoint.cpp */ = {isa = PBXFileReference; lastKnownFileType = sourcecode.c.cpp; name = b2PulleyJoint.cpp; path = ../../../src/Box2D/Dynamics/Joints/b2PulleyJoint.cpp; sourceTree = "<group>"; };
		A1651C6DF40F45BF9BC4EB78 /* b2BlockAllocator.cpp */ = {isa = PBXFileReference; lastKnownFileType = sourcecode.c.cpp; name = b2BlockAllocator.cpp; path = ../../../src/Box2D/Common/b2BlockAllocator.cpp; sourceTree = "<group>"; };
		A39AA2A776BE41FFA4787552 /* b2ChainShape.h */ = {isa = PBXFileReference; lastKnownFileType = sourcecode.c.h; name = b2ChainShape.h; path = ../../../src/Box2D/Collision/Shapes/b2ChainShape.h; sourceTree = "<group>"; };
		A3ABFCF8D7674231B29A2D5C /* b2ChainAndCircleContact.h */ = {isa = PBXFileReference; lastKnownFileType = sourcecode.c.h; name = b2ChainAndCircleContact.h; path = ../../../src/Box2D/Dynamics/Contacts/b2ChainAndCircleContact.h; sourceTree = "<group>"; };
		A59170F6ADFD4880BAD88A5A /* b2Timer.cpp */ = {isa = PBXFileReference; lastKnownFileType = sourcecode.c.cpp; name = b2Timer.cpp; path = ../../../src/Box2D/Common/b2Timer.cpp; sourceTree = "<group>"; };
		A6CB317C7AA846409AEB372E /* b2PrismaticJoint.h */ = {isa = PBXFileReference; lastKnownFileType = sourcecode.c.h; name = b2PrismaticJoint.h; path = ../../../src/Box2D/Dynamics/Joints/b2PrismaticJoint.h; sourceTree = "<group>"; };
		A71798480A1A418DA1F4D39A /* Scale.cpp */ = {isa = PBXFileReference; lastKnownFileType = sourcecode.c.cpp; name = Scale.cpp; path = ../../../src/sansumbrella/box2d/Scale.cpp; sourceTree = "<group>"; };
		AB52FC3A0D4E4C5C87CF2BF4 /* CustomDrawingApp.cpp */ = {isa = PBXFileReference; lastKnownFileType = sourcecode.c.cpp; name = CustomDrawingApp.cpp; path = ../src/CustomDrawingApp.cpp; sourceTree = "<group>"; };
		ACD7843675B2423C91AD7158 /* b2TimeOfImpact.h */ = {isa = PBXFileReference; lastKnownFileType = sourcecode.c.h; name = b2TimeOfImpact.h; path = ../../../src/Box2D/Collision/b2TimeOfImpact.h; sourceTree = "<group>"; };
		AE2F458016B64CDD9A09E5AA /* b2Contact.h */ = {isa = PBXFileReference; lastKnownFileType = sourcecode.c.h; name = b2Contact.h; path = ../../../src/Box2D/Dynamics/Contacts/b2Contact.h; sourceTree = "<group>"; };
		B0DED9FC02B642AE94728955 /* b2Island.cpp */ = {isa = PBXFileReference; lastKnownFileType = sourcecode.c.cpp; name = b2Island.cpp; path = ../../../src/Box2D/Dynamics/b2Island.cpp; sourceTree = "<group>"; };
		B655E7C58E8F475EA31407CB /* b2Body.h */ = {isa = PBXFileReference; lastKnownFileType = sourcecode.c.h; name = b2Body.h; path = ../../../src/Box2D/Dynamics/b2Body.h; sourceTree = "<group>"; };
		B6758B29CD8C4F2A82DA3385 /* b2WeldJoint.cpp */ = {isa = PBXFileReference; lastKnownFileType = sourcecode.c.cpp; name = b2WeldJoint.cpp; path = ../../../src/Box2D/Dynamics/Joints/b2WeldJoint.cpp; sourceTree = "<group>"; };
		B67EEED615EE47C4B4FC7A44 /* b2RevoluteJoint.cpp */ = {isa = PBXFileReference; lastKnownFileType = sourcecode.c.cpp; name = b2RevoluteJoint.cpp; path = ../../../src/Box2D/Dynamics/Joints/b2RevoluteJoint.cpp; sourceTree = "<group>"; };
		B7FE1D4E407D48EDB48CE79F /* b2CollideEdge.cpp */ = {isa = PBXFileReference; lastKnownFileType = sourcecode.c.cpp; name = b2CollideEdge.cpp; path = ../../../src/Box2D/Collision/b2CollideEdge.cpp; sourceTree = "<group>"; };
		BBFF713222FD4F49B8C5C8D4 /* b2GearJoint.h */ = {isa = PBXFileReference; lastKnownFileType = sourcecode.c.h; name = b2GearJoint.h; path = ../../../src/Box2D/Dynamics/Joints/b2GearJoint.h; sourceTree = "<group>"; };
		BC3CF644A7204EF98F07B224 /* b2RevoluteJoint.h */ = {isa = PBXFileReference; lastKnownFileType = sourcecode.c.h; name = b2RevoluteJoint.h; path = ../../../src/Box2D/Dynamics/Joints/b2RevoluteJoint.h; sourceTree = "<group>"; };
		C196C5D62DDC40AD8F574226 /* b2World.cpp */ = {isa = PBXFileReference; lastKnownFileType = sourcecode.c.cpp; name = b2World.cpp; path = ../../../src/Box2D/Dynamics/b2World.cpp; sourceTree = "<group>"; };
		C2E46C1CCCD84519B8A3C66D /* b2GearJoint.cpp */ = {isa = PBXFileReference; lastKnownFileType = sourcecode.c.cpp; name = b2GearJoint.cpp; path = ../../../src/Box2D/Dynamics/Joints/b2GearJoint.cpp; sourceTree = "<group>"; };
		C391ED55577B468C950985E4 /* b2WorldCallbacks.h */ = {isa = PBXFileReference; lastKnownFileType = sourcecode.c.h; name = b2WorldCallbacks.h; path = ../../../src/Box2D/Dynamics/b2WorldCallbacks.h; sourceTree = "<group>"; };
		C753575493F342209D0E7688 /* b2CollidePolygon.cpp */ = {isa = PBXFileReference; lastKnownFileType = sourcecode.c.cpp; name = b2CollidePolygon.cpp; path = ../../../src/Box2D/Collision/b2CollidePolygon.cpp; sourceTree = "<group>"; };
		C87C2A4339254CBEB5610E75 /* Info.plist */ = {isa = PBXFileReference; lastKnownFileType = text.plist.xml; path = Info.plist; sourceTree = "<group>"; };
		CD506308E3504401A134F9F0 /* b2CircleContact.h */ = {isa = PBXFileReference; lastKnownFileType = sourcecode.c.h; name = b2CircleContact.h; path = ../../../src/Box2D/Dynamics/Contacts/b2CircleContact.h; sourceTree = "<group>"; };
		CF9AFE1765244CDBAC6DF933 /* b2BroadPhase.h */ = {isa = PBXFileReference; lastKnownFileType = sourcecode.c.h; name = b2BroadPhase.h; path = ../../../src/Box2D/Collision/b2BroadPhase.h; sourceTree = "<group>"; };
		D4EAFDE9747A452C91F7EBDB /* b2ContactManager.cpp */ = {isa = PBXFileReference; lastKnownFileType = sourcecode.c.cpp; name = b2ContactManager.cpp; path = ../../../src/Box2D/Dynamics/b2ContactManager.cpp; sourceTree = "<group>"; };
		D7AE4B8540EC4DE3B309DCB3 /* b2BroadPhase.cpp */ = {isa = PBXFileReference; lastKnownFileType = sourcecode.c.cpp; name = b2BroadPhase.cpp; path = ../../../src/Box2D/Collision/b2BroadPhase.cpp; sourceTree = "<group>"; };
		D8D7F55B954249F8AABC82F6 /* b2DistanceJoint.h */ = {isa = PBXFileReference; lastKnownFileType = sourcecode.c.h; name = b2DistanceJoint.h; path = ../../../src/Box2D/Dynamics/Joints/b2DistanceJoint.h; sourceTree = "<group>"; };
		D97B735EAD9648529D8EF662 /* b2Rope.h */ = {isa = PBXFileReference; lastKnownFileType = sourcecode.c.h; name = b2Rope.h; path = ../../../src/Box2D/Rope/b2Rope.h; sourceTree = "<group>"; };
		DB2C06BE987D47729FEF2B72 /* b2Math.h */ = {isa = PBXFileReference; lastKnownFileType = sourcecode.c.h; name = b2Math.h; path = ../../../src/Box2D/Common/b2Math.h; sourceTree = "<group>"; };
		DBB00A28998C4C8DB3B3D53E /* b2World.h */ = {isa = PBXFileReference; lastKnownFileType = sourcecode.c.h; name = b2World.h; path = ../../../src/Box2D/Dynamics/b2World.h; sourceTree = "<group>"; };
		DFF91AA08D784636B000DA50 /* b2EdgeShape.h */ = {isa = PBXFileReference; lastKnownFileType = sourcecode.c.h; name = b2EdgeShape.h; path = ../../../src/Box2D/Collision/Shapes/b2EdgeShape.h; sourceTree = "<group>"; };
		E0EAEB0ED2AC4B44A5FB476A /* b2Math.cpp */ = {isa = PBXFileReference; lastKnownFileType = sourcecode.c.cpp; name = b2Math.cpp; path = ../../../src/Box2D/Common/b2Math.cpp; sourceTree = "<group>"; };
		E317B60175C64FC7A46275CC /* b2Shape.h */ = {isa = PBXFileReference; lastKnownFileType = sourcecode.c.h; name = b2Shape.h; path = ../../../src/Box2D/Collision/Shapes/b2Shape.h; sourceTree = "<group>"; };
		E48235081E78440BAA56EB06 /* SimpleControl.cpp */ = {isa = PBXFileReference; lastKnownFileType = sourcecode.c.cpp; name = SimpleControl.cpp; path = ../../../src/sansumbrella/box2d/SimpleControl.cpp; sourceTree = "<group>"; };
		E671A8BF0319437AAD91795F /* b2ContactSolver.cpp */ = {isa = PBXFileReference; lastKnownFileType = sourcecode.c.cpp; name = b2ContactSolver.cpp; path = ../../../src/Box2D/Dynamics/Contacts/b2ContactSolver.cpp; sourceTree = "<group>"; };
		E6D03060F8F94B2A9645B661 /* b2PolygonContact.h */ = {isa = PBXFileReference; lastKnownFileType = sourcecode.c.h; name = b2PolygonContact.h; path = ../../../src/Box2D/Dynamics/Contacts/b2PolygonContact.h; sourceTree = "<group>"; };
		EB3652A3C7AE43CFA1F56EF9 /* b2RopeJoint.cpp */ = {isa = PBXFileReference; lastKnownFileType = sourcecode.c.cpp; name = b2RopeJoint.cpp; path = ../../../src/Box2D/Dynamics/Joints/b2RopeJoint.cpp; sourceTree = "<group>"; };
		EC1E39F5B16D46A099EEC426 /* CustomDrawing_Prefix.pch */ = {isa = PBXFileReference; lastKnownFileType = "\"\""; path = CustomDrawing_Prefix.pch; sourceTree = "<group>"; };
		EE20B875BB7240CABE0B165B /* b2StackAllocator.cpp */ = {isa = PBXFileReference; lastKnownFileType = sourcecode.c.cpp; name = b2StackAllocator.cpp; path = ../../../src/Box2D/Common/b2StackAllocator.cpp; sourceTree = "<group>"; };
		F32E832341864F0788348B69 /* b2PolygonAndCircleContact.cpp */ = {isa = PBXFileReference; lastKnownFileType = sourcecode.c.cpp; name = b2PolygonAndCircleContact.cpp; path = ../../../src/Box2D/Dynamics/Contacts/b2PolygonAndCircleContact.cpp; sourceTree = "<group>"; };
		F393EC8B88C840E6BA7E53EE /* b2EdgeShape.cpp */ = {isa = PBXFileReference; lastKnownFileType = sourcecode.c.cpp; name = b2EdgeShape.cpp; path = ../../../src/Box2D/Collision/Shapes/b2EdgeShape.cpp; sourceTree = "<group>"; };
		F649C3229EB34531AFC4E097 /* b2Body.cpp */ = {isa = PBXFileReference; lastKnownFileType = sourcecode.c.cpp; name = b2Body.cpp; path = ../../../src/Box2D/Dynamics/b2Body.cpp; sourceTree = "<group>"; };
		F7E66ED2E1444D5EA65CD532 /* b2WheelJoint.h */ = {isa = PBXFileReference; lastKnownFileType = sourcecode.c.h; name = b2WheelJoint.h; path = ../../../src/Box2D/Dynamics/Joints/b2WheelJoint.h; sourceTree = "<group>"; };
		FE42A5A81096488390EDBD66 /* b2ChainAndPolygonContact.h */ = {isa = PBXFileReference; lastKnownFileType = sourcecode.c.h; name = b2ChainAndPolygonContact.h; path = ../../../src/Box2D/Dynamics/Contacts/b2ChainAndPolygonContact.h; sourceTree = "<group>"; };
/* End PBXFileReference section */

/* Begin PBXFrameworksBuildPhase section */
		8D11072E0486CEB800E47090 /* Frameworks */ = {
			isa = PBXFrameworksBuildPhase;
			buildActionMask = 2147483647;
			files = (
				1582189519BB8C6C00AAD280 /* AVFoundation.framework in Frameworks */,
				1582189319BB8C6300AAD280 /* CoreMedia.framework in Frameworks */,
				8D11072F0486CEB800E47090 /* Cocoa.framework in Frameworks */,
				0091D8F90E81B9330029341E /* OpenGL.framework in Frameworks */,
				5323E6B20EAFCA74003A9687 /* CoreVideo.framework in Frameworks */,
				5323E6B60EAFCA7E003A9687 /* QTKit.framework in Frameworks */,
				00B784B30FF439BC000DE1D7 /* Accelerate.framework in Frameworks */,
				00B784B40FF439BC000DE1D7 /* AudioToolbox.framework in Frameworks */,
				00B784B50FF439BC000DE1D7 /* AudioUnit.framework in Frameworks */,
				00B784B60FF439BC000DE1D7 /* CoreAudio.framework in Frameworks */,
			);
			runOnlyForDeploymentPostprocessing = 0;
		};
/* End PBXFrameworksBuildPhase section */

/* Begin PBXGroup section */
		01B97315FEAEA392516A2CEA /* Blocks */ = {
			isa = PBXGroup;
			children = (
				AAB421700B3F4CF18BCD6B84 /* sansumbrella Box2D */,
			);
			name = Blocks;
			sourceTree = "<group>";
		};
		080E96DDFE201D6D7F000001 /* Source */ = {
			isa = PBXGroup;
			children = (
				AB52FC3A0D4E4C5C87CF2BF4 /* CustomDrawingApp.cpp */,
			);
			name = Source;
			sourceTree = "<group>";
		};
		1058C7A0FEA54F0111CA2CBB /* Linked Frameworks */ = {
			isa = PBXGroup;
			children = (
				00B784AF0FF439BC000DE1D7 /* Accelerate.framework */,
				00B784B00FF439BC000DE1D7 /* AudioToolbox.framework */,
				00B784B10FF439BC000DE1D7 /* AudioUnit.framework */,
				00B784B20FF439BC000DE1D7 /* CoreAudio.framework */,
				5323E6B50EAFCA7E003A9687 /* QTKit.framework */,
				5323E6B10EAFCA74003A9687 /* CoreVideo.framework */,
				0091D8F80E81B9330029341E /* OpenGL.framework */,
				1058C7A1FEA54F0111CA2CBB /* Cocoa.framework */,
			);
			name = "Linked Frameworks";
			sourceTree = "<group>";
		};
		1058C7A2FEA54F0111CA2CBB /* Other Frameworks */ = {
			isa = PBXGroup;
			children = (
				29B97324FDCFA39411CA2CEA /* AppKit.framework */,
				29B97325FDCFA39411CA2CEA /* Foundation.framework */,
			);
			name = "Other Frameworks";
			sourceTree = "<group>";
		};
		19C28FACFE9D520D11CA2CBB /* Products */ = {
			isa = PBXGroup;
			children = (
				8D1107320486CEB800E47090 /* CustomDrawing.app */,
			);
			name = Products;
			sourceTree = "<group>";
		};
		1DA28174EA724CE797C5093B /* Collision */ = {
			isa = PBXGroup;
			children = (
				D7AE4B8540EC4DE3B309DCB3 /* b2BroadPhase.cpp */,
				3DB6A1237634405AA0892566 /* b2CollideCircle.cpp */,
				B7FE1D4E407D48EDB48CE79F /* b2CollideEdge.cpp */,
				C753575493F342209D0E7688 /* b2CollidePolygon.cpp */,
				2DA2DB1C21B8402D9B255486 /* b2Collision.cpp */,
				8A0BA860BDAD4247AE776F54 /* b2Distance.cpp */,
				10BBDC97CB2D40EAA76C4F02 /* b2DynamicTree.cpp */,
				83DAD244B14A4C75AAF56D3A /* b2TimeOfImpact.cpp */,
				CF9AFE1765244CDBAC6DF933 /* b2BroadPhase.h */,
				5BC03AC568B64362B124E334 /* b2Collision.h */,
				3B8EA42FB426484DB834C25A /* b2Distance.h */,
				5A20E2F145264B2C9F7BBD32 /* b2DynamicTree.h */,
				ACD7843675B2423C91AD7158 /* b2TimeOfImpact.h */,
				75BA946584BC4995A92EB8D9 /* Shapes */,
			);
			name = Collision;
			sourceTree = "<group>";
		};
		29B97314FDCFA39411CA2CEA /* CustomDrawing */ = {
			isa = PBXGroup;
			children = (
				01B97315FEAEA392516A2CEA /* Blocks */,
				29B97315FDCFA39411CA2CEA /* Headers */,
				080E96DDFE201D6D7F000001 /* Source */,
				29B97317FDCFA39411CA2CEA /* Resources */,
				29B97323FDCFA39411CA2CEA /* Frameworks */,
				19C28FACFE9D520D11CA2CBB /* Products */,
			);
			name = CustomDrawing;
			sourceTree = "<group>";
		};
		29B97315FDCFA39411CA2CEA /* Headers */ = {
			isa = PBXGroup;
			children = (
				105DFCC00B3745A7AAE78629 /* Resources.h */,
				EC1E39F5B16D46A099EEC426 /* CustomDrawing_Prefix.pch */,
			);
			name = Headers;
			sourceTree = "<group>";
		};
		29B97317FDCFA39411CA2CEA /* Resources */ = {
			isa = PBXGroup;
			children = (
				5DF4A0B93E9042468AA7C5FD /* CinderApp.icns */,
				C87C2A4339254CBEB5610E75 /* Info.plist */,
			);
			name = Resources;
			sourceTree = "<group>";
		};
		29B97323FDCFA39411CA2CEA /* Frameworks */ = {
			isa = PBXGroup;
			children = (
				1582189419BB8C6C00AAD280 /* AVFoundation.framework */,
				1582189219BB8C6300AAD280 /* CoreMedia.framework */,
				1058C7A0FEA54F0111CA2CBB /* Linked Frameworks */,
				1058C7A2FEA54F0111CA2CBB /* Other Frameworks */,
			);
			name = Frameworks;
			sourceTree = "<group>";
		};
		29BE65FAFA444FC7AFB584EF /* Box2D */ = {
			isa = PBXGroup;
			children = (
				1DA28174EA724CE797C5093B /* Collision */,
				6EDF1BE8FA0D43D289857A9F /* Common */,
				F80748FC2D5D455D90749CED /* Dynamics */,
				C94B244C6E57470EA42BAF54 /* Rope */,
				7C03F1EFA668480DA22752B4 /* Box2d.h */,
			);
			name = Box2D;
			sourceTree = "<group>";
		};
		328426C21CED498289B89606 /* src */ = {
			isa = PBXGroup;
			children = (
				29BE65FAFA444FC7AFB584EF /* Box2D */,
				E94672E2F7A94F47A812623C /* sansumbrella */,
			);
			name = src;
			sourceTree = "<group>";
		};
		67E5C6F9FDCF49D7B503D076 /* Contacts */ = {
			isa = PBXGroup;
			children = (
				5EC9270F9DC54E8EA3E58774 /* b2ChainAndCircleContact.cpp */,
				5B2B211C62484EC4B5EE5F34 /* b2ChainAndPolygonContact.cpp */,
				49DABC3D626B41FE8A178B06 /* b2CircleContact.cpp */,
				48FC04B8C1B945469155E40A /* b2Contact.cpp */,
				E671A8BF0319437AAD91795F /* b2ContactSolver.cpp */,
				437BEF0BD6F1470EA8847922 /* b2EdgeAndCircleContact.cpp */,
				14F2E48F4BB544C7986F6628 /* b2EdgeAndPolygonContact.cpp */,
				F32E832341864F0788348B69 /* b2PolygonAndCircleContact.cpp */,
				5395B28563AA4E19BFF74CBF /* b2PolygonContact.cpp */,
				A3ABFCF8D7674231B29A2D5C /* b2ChainAndCircleContact.h */,
				FE42A5A81096488390EDBD66 /* b2ChainAndPolygonContact.h */,
				CD506308E3504401A134F9F0 /* b2CircleContact.h */,
				AE2F458016B64CDD9A09E5AA /* b2Contact.h */,
				07CDB7313B1744F0862FE785 /* b2ContactSolver.h */,
				5350DF45458241C580523FA0 /* b2EdgeAndCircleContact.h */,
				1C319F1E2FE045C585CBBEF8 /* b2EdgeAndPolygonContact.h */,
				9857FDC8F2904AF5AF1ECABD /* b2PolygonAndCircleContact.h */,
				E6D03060F8F94B2A9645B661 /* b2PolygonContact.h */,
			);
			name = Contacts;
			sourceTree = "<group>";
		};
		6EDF1BE8FA0D43D289857A9F /* Common */ = {
			isa = PBXGroup;
			children = (
				A1651C6DF40F45BF9BC4EB78 /* b2BlockAllocator.cpp */,
				25D7FDE1C1F84DF2BD148850 /* b2Draw.cpp */,
				E0EAEB0ED2AC4B44A5FB476A /* b2Math.cpp */,
				1C2D9A905DF14900838EF22C /* b2Settings.cpp */,
				EE20B875BB7240CABE0B165B /* b2StackAllocator.cpp */,
				A59170F6ADFD4880BAD88A5A /* b2Timer.cpp */,
				1B3F6952F2A945CC824079E1 /* b2BlockAllocator.h */,
				00B2D3C43BA0416AA30976F3 /* b2Draw.h */,
				3BA3EE3FEA5F465C9A34B392 /* b2GrowableStack.h */,
				DB2C06BE987D47729FEF2B72 /* b2Math.h */,
				361F48E469BC434A8744BD54 /* b2Settings.h */,
				456C384979574BFEBF16F5E8 /* b2StackAllocator.h */,
				30AE57D1E449426DA708A423 /* b2Timer.h */,
			);
			name = Common;
			sourceTree = "<group>";
		};
		75BA946584BC4995A92EB8D9 /* Shapes */ = {
			isa = PBXGroup;
			children = (
				7D792EC3CD1F4CEA9184D25A /* b2ChainShape.cpp */,
				7B5DEB64A8FE4AC9A24090EB /* b2CircleShape.cpp */,
				F393EC8B88C840E6BA7E53EE /* b2EdgeShape.cpp */,
				948A7E533AC14933BD5A4431 /* b2PolygonShape.cpp */,
				A39AA2A776BE41FFA4787552 /* b2ChainShape.h */,
				1184290A0B084BA6A62CE79D /* b2CircleShape.h */,
				DFF91AA08D784636B000DA50 /* b2EdgeShape.h */,
				1977EE62056243B2BC97D870 /* b2PolygonShape.h */,
				E317B60175C64FC7A46275CC /* b2Shape.h */,
			);
			name = Shapes;
			sourceTree = "<group>";
		};
		818DB244BE664913B4A35BCE /* Joints */ = {
			isa = PBXGroup;
			children = (
				15C7FE9A1849045B003E4805 /* b2MotorJoint.cpp */,
				7F6C1C6C4E2E45DC8AD7FAB5 /* b2DistanceJoint.cpp */,
				3C19B3463C7D428BAF7CF8EF /* b2FrictionJoint.cpp */,
				C2E46C1CCCD84519B8A3C66D /* b2GearJoint.cpp */,
				75A818D6CFD546458655F8CA /* b2Joint.cpp */,
				42D11518C15A4C2DB70A9BC9 /* b2MouseJoint.cpp */,
				50744AD5B7CC41609B9ACE9B /* b2PrismaticJoint.cpp */,
				9B5443F61ABB4E45AAABE38C /* b2PulleyJoint.cpp */,
				B67EEED615EE47C4B4FC7A44 /* b2RevoluteJoint.cpp */,
				EB3652A3C7AE43CFA1F56EF9 /* b2RopeJoint.cpp */,
				B6758B29CD8C4F2A82DA3385 /* b2WeldJoint.cpp */,
				78922540CC7A4A6A855AF42A /* b2WheelJoint.cpp */,
				D8D7F55B954249F8AABC82F6 /* b2DistanceJoint.h */,
				550B002C29D148BA85AE85AE /* b2FrictionJoint.h */,
				BBFF713222FD4F49B8C5C8D4 /* b2GearJoint.h */,
				8F422249DEAF4215B6E1AAA9 /* b2Joint.h */,
				1439591E48B548CE8A04E506 /* b2MouseJoint.h */,
				A6CB317C7AA846409AEB372E /* b2PrismaticJoint.h */,
				2AA7D48D1BB94A2A8DB3C766 /* b2PulleyJoint.h */,
				BC3CF644A7204EF98F07B224 /* b2RevoluteJoint.h */,
				5464FD31121B4E45B5A7E501 /* b2RopeJoint.h */,
				90948ADE047C4701A377817A /* b2WeldJoint.h */,
				F7E66ED2E1444D5EA65CD532 /* b2WheelJoint.h */,
			);
			name = Joints;
			sourceTree = "<group>";
		};
		AAB421700B3F4CF18BCD6B84 /* sansumbrella Box2D */ = {
			isa = PBXGroup;
			children = (
				328426C21CED498289B89606 /* src */,
			);
			name = "sansumbrella Box2D";
			sourceTree = "<group>";
		};
		C94B244C6E57470EA42BAF54 /* Rope */ = {
			isa = PBXGroup;
			children = (
				5C4A6FAF882D4A78A839541F /* b2Rope.cpp */,
				D97B735EAD9648529D8EF662 /* b2Rope.h */,
			);
			name = Rope;
			sourceTree = "<group>";
		};
		E94672E2F7A94F47A812623C /* sansumbrella */ = {
			isa = PBXGroup;
			children = (
				7D47A210908E45589937A5B2 /* suBox2D.h */,
				FC237CC0AF9A4788A2F2D56B /* box2d */,
			);
			name = sansumbrella;
			sourceTree = "<group>";
		};
		F80748FC2D5D455D90749CED /* Dynamics */ = {
			isa = PBXGroup;
			children = (
				F649C3229EB34531AFC4E097 /* b2Body.cpp */,
				D4EAFDE9747A452C91F7EBDB /* b2ContactManager.cpp */,
				2454DC4BCF8043EC95083107 /* b2Fixture.cpp */,
				B0DED9FC02B642AE94728955 /* b2Island.cpp */,
				C196C5D62DDC40AD8F574226 /* b2World.cpp */,
				6A6CB0648F604A059C9D2D8E /* b2WorldCallbacks.cpp */,
				B655E7C58E8F475EA31407CB /* b2Body.h */,
				8C2F4CD5105C41278C823EBA /* b2ContactManager.h */,
				25C525965B7A443F8983B210 /* b2Fixture.h */,
				2F0B8373A6D8430FB507F18F /* b2Island.h */,
				441F8B05221F41EF97CCD68B /* b2TimeStep.h */,
				DBB00A28998C4C8DB3B3D53E /* b2World.h */,
				C391ED55577B468C950985E4 /* b2WorldCallbacks.h */,
				67E5C6F9FDCF49D7B503D076 /* Contacts */,
				818DB244BE664913B4A35BCE /* Joints */,
			);
			name = Dynamics;
			sourceTree = "<group>";
		};
		FC237CC0AF9A4788A2F2D56B /* box2d */ = {
			isa = PBXGroup;
			children = (
				1582188C19BB8C2300AAD280 /* Common.h */,
				1582188D19BB8C2300AAD280 /* ContactListener.h */,
				1582188E19BB8C2300AAD280 /* Renderer.h */,
				1582188F19BB8C2300AAD280 /* Sandbox.h */,
				1582189019BB8C2300AAD280 /* Scale.h */,
				1582189119BB8C2300AAD280 /* SimpleControl.h */,
				95F8831FDFFC4687ACF058D9 /* Renderer.cpp */,
				4333E4A07D834CB985366F4E /* Sandbox.cpp */,
				A71798480A1A418DA1F4D39A /* Scale.cpp */,
				E48235081E78440BAA56EB06 /* SimpleControl.cpp */,
				15154C75180CE0EF00CF90F9 /* ContactListener.cpp */,
			);
			name = box2d;
			sourceTree = "<group>";
		};
/* End PBXGroup section */

/* Begin PBXNativeTarget section */
		8D1107260486CEB800E47090 /* CustomDrawing */ = {
			isa = PBXNativeTarget;
			buildConfigurationList = C01FCF4A08A954540054247B /* Build configuration list for PBXNativeTarget "CustomDrawing" */;
			buildPhases = (
				8D1107290486CEB800E47090 /* Resources */,
				8D11072C0486CEB800E47090 /* Sources */,
				8D11072E0486CEB800E47090 /* Frameworks */,
			);
			buildRules = (
			);
			dependencies = (
			);
			name = CustomDrawing;
			productInstallPath = "$(HOME)/Applications";
			productName = CustomDrawing;
			productReference = 8D1107320486CEB800E47090 /* CustomDrawing.app */;
			productType = "com.apple.product-type.application";
		};
/* End PBXNativeTarget section */

/* Begin PBXProject section */
		29B97313FDCFA39411CA2CEA /* Project object */ = {
			isa = PBXProject;
			attributes = {
				LastUpgradeCheck = 0510;
			};
			buildConfigurationList = C01FCF4E08A954540054247B /* Build configuration list for PBXProject "CustomDrawing" */;
			compatibilityVersion = "Xcode 3.2";
			developmentRegion = English;
			hasScannedForEncodings = 1;
			knownRegions = (
				English,
				Japanese,
				French,
				German,
			);
			mainGroup = 29B97314FDCFA39411CA2CEA /* CustomDrawing */;
			projectDirPath = "";
			projectRoot = "";
			targets = (
				8D1107260486CEB800E47090 /* CustomDrawing */,
			);
		};
/* End PBXProject section */

/* Begin PBXResourcesBuildPhase section */
		8D1107290486CEB800E47090 /* Resources */ = {
			isa = PBXResourcesBuildPhase;
			buildActionMask = 2147483647;
			files = (
				A2066A49BD834766BD51D9ED /* CinderApp.icns in Resources */,
			);
			runOnlyForDeploymentPostprocessing = 0;
		};
/* End PBXResourcesBuildPhase section */

/* Begin PBXSourcesBuildPhase section */
		8D11072C0486CEB800E47090 /* Sources */ = {
			isa = PBXSourcesBuildPhase;
			buildActionMask = 2147483647;
			files = (
				86DCD3921B9A46B1937C3514 /* CustomDrawingApp.cpp in Sources */,
				28A35CC7F76D4FBEA0EA393D /* b2BroadPhase.cpp in Sources */,
				6A7AF2C31D2B49219E5401ED /* b2CollideCircle.cpp in Sources */,
				116EF9B7B8394E96907E0418 /* b2CollideEdge.cpp in Sources */,
				326890F7D4934842A1131429 /* b2CollidePolygon.cpp in Sources */,
				0E7296E45E474B65B8D02274 /* b2Collision.cpp in Sources */,
				94267E8530A9428D851E5F1C /* b2Distance.cpp in Sources */,
				0BD33CEF6E334805A71B18A6 /* b2DynamicTree.cpp in Sources */,
				5783885BA0AA4191B0C4EEAA /* b2TimeOfImpact.cpp in Sources */,
				6A58DEC1BF034239ABD54D05 /* b2ChainShape.cpp in Sources */,
				C1EC5CEF7BF9400F84BC69A8 /* b2CircleShape.cpp in Sources */,
				6A0B793EB4144179BE8B1F81 /* b2EdgeShape.cpp in Sources */,
				E123E425CC434E59AF9780E1 /* b2PolygonShape.cpp in Sources */,
				94B4AE1D9E404FBFB6A4F382 /* b2BlockAllocator.cpp in Sources */,
				D631899D97174E718D235A71 /* b2Draw.cpp in Sources */,
				531D6125CEED4DAA8FCF9317 /* b2Math.cpp in Sources */,
				59F22E6C571E47B8ABCFBB79 /* b2Settings.cpp in Sources */,
				D91AE454B6654483AC315AA2 /* b2StackAllocator.cpp in Sources */,
				15C7FE9B1849045B003E4805 /* b2MotorJoint.cpp in Sources */,
				342CA903D71F43E2B22CC0C7 /* b2Timer.cpp in Sources */,
				B6B993247D9D4B0CBB1E9F5F /* b2Body.cpp in Sources */,
				BBF3252AFAB44B2B974A02D7 /* b2ContactManager.cpp in Sources */,
				548C005FD9E94BAC911AC0D6 /* b2Fixture.cpp in Sources */,
				1F45D58D94624872B296F863 /* b2Island.cpp in Sources */,
				2E7327D72E1E4933BD11B8B1 /* b2World.cpp in Sources */,
				075F48DC72F641A18B98811C /* b2WorldCallbacks.cpp in Sources */,
				A4374463E9934A83A333A5A3 /* b2ChainAndCircleContact.cpp in Sources */,
				15154C76180CE0EF00CF90F9 /* ContactListener.cpp in Sources */,
				325985EE5E4F45A09B03838B /* b2ChainAndPolygonContact.cpp in Sources */,
				946568D945434F4399204D06 /* b2CircleContact.cpp in Sources */,
				EBA63258A0424BFEB5B863B9 /* b2Contact.cpp in Sources */,
				ED80058F5328419C82B982DD /* b2ContactSolver.cpp in Sources */,
				CC0DD6742EF041FCBC89C15A /* b2EdgeAndCircleContact.cpp in Sources */,
				F281B696121947699D737AE2 /* b2EdgeAndPolygonContact.cpp in Sources */,
				D2B9972887BE45418C92FFB9 /* b2PolygonAndCircleContact.cpp in Sources */,
				0D7F794F28B343A29FDACB11 /* b2PolygonContact.cpp in Sources */,
				F0F83F5218224A2BB49333A6 /* b2DistanceJoint.cpp in Sources */,
				207F55CF0C6B4BFA86607D1F /* b2FrictionJoint.cpp in Sources */,
				206FB09391D44B34AFD93135 /* b2GearJoint.cpp in Sources */,
				47555D709B97440B9905D986 /* b2Joint.cpp in Sources */,
				7F951390EA174D689C128DBD /* b2MouseJoint.cpp in Sources */,
				92D92703C4394CA2803F8AED /* b2PrismaticJoint.cpp in Sources */,
				DE915318B6F248CF9C28C071 /* b2PulleyJoint.cpp in Sources */,
				391B262C24A94A349A054330 /* b2RevoluteJoint.cpp in Sources */,
				EEC75A2247734E7CB4F21ADB /* b2RopeJoint.cpp in Sources */,
				BFCE6654121C4BFA837F6CDE /* b2WeldJoint.cpp in Sources */,
				5BC48929508A4AA4A5745B10 /* b2WheelJoint.cpp in Sources */,
				F3723D9A925E41C592D3FF14 /* b2Rope.cpp in Sources */,
				CEC3C92C1B454F239D608641 /* Renderer.cpp in Sources */,
				BCFCA4556A5646CE86A90F4B /* Sandbox.cpp in Sources */,
				F33123C7AFEC4B5086FCC192 /* Scale.cpp in Sources */,
				B2C1B16F8F01449A81B53E37 /* SimpleControl.cpp in Sources */,
			);
			runOnlyForDeploymentPostprocessing = 0;
		};
/* End PBXSourcesBuildPhase section */

/* Begin XCBuildConfiguration section */
		C01FCF4B08A954540054247B /* Debug */ = {
			isa = XCBuildConfiguration;
			buildSettings = {
				COMBINE_HIDPI_IMAGES = YES;
				COPY_PHASE_STRIP = NO;
				DEAD_CODE_STRIPPING = YES;
				GCC_DYNAMIC_NO_PIC = NO;
				GCC_INLINES_ARE_PRIVATE_EXTERN = YES;
				GCC_OPTIMIZATION_LEVEL = 0;
				GCC_PRECOMPILE_PREFIX_HEADER = YES;
				GCC_PREFIX_HEADER = CustomDrawing_Prefix.pch;
				GCC_PREPROCESSOR_DEFINITIONS = (
					"DEBUG=1",
					"$(inherited)",
				);
				GCC_SYMBOLS_PRIVATE_EXTERN = NO;
				INFOPLIST_FILE = Info.plist;
				INSTALL_PATH = "$(HOME)/Applications";
				OTHER_LDFLAGS = "\"$(CINDER_PATH)/lib/libcinder_d.a\"";
				PRODUCT_NAME = CustomDrawing;
				SYMROOT = ./build;
				WRAPPER_EXTENSION = app;
			};
			name = Debug;
		};
		C01FCF4C08A954540054247B /* Release */ = {
			isa = XCBuildConfiguration;
			buildSettings = {
				COMBINE_HIDPI_IMAGES = YES;
				DEAD_CODE_STRIPPING = YES;
				DEBUG_INFORMATION_FORMAT = "dwarf-with-dsym";
				GCC_FAST_MATH = YES;
				GCC_GENERATE_DEBUGGING_SYMBOLS = NO;
				GCC_INLINES_ARE_PRIVATE_EXTERN = YES;
				GCC_OPTIMIZATION_LEVEL = 3;
				GCC_PRECOMPILE_PREFIX_HEADER = YES;
				GCC_PREFIX_HEADER = CustomDrawing_Prefix.pch;
				GCC_SYMBOLS_PRIVATE_EXTERN = NO;
				INFOPLIST_FILE = Info.plist;
				INSTALL_PATH = "$(HOME)/Applications";
				OTHER_LDFLAGS = "\"$(CINDER_PATH)/lib/libcinder.a\"";
				PRODUCT_NAME = CustomDrawing;
				STRIP_INSTALLED_PRODUCT = YES;
				SYMROOT = ./build;
				WRAPPER_EXTENSION = app;
			};
			name = Release;
		};
		C01FCF4F08A954540054247B /* Debug */ = {
			isa = XCBuildConfiguration;
			buildSettings = {
				ALWAYS_SEARCH_USER_PATHS = NO;
				CINDER_PATH = ../../../../..;
				CLANG_CXX_LANGUAGE_STANDARD = "c++0x";
				CLANG_CXX_LIBRARY = "libc++";
				GCC_WARN_ABOUT_RETURN_TYPE = YES;
				GCC_WARN_UNUSED_VARIABLE = YES;
				HEADER_SEARCH_PATHS = (
					"\"$(CINDER_PATH)/boost\"",
					../../../src,
				);
				MACOSX_DEPLOYMENT_TARGET = 10.7;
				ONLY_ACTIVE_ARCH = YES;
				SDKROOT = macosx;
				USER_HEADER_SEARCH_PATHS = "\"$(CINDER_PATH)/include\" ../include";
			};
			name = Debug;
		};
		C01FCF5008A954540054247B /* Release */ = {
			isa = XCBuildConfiguration;
			buildSettings = {
				ALWAYS_SEARCH_USER_PATHS = NO;
				CINDER_PATH = ../../../../..;
				CLANG_CXX_LANGUAGE_STANDARD = "c++0x";
				CLANG_CXX_LIBRARY = "libc++";
				GCC_WARN_ABOUT_RETURN_TYPE = YES;
				GCC_WARN_UNUSED_VARIABLE = YES;
				HEADER_SEARCH_PATHS = (
					"\"$(CINDER_PATH)/boost\"",
					../../../src,
				);
				MACOSX_DEPLOYMENT_TARGET = 10.7;
				SDKROOT = macosx;
				USER_HEADER_SEARCH_PATHS = "\"$(CINDER_PATH)/include\" ../include";
			};
			name = Release;
		};
/* End XCBuildConfiguration section */

/* Begin XCConfigurationList section */
		C01FCF4A08A954540054247B /* Build configuration list for PBXNativeTarget "CustomDrawing" */ = {
			isa = XCConfigurationList;
			buildConfigurations = (
				C01FCF4B08A954540054247B /* Debug */,
				C01FCF4C08A954540054247B /* Release */,
			);
			defaultConfigurationIsVisible = 0;
			defaultConfigurationName = Release;
		};
		C01FCF4E08A954540054247B /* Build configuration list for PBXProject "CustomDrawing" */ = {
			isa = XCConfigurationList;
			buildConfigurations = (
				C01FCF4F08A954540054247B /* Debug */,
				C01FCF5008A954540054247B /* Release */,
			);
			defaultConfigurationIsVisible = 0;
			defaultConfigurationName = Release;
		};
/* End XCConfigurationList section */
	};
	rootObject = 29B97313FDCFA39411CA2CEA /* Project object */;
}
